
Microsoft Visual Studio Solution File, Format Version 12.00
# Visual Studio 15
VisualStudioVersion = 15.0.27004.2009
MinimumVisualStudioVersion = 10.0.40219.1
Project("{FAE04EC0-301F-11D3-BF4B-00C04F79EFBC}") = "XFPCLFile", "XFPCLFile\XFPCLFile\XFPCLFile.csproj", "{A51D5A71-B128-46CB-B4A1-C9B0D5A3B464}"
EndProject
Project("{FAE04EC0-301F-11D3-BF4B-00C04F79EFBC}") = "XFPCLFile.Android", "XFPCLFile\XFPCLFile.Android\XFPCLFile.Android.csproj", "{DD6C6418-846F-4FBC-A46B-DA4413B70C54}"
EndProject
Project("{FAE04EC0-301F-11D3-BF4B-00C04F79EFBC}") = "XFPCLFile.iOS", "XFPCLFile\XFPCLFile.iOS\XFPCLFile.iOS.csproj", "{708DC929-2491-4383-B256-2ACFF5BD3B75}"
EndProject
Project("{FAE04EC0-301F-11D3-BF4B-00C04F79EFBC}") = "XFPCLFile.UWP", "XFPCLFile\XFPCLFile.UWP\XFPCLFile.UWP.csproj", "{699DCA22-ABB2-4620-AA80-A0BA10D7304D}"
EndProject
Global
	GlobalSection(SolutionConfigurationPlatforms) = preSolution
		Ad-Hoc|Any CPU = Ad-Hoc|Any CPU
		Ad-Hoc|ARM = Ad-Hoc|ARM
		Ad-Hoc|iPhone = Ad-Hoc|iPhone
		Ad-Hoc|iPhoneSimulator = Ad-Hoc|iPhoneSimulator
		Ad-Hoc|x64 = Ad-Hoc|x64
		Ad-Hoc|x86 = Ad-Hoc|x86
		AppStore|Any CPU = AppStore|Any CPU
		AppStore|ARM = AppStore|ARM
		AppStore|iPhone = AppStore|iPhone
		AppStore|iPhoneSimulator = AppStore|iPhoneSimulator
		AppStore|x64 = AppStore|x64
		AppStore|x86 = AppStore|x86
		Debug|Any CPU = Debug|Any CPU
		Debug|ARM = Debug|ARM
		Debug|iPhone = Debug|iPhone
		Debug|iPhoneSimulator = Debug|iPhoneSimulator
		Debug|x64 = Debug|x64
		Debug|x86 = Debug|x86
		Release|Any CPU = Release|Any CPU
		Release|ARM = Release|ARM
		Release|iPhone = Release|iPhone
		Release|iPhoneSimulator = Release|iPhoneSimulator
		Release|x64 = Release|x64
		Release|x86 = Release|x86
	EndGlobalSection
	GlobalSection(ProjectConfigurationPlatforms) = postSolution
		{A51D5A71-B128-46CB-B4A1-C9B0D5A3B464}.Ad-Hoc|Any CPU.ActiveCfg = Debug|Any CPU
		{A51D5A71-B128-46CB-B4A1-C9B0D5A3B464}.Ad-Hoc|Any CPU.Build.0 = Debug|Any CPU
		{A51D5A71-B128-46CB-B4A1-C9B0D5A3B464}.Ad-Hoc|ARM.ActiveCfg = Debug|Any CPU
		{A51D5A71-B128-46CB-B4A1-C9B0D5A3B464}.Ad-Hoc|ARM.Build.0 = Debug|Any CPU
		{A51D5A71-B128-46CB-B4A1-C9B0D5A3B464}.Ad-Hoc|iPhone.ActiveCfg = Debug|Any CPU
		{A51D5A71-B128-46CB-B4A1-C9B0D5A3B464}.Ad-Hoc|iPhone.Build.0 = Debug|Any CPU
		{A51D5A71-B128-46CB-B4A1-C9B0D5A3B464}.Ad-Hoc|iPhoneSimulator.ActiveCfg = Debug|Any CPU
		{A51D5A71-B128-46CB-B4A1-C9B0D5A3B464}.Ad-Hoc|iPhoneSimulator.Build.0 = Debug|Any CPU
		{A51D5A71-B128-46CB-B4A1-C9B0D5A3B464}.Ad-Hoc|x64.ActiveCfg = Debug|Any CPU
		{A51D5A71-B128-46CB-B4A1-C9B0D5A3B464}.Ad-Hoc|x64.Build.0 = Debug|Any CPU
		{A51D5A71-B128-46CB-B4A1-C9B0D5A3B464}.Ad-Hoc|x86.ActiveCfg = Debug|Any CPU
		{A51D5A71-B128-46CB-B4A1-C9B0D5A3B464}.Ad-Hoc|x86.Build.0 = Debug|Any CPU
		{A51D5A71-B128-46CB-B4A1-C9B0D5A3B464}.AppStore|Any CPU.ActiveCfg = Debug|Any CPU
		{A51D5A71-B128-46CB-B4A1-C9B0D5A3B464}.AppStore|Any CPU.Build.0 = Debug|Any CPU
		{A51D5A71-B128-46CB-B4A1-C9B0D5A3B464}.AppStore|ARM.ActiveCfg = Debug|Any CPU
		{A51D5A71-B128-46CB-B4A1-C9B0D5A3B464}.AppStore|ARM.Build.0 = Debug|Any CPU
		{A51D5A71-B128-46CB-B4A1-C9B0D5A3B464}.AppStore|iPhone.ActiveCfg = Debug|Any CPU
		{A51D5A71-B128-46CB-B4A1-C9B0D5A3B464}.AppStore|iPhone.Build.0 = Debug|Any CPU
		{A51D5A71-B128-46CB-B4A1-C9B0D5A3B464}.AppStore|iPhoneSimulator.ActiveCfg = Debug|Any CPU
		{A51D5A71-B128-46CB-B4A1-C9B0D5A3B464}.AppStore|iPhoneSimulator.Build.0 = Debug|Any CPU
		{A51D5A71-B128-46CB-B4A1-C9B0D5A3B464}.AppStore|x64.ActiveCfg = Debug|Any CPU
		{A51D5A71-B128-46CB-B4A1-C9B0D5A3B464}.AppStore|x64.Build.0 = Debug|Any CPU
		{A51D5A71-B128-46CB-B4A1-C9B0D5A3B464}.AppStore|x86.ActiveCfg = Debug|Any CPU
		{A51D5A71-B128-46CB-B4A1-C9B0D5A3B464}.AppStore|x86.Build.0 = Debug|Any CPU
		{A51D5A71-B128-46CB-B4A1-C9B0D5A3B464}.Debug|Any CPU.ActiveCfg = Debug|Any CPU
		{A51D5A71-B128-46CB-B4A1-C9B0D5A3B464}.Debug|Any CPU.Build.0 = Debug|Any CPU
		{A51D5A71-B128-46CB-B4A1-C9B0D5A3B464}.Debug|ARM.ActiveCfg = Debug|Any CPU
		{A51D5A71-B128-46CB-B4A1-C9B0D5A3B464}.Debug|ARM.Build.0 = Debug|Any CPU
		{A51D5A71-B128-46CB-B4A1-C9B0D5A3B464}.Debug|iPhone.ActiveCfg = Debug|Any CPU
		{A51D5A71-B128-46CB-B4A1-C9B0D5A3B464}.Debug|iPhone.Build.0 = Debug|Any CPU
		{A51D5A71-B128-46CB-B4A1-C9B0D5A3B464}.Debug|iPhoneSimulator.ActiveCfg = Debug|Any CPU
		{A51D5A71-B128-46CB-B4A1-C9B0D5A3B464}.Debug|iPhoneSimulator.Build.0 = Debug|Any CPU
		{A51D5A71-B128-46CB-B4A1-C9B0D5A3B464}.Debug|x64.ActiveCfg = Debug|Any CPU
		{A51D5A71-B128-46CB-B4A1-C9B0D5A3B464}.Debug|x64.Build.0 = Debug|Any CPU
		{A51D5A71-B128-46CB-B4A1-C9B0D5A3B464}.Debug|x86.ActiveCfg = Debug|Any CPU
		{A51D5A71-B128-46CB-B4A1-C9B0D5A3B464}.Debug|x86.Build.0 = Debug|Any CPU
		{A51D5A71-B128-46CB-B4A1-C9B0D5A3B464}.Release|Any CPU.ActiveCfg = Release|Any CPU
		{A51D5A71-B128-46CB-B4A1-C9B0D5A3B464}.Release|Any CPU.Build.0 = Release|Any CPU
		{A51D5A71-B128-46CB-B4A1-C9B0D5A3B464}.Release|ARM.ActiveCfg = Release|Any CPU
		{A51D5A71-B128-46CB-B4A1-C9B0D5A3B464}.Release|ARM.Build.0 = Release|Any CPU
		{A51D5A71-B128-46CB-B4A1-C9B0D5A3B464}.Release|iPhone.ActiveCfg = Release|Any CPU
		{A51D5A71-B128-46CB-B4A1-C9B0D5A3B464}.Release|iPhone.Build.0 = Release|Any CPU
		{A51D5A71-B128-46CB-B4A1-C9B0D5A3B464}.Release|iPhoneSimulator.ActiveCfg = Release|Any CPU
		{A51D5A71-B128-46CB-B4A1-C9B0D5A3B464}.Release|iPhoneSimulator.Build.0 = Release|Any CPU
		{A51D5A71-B128-46CB-B4A1-C9B0D5A3B464}.Release|x64.ActiveCfg = Release|Any CPU
		{A51D5A71-B128-46CB-B4A1-C9B0D5A3B464}.Release|x64.Build.0 = Release|Any CPU
		{A51D5A71-B128-46CB-B4A1-C9B0D5A3B464}.Release|x86.ActiveCfg = Release|Any CPU
		{A51D5A71-B128-46CB-B4A1-C9B0D5A3B464}.Release|x86.Build.0 = Release|Any CPU
		{DD6C6418-846F-4FBC-A46B-DA4413B70C54}.Ad-Hoc|Any CPU.ActiveCfg = Release|Any CPU
		{DD6C6418-846F-4FBC-A46B-DA4413B70C54}.Ad-Hoc|Any CPU.Build.0 = Release|Any CPU
		{DD6C6418-846F-4FBC-A46B-DA4413B70C54}.Ad-Hoc|Any CPU.Deploy.0 = Release|Any CPU
		{DD6C6418-846F-4FBC-A46B-DA4413B70C54}.Ad-Hoc|ARM.ActiveCfg = Release|Any CPU
		{DD6C6418-846F-4FBC-A46B-DA4413B70C54}.Ad-Hoc|ARM.Build.0 = Release|Any CPU
		{DD6C6418-846F-4FBC-A46B-DA4413B70C54}.Ad-Hoc|ARM.Deploy.0 = Release|Any CPU
		{DD6C6418-846F-4FBC-A46B-DA4413B70C54}.Ad-Hoc|iPhone.ActiveCfg = Release|Any CPU
		{DD6C6418-846F-4FBC-A46B-DA4413B70C54}.Ad-Hoc|iPhone.Build.0 = Release|Any CPU
		{DD6C6418-846F-4FBC-A46B-DA4413B70C54}.Ad-Hoc|iPhone.Deploy.0 = Release|Any CPU
		{DD6C6418-846F-4FBC-A46B-DA4413B70C54}.Ad-Hoc|iPhoneSimulator.ActiveCfg = Release|Any CPU
		{DD6C6418-846F-4FBC-A46B-DA4413B70C54}.Ad-Hoc|iPhoneSimulator.Build.0 = Release|Any CPU
		{DD6C6418-846F-4FBC-A46B-DA4413B70C54}.Ad-Hoc|iPhoneSimulator.Deploy.0 = Release|Any CPU
		{DD6C6418-846F-4FBC-A46B-DA4413B70C54}.Ad-Hoc|x64.ActiveCfg = Release|Any CPU
		{DD6C6418-846F-4FBC-A46B-DA4413B70C54}.Ad-Hoc|x64.Build.0 = Release|Any CPU
		{DD6C6418-846F-4FBC-A46B-DA4413B70C54}.Ad-Hoc|x64.Deploy.0 = Release|Any CPU
		{DD6C6418-846F-4FBC-A46B-DA4413B70C54}.Ad-Hoc|x86.ActiveCfg = Release|Any CPU
		{DD6C6418-846F-4FBC-A46B-DA4413B70C54}.Ad-Hoc|x86.Build.0 = Release|Any CPU
		{DD6C6418-846F-4FBC-A46B-DA4413B70C54}.Ad-Hoc|x86.Deploy.0 = Release|Any CPU
		{DD6C6418-846F-4FBC-A46B-DA4413B70C54}.AppStore|Any CPU.ActiveCfg = Release|Any CPU
		{DD6C6418-846F-4FBC-A46B-DA4413B70C54}.AppStore|Any CPU.Build.0 = Release|Any CPU
		{DD6C6418-846F-4FBC-A46B-DA4413B70C54}.AppStore|Any CPU.Deploy.0 = Release|Any CPU
		{DD6C6418-846F-4FBC-A46B-DA4413B70C54}.AppStore|ARM.ActiveCfg = Release|Any CPU
		{DD6C6418-846F-4FBC-A46B-DA4413B70C54}.AppStore|ARM.Build.0 = Release|Any CPU
		{DD6C6418-846F-4FBC-A46B-DA4413B70C54}.AppStore|ARM.Deploy.0 = Release|Any CPU
		{DD6C6418-846F-4FBC-A46B-DA4413B70C54}.AppStore|iPhone.ActiveCfg = Release|Any CPU
		{DD6C6418-846F-4FBC-A46B-DA4413B70C54}.AppStore|iPhone.Build.0 = Release|Any CPU
		{DD6C6418-846F-4FBC-A46B-DA4413B70C54}.AppStore|iPhone.Deploy.0 = Release|Any CPU
		{DD6C6418-846F-4FBC-A46B-DA4413B70C54}.AppStore|iPhoneSimulator.ActiveCfg = Release|Any CPU
		{DD6C6418-846F-4FBC-A46B-DA4413B70C54}.AppStore|iPhoneSimulator.Build.0 = Release|Any CPU
		{DD6C6418-846F-4FBC-A46B-DA4413B70C54}.AppStore|iPhoneSimulator.Deploy.0 = Release|Any CPU
		{DD6C6418-846F-4FBC-A46B-DA4413B70C54}.AppStore|x64.ActiveCfg = Release|Any CPU
		{DD6C6418-846F-4FBC-A46B-DA4413B70C54}.AppStore|x64.Build.0 = Release|Any CPU
		{DD6C6418-846F-4FBC-A46B-DA4413B70C54}.AppStore|x64.Deploy.0 = Release|Any CPU
		{DD6C6418-846F-4FBC-A46B-DA4413B70C54}.AppStore|x86.ActiveCfg = Release|Any CPU
		{DD6C6418-846F-4FBC-A46B-DA4413B70C54}.AppStore|x86.Build.0 = Release|Any CPU
		{DD6C6418-846F-4FBC-A46B-DA4413B70C54}.AppStore|x86.Deploy.0 = Release|Any CPU
		{DD6C6418-846F-4FBC-A46B-DA4413B70C54}.Debug|Any CPU.ActiveCfg = Debug|Any CPU
		{DD6C6418-846F-4FBC-A46B-DA4413B70C54}.Debug|Any CPU.Build.0 = Debug|Any CPU
		{DD6C6418-846F-4FBC-A46B-DA4413B70C54}.Debug|Any CPU.Deploy.0 = Debug|Any CPU
		{DD6C6418-846F-4FBC-A46B-DA4413B70C54}.Debug|ARM.ActiveCfg = Debug|Any CPU
		{DD6C6418-846F-4FBC-A46B-DA4413B70C54}.Debug|ARM.Build.0 = Debug|Any CPU
		{DD6C6418-846F-4FBC-A46B-DA4413B70C54}.Debug|ARM.Deploy.0 = Debug|Any CPU
		{DD6C6418-846F-4FBC-A46B-DA4413B70C54}.Debug|iPhone.ActiveCfg = Debug|Any CPU
		{DD6C6418-846F-4FBC-A46B-DA4413B70C54}.Debug|iPhone.Build.0 = Debug|Any CPU
		{DD6C6418-846F-4FBC-A46B-DA4413B70C54}.Debug|iPhone.Deploy.0 = Debug|Any CPU
		{DD6C6418-846F-4FBC-A46B-DA4413B70C54}.Debug|iPhoneSimulator.ActiveCfg = Debug|Any CPU
		{DD6C6418-846F-4FBC-A46B-DA4413B70C54}.Debug|iPhoneSimulator.Build.0 = Debug|Any CPU
		{DD6C6418-846F-4FBC-A46B-DA4413B70C54}.Debug|iPhoneSimulator.Deploy.0 = Debug|Any CPU
		{DD6C6418-846F-4FBC-A46B-DA4413B70C54}.Debug|x64.ActiveCfg = Debug|Any CPU
		{DD6C6418-846F-4FBC-A46B-DA4413B70C54}.Debug|x64.Build.0 = Debug|Any CPU
		{DD6C6418-846F-4FBC-A46B-DA4413B70C54}.Debug|x64.Deploy.0 = Debug|Any CPU
		{DD6C6418-846F-4FBC-A46B-DA4413B70C54}.Debug|x86.ActiveCfg = Debug|Any CPU
		{DD6C6418-846F-4FBC-A46B-DA4413B70C54}.Debug|x86.Build.0 = Debug|Any CPU
		{DD6C6418-846F-4FBC-A46B-DA4413B70C54}.Debug|x86.Deploy.0 = Debug|Any CPU
		{DD6C6418-846F-4FBC-A46B-DA4413B70C54}.Release|Any CPU.ActiveCfg = Release|Any CPU
		{DD6C6418-846F-4FBC-A46B-DA4413B70C54}.Release|Any CPU.Build.0 = Release|Any CPU
		{DD6C6418-846F-4FBC-A46B-DA4413B70C54}.Release|Any CPU.Deploy.0 = Release|Any CPU
		{DD6C6418-846F-4FBC-A46B-DA4413B70C54}.Release|ARM.ActiveCfg = Release|Any CPU
		{DD6C6418-846F-4FBC-A46B-DA4413B70C54}.Release|ARM.Build.0 = Release|Any CPU
		{DD6C6418-846F-4FBC-A46B-DA4413B70C54}.Release|ARM.Deploy.0 = Release|Any CPU
		{DD6C6418-846F-4FBC-A46B-DA4413B70C54}.Release|iPhone.ActiveCfg = Release|Any CPU
		{DD6C6418-846F-4FBC-A46B-DA4413B70C54}.Release|iPhone.Build.0 = Release|Any CPU
		{DD6C6418-846F-4FBC-A46B-DA4413B70C54}.Release|iPhone.Deploy.0 = Release|Any CPU
		{DD6C6418-846F-4FBC-A46B-DA4413B70C54}.Release|iPhoneSimulator.ActiveCfg = Release|Any CPU
		{DD6C6418-846F-4FBC-A46B-DA4413B70C54}.Release|iPhoneSimulator.Build.0 = Release|Any CPU
		{DD6C6418-846F-4FBC-A46B-DA4413B70C54}.Release|iPhoneSimulator.Deploy.0 = Release|Any CPU
		{DD6C6418-846F-4FBC-A46B-DA4413B70C54}.Release|x64.ActiveCfg = Release|Any CPU
		{DD6C6418-846F-4FBC-A46B-DA4413B70C54}.Release|x64.Build.0 = Release|Any CPU
		{DD6C6418-846F-4FBC-A46B-DA4413B70C54}.Release|x64.Deploy.0 = Release|Any CPU
		{DD6C6418-846F-4FBC-A46B-DA4413B70C54}.Release|x86.ActiveCfg = Release|Any CPU
		{DD6C6418-846F-4FBC-A46B-DA4413B70C54}.Release|x86.Build.0 = Release|Any CPU
		{DD6C6418-846F-4FBC-A46B-DA4413B70C54}.Release|x86.Deploy.0 = Release|Any CPU
		{708DC929-2491-4383-B256-2ACFF5BD3B75}.Ad-Hoc|Any CPU.ActiveCfg = Ad-Hoc|iPhone
		{708DC929-2491-4383-B256-2ACFF5BD3B75}.Ad-Hoc|ARM.ActiveCfg = Ad-Hoc|iPhone
		{708DC929-2491-4383-B256-2ACFF5BD3B75}.Ad-Hoc|iPhone.ActiveCfg = Ad-Hoc|iPhone
		{708DC929-2491-4383-B256-2ACFF5BD3B75}.Ad-Hoc|iPhone.Build.0 = Ad-Hoc|iPhone
		{708DC929-2491-4383-B256-2ACFF5BD3B75}.Ad-Hoc|iPhoneSimulator.ActiveCfg = Ad-Hoc|iPhoneSimulator
		{708DC929-2491-4383-B256-2ACFF5BD3B75}.Ad-Hoc|iPhoneSimulator.Build.0 = Ad-Hoc|iPhoneSimulator
		{708DC929-2491-4383-B256-2ACFF5BD3B75}.Ad-Hoc|x64.ActiveCfg = Ad-Hoc|iPhone
		{708DC929-2491-4383-B256-2ACFF5BD3B75}.Ad-Hoc|x86.ActiveCfg = Ad-Hoc|iPhone
		{708DC929-2491-4383-B256-2ACFF5BD3B75}.AppStore|Any CPU.ActiveCfg = AppStore|iPhone
		{708DC929-2491-4383-B256-2ACFF5BD3B75}.AppStore|ARM.ActiveCfg = AppStore|iPhone
		{708DC929-2491-4383-B256-2ACFF5BD3B75}.AppStore|iPhone.ActiveCfg = AppStore|iPhone
		{708DC929-2491-4383-B256-2ACFF5BD3B75}.AppStore|iPhone.Build.0 = AppStore|iPhone
		{708DC929-2491-4383-B256-2ACFF5BD3B75}.AppStore|iPhoneSimulator.ActiveCfg = AppStore|iPhoneSimulator
		{708DC929-2491-4383-B256-2ACFF5BD3B75}.AppStore|iPhoneSimulator.Build.0 = AppStore|iPhoneSimulator
		{708DC929-2491-4383-B256-2ACFF5BD3B75}.AppStore|x64.ActiveCfg = AppStore|iPhone
		{708DC929-2491-4383-B256-2ACFF5BD3B75}.AppStore|x86.ActiveCfg = AppStore|iPhone
		{708DC929-2491-4383-B256-2ACFF5BD3B75}.Debug|Any CPU.ActiveCfg = Debug|iPhone
		{708DC929-2491-4383-B256-2ACFF5BD3B75}.Debug|ARM.ActiveCfg = Debug|iPhone
		{708DC929-2491-4383-B256-2ACFF5BD3B75}.Debug|iPhone.ActiveCfg = Debug|iPhone
		{708DC929-2491-4383-B256-2ACFF5BD3B75}.Debug|iPhone.Build.0 = Debug|iPhone
		{708DC929-2491-4383-B256-2ACFF5BD3B75}.Debug|iPhoneSimulator.ActiveCfg = Debug|iPhoneSimulator
		{708DC929-2491-4383-B256-2ACFF5BD3B75}.Debug|iPhoneSimulator.Build.0 = Debug|iPhoneSimulator
		{708DC929-2491-4383-B256-2ACFF5BD3B75}.Debug|x64.ActiveCfg = Debug|iPhone
		{708DC929-2491-4383-B256-2ACFF5BD3B75}.Debug|x86.ActiveCfg = Debug|iPhone
		{708DC929-2491-4383-B256-2ACFF5BD3B75}.Release|Any CPU.ActiveCfg = Release|iPhone
		{708DC929-2491-4383-B256-2ACFF5BD3B75}.Release|ARM.ActiveCfg = Release|iPhone
		{708DC929-2491-4383-B256-2ACFF5BD3B75}.Release|iPhone.ActiveCfg = Release|iPhone
		{708DC929-2491-4383-B256-2ACFF5BD3B75}.Release|iPhone.Build.0 = Release|iPhone
		{708DC929-2491-4383-B256-2ACFF5BD3B75}.Release|iPhoneSimulator.ActiveCfg = Release|iPhoneSimulator
		{708DC929-2491-4383-B256-2ACFF5BD3B75}.Release|iPhoneSimulator.Build.0 = Release|iPhoneSimulator
		{708DC929-2491-4383-B256-2ACFF5BD3B75}.Release|x64.ActiveCfg = Release|iPhone
		{708DC929-2491-4383-B256-2ACFF5BD3B75}.Release|x86.ActiveCfg = Release|iPhone
		{699DCA22-ABB2-4620-AA80-A0BA10D7304D}.Ad-Hoc|Any CPU.ActiveCfg = Release|x86
		{699DCA22-ABB2-4620-AA80-A0BA10D7304D}.Ad-Hoc|Any CPU.Build.0 = Release|x86
		{699DCA22-ABB2-4620-AA80-A0BA10D7304D}.Ad-Hoc|Any CPU.Deploy.0 = Release|x86
		{699DCA22-ABB2-4620-AA80-A0BA10D7304D}.Ad-Hoc|ARM.ActiveCfg = Release|ARM
		{699DCA22-ABB2-4620-AA80-A0BA10D7304D}.Ad-Hoc|ARM.Build.0 = Release|ARM
		{699DCA22-ABB2-4620-AA80-A0BA10D7304D}.Ad-Hoc|ARM.Deploy.0 = Release|ARM
		{699DCA22-ABB2-4620-AA80-A0BA10D7304D}.Ad-Hoc|iPhone.ActiveCfg = Release|x86
		{699DCA22-ABB2-4620-AA80-A0BA10D7304D}.Ad-Hoc|iPhone.Build.0 = Release|x86
		{699DCA22-ABB2-4620-AA80-A0BA10D7304D}.Ad-Hoc|iPhone.Deploy.0 = Release|x86
		{699DCA22-ABB2-4620-AA80-A0BA10D7304D}.Ad-Hoc|iPhoneSimulator.ActiveCfg = Release|x86
		{699DCA22-ABB2-4620-AA80-A0BA10D7304D}.Ad-Hoc|iPhoneSimulator.Build.0 = Release|x86
		{699DCA22-ABB2-4620-AA80-A0BA10D7304D}.Ad-Hoc|iPhoneSimulator.Deploy.0 = Release|x86
		{699DCA22-ABB2-4620-AA80-A0BA10D7304D}.Ad-Hoc|x64.ActiveCfg = Release|x64
		{699DCA22-ABB2-4620-AA80-A0BA10D7304D}.Ad-Hoc|x64.Build.0 = Release|x64
		{699DCA22-ABB2-4620-AA80-A0BA10D7304D}.Ad-Hoc|x64.Deploy.0 = Release|x64
		{699DCA22-ABB2-4620-AA80-A0BA10D7304D}.Ad-Hoc|x86.ActiveCfg = Release|x86
		{699DCA22-ABB2-4620-AA80-A0BA10D7304D}.Ad-Hoc|x86.Build.0 = Release|x86
		{699DCA22-ABB2-4620-AA80-A0BA10D7304D}.Ad-Hoc|x86.Deploy.0 = Release|x86
		{699DCA22-ABB2-4620-AA80-A0BA10D7304D}.AppStore|Any CPU.ActiveCfg = Release|x86
		{699DCA22-ABB2-4620-AA80-A0BA10D7304D}.AppStore|Any CPU.Build.0 = Release|x86
		{699DCA22-ABB2-4620-AA80-A0BA10D7304D}.AppStore|Any CPU.Deploy.0 = Release|x86
		{699DCA22-ABB2-4620-AA80-A0BA10D7304D}.AppStore|ARM.ActiveCfg = Release|ARM
		{699DCA22-ABB2-4620-AA80-A0BA10D7304D}.AppStore|ARM.Build.0 = Release|ARM
		{699DCA22-ABB2-4620-AA80-A0BA10D7304D}.AppStore|ARM.Deploy.0 = Release|ARM
		{699DCA22-ABB2-4620-AA80-A0BA10D7304D}.AppStore|iPhone.ActiveCfg = Release|x86
		{699DCA22-ABB2-4620-AA80-A0BA10D7304D}.AppStore|iPhone.Build.0 = Release|x86
		{699DCA22-ABB2-4620-AA80-A0BA10D7304D}.AppStore|iPhone.Deploy.0 = Release|x86
		{699DCA22-ABB2-4620-AA80-A0BA10D7304D}.AppStore|iPhoneSimulator.ActiveCfg = Release|x86
		{699DCA22-ABB2-4620-AA80-A0BA10D7304D}.AppStore|iPhoneSimulator.Build.0 = Release|x86
		{699DCA22-ABB2-4620-AA80-A0BA10D7304D}.AppStore|iPhoneSimulator.Deploy.0 = Release|x86
		{699DCA22-ABB2-4620-AA80-A0BA10D7304D}.AppStore|x64.ActiveCfg = Release|x64
		{699DCA22-ABB2-4620-AA80-A0BA10D7304D}.AppStore|x64.Build.0 = Release|x64
		{699DCA22-ABB2-4620-AA80-A0BA10D7304D}.AppStore|x64.Deploy.0 = Release|x64
		{699DCA22-ABB2-4620-AA80-A0BA10D7304D}.AppStore|x86.ActiveCfg = Release|x86
		{699DCA22-ABB2-4620-AA80-A0BA10D7304D}.AppStore|x86.Build.0 = Release|x86
		{699DCA22-ABB2-4620-AA80-A0BA10D7304D}.AppStore|x86.Deploy.0 = Release|x86
		{699DCA22-ABB2-4620-AA80-A0BA10D7304D}.Debug|Any CPU.ActiveCfg = Debug|x86
		{699DCA22-ABB2-4620-AA80-A0BA10D7304D}.Debug|ARM.ActiveCfg = Debug|ARM
		{699DCA22-ABB2-4620-AA80-A0BA10D7304D}.Debug|ARM.Build.0 = Debug|ARM
		{699DCA22-ABB2-4620-AA80-A0BA10D7304D}.Debug|ARM.Deploy.0 = Debug|ARM
		{699DCA22-ABB2-4620-AA80-A0BA10D7304D}.Debug|iPhone.ActiveCfg = Debug|x86
		{699DCA22-ABB2-4620-AA80-A0BA10D7304D}.Debug|iPhoneSimulator.ActiveCfg = Debug|x86
		{699DCA22-ABB2-4620-AA80-A0BA10D7304D}.Debug|x64.ActiveCfg = Debug|x64
		{699DCA22-ABB2-4620-AA80-A0BA10D7304D}.Debug|x64.Build.0 = Debug|x64
		{699DCA22-ABB2-4620-AA80-A0BA10D7304D}.Debug|x64.Deploy.0 = Debug|x64
		{699DCA22-ABB2-4620-AA80-A0BA10D7304D}.Debug|x86.ActiveCfg = Debug|x86
		{699DCA22-ABB2-4620-AA80-A0BA10D7304D}.Debug|x86.Build.0 = Debug|x86
		{699DCA22-ABB2-4620-AA80-A0BA10D7304D}.Debug|x86.Deploy.0 = Debug|x86
		{699DCA22-ABB2-4620-AA80-A0BA10D7304D}.Release|Any CPU.ActiveCfg = Release|x86
		{699DCA22-ABB2-4620-AA80-A0BA10D7304D}.Release|ARM.ActiveCfg = Release|ARM
		{699DCA22-ABB2-4620-AA80-A0BA10D7304D}.Release|ARM.Build.0 = Release|ARM
		{699DCA22-ABB2-4620-AA80-A0BA10D7304D}.Release|ARM.Deploy.0 = Release|ARM
		{699DCA22-ABB2-4620-AA80-A0BA10D7304D}.Release|iPhone.ActiveCfg = Release|x86
		{699DCA22-ABB2-4620-AA80-A0BA10D7304D}.Release|iPhoneSimulator.ActiveCfg = Release|x86
		{699DCA22-ABB2-4620-AA80-A0BA10D7304D}.Release|x64.ActiveCfg = Release|x64
		{699DCA22-ABB2-4620-AA80-A0BA10D7304D}.Release|x64.Build.0 = Release|x64
		{699DCA22-ABB2-4620-AA80-A0BA10D7304D}.Release|x64.Deploy.0 = Release|x64
		{699DCA22-ABB2-4620-AA80-A0BA10D7304D}.Release|x86.ActiveCfg = Release|x86
		{699DCA22-ABB2-4620-AA80-A0BA10D7304D}.Release|x86.Build.0 = Release|x86
		{699DCA22-ABB2-4620-AA80-A0BA10D7304D}.Release|x86.Deploy.0 = Release|x86
	EndGlobalSection
	GlobalSection(SolutionProperties) = preSolution
		HideSolutionNode = FALSE
	EndGlobalSection
	GlobalSection(ExtensibilityGlobals) = postSolution
		SolutionGuid = {868B760C-5F64-48E8-9FFD-6127397AA09A}
	EndGlobalSection
EndGlobal
