
Microsoft Visual Studio Solution File, Format Version 12.00
# Visual Studio 15
VisualStudioVersion = 15.0.27004.2009
MinimumVisualStudioVersion = 10.0.40219.1
Project("{FAE04EC0-301F-11D3-BF4B-00C04F79EFBC}") = "XFCanExcute2", "XFCanExcute2\XFCanExcute2\XFCanExcute2.csproj", "{C36767F3-5815-4E58-9862-243D36E75F1B}"
EndProject
Project("{FAE04EC0-301F-11D3-BF4B-00C04F79EFBC}") = "XFCanExcute2.Android", "XFCanExcute2\XFCanExcute2.Android\XFCanExcute2.Android.csproj", "{897DA0C0-887B-4C8D-96E6-7E01AA0E7C44}"
EndProject
Global
	GlobalSection(SolutionConfigurationPlatforms) = preSolution
		Debug|Any CPU = Debug|Any CPU
		Release|Any CPU = Release|Any CPU
	EndGlobalSection
	GlobalSection(ProjectConfigurationPlatforms) = postSolution
		{C36767F3-5815-4E58-9862-243D36E75F1B}.Debug|Any CPU.ActiveCfg = Debug|Any CPU
		{C36767F3-5815-4E58-9862-243D36E75F1B}.Debug|Any CPU.Build.0 = Debug|Any CPU
		{C36767F3-5815-4E58-9862-243D36E75F1B}.Release|Any CPU.ActiveCfg = Release|Any CPU
		{C36767F3-5815-4E58-9862-243D36E75F1B}.Release|Any CPU.Build.0 = Release|Any CPU
		{897DA0C0-887B-4C8D-96E6-7E01AA0E7C44}.Debug|Any CPU.ActiveCfg = Debug|Any CPU
		{897DA0C0-887B-4C8D-96E6-7E01AA0E7C44}.Debug|Any CPU.Build.0 = Debug|Any CPU
		{897DA0C0-887B-4C8D-96E6-7E01AA0E7C44}.Debug|Any CPU.Deploy.0 = Debug|Any CPU
		{897DA0C0-887B-4C8D-96E6-7E01AA0E7C44}.Release|Any CPU.ActiveCfg = Release|Any CPU
		{897DA0C0-887B-4C8D-96E6-7E01AA0E7C44}.Release|Any CPU.Build.0 = Release|Any CPU
		{897DA0C0-887B-4C8D-96E6-7E01AA0E7C44}.Release|Any CPU.Deploy.0 = Release|Any CPU
	EndGlobalSection
	GlobalSection(SolutionProperties) = preSolution
		HideSolutionNode = FALSE
	EndGlobalSection
	GlobalSection(ExtensibilityGlobals) = postSolution
		SolutionGuid = {A9986CB5-3338-4750-9686-721DA0551473}
	EndGlobalSection
EndGlobal
