
Microsoft Visual Studio Solution File, Format Version 12.00
# Visual Studio 15
VisualStudioVersion = 15.0.27004.2009
MinimumVisualStudioVersion = 10.0.40219.1
Project("{FAE04EC0-301F-11D3-BF4B-00C04F79EFBC}") = "XFNavi", "XFNavi\XFNavi\XFNavi.csproj", "{42F5CF12-A47E-49F5-A2DA-67E7F1AF1808}"
EndProject
Project("{FAE04EC0-301F-11D3-BF4B-00C04F79EFBC}") = "XFNavi.Android", "XFNavi\XFNavi.Android\XFNavi.Android.csproj", "{6C566A3D-8595-4400-9443-9F8277D76491}"
EndProject
Project("{FAE04EC0-301F-11D3-BF4B-00C04F79EFBC}") = "XFNavi.iOS", "XFNavi\XFNavi.iOS\XFNavi.iOS.csproj", "{1DB17521-E349-4672-ADAF-45A8FB36282B}"
EndProject
Global
	GlobalSection(SolutionConfigurationPlatforms) = preSolution
		Ad-Hoc|Any CPU = Ad-Hoc|Any CPU
		Ad-Hoc|iPhone = Ad-Hoc|iPhone
		Ad-Hoc|iPhoneSimulator = Ad-Hoc|iPhoneSimulator
		AppStore|Any CPU = AppStore|Any CPU
		AppStore|iPhone = AppStore|iPhone
		AppStore|iPhoneSimulator = AppStore|iPhoneSimulator
		Debug|Any CPU = Debug|Any CPU
		Debug|iPhone = Debug|iPhone
		Debug|iPhoneSimulator = Debug|iPhoneSimulator
		Release|Any CPU = Release|Any CPU
		Release|iPhone = Release|iPhone
		Release|iPhoneSimulator = Release|iPhoneSimulator
	EndGlobalSection
	GlobalSection(ProjectConfigurationPlatforms) = postSolution
		{42F5CF12-A47E-49F5-A2DA-67E7F1AF1808}.Ad-Hoc|Any CPU.ActiveCfg = Debug|Any CPU
		{42F5CF12-A47E-49F5-A2DA-67E7F1AF1808}.Ad-Hoc|Any CPU.Build.0 = Debug|Any CPU
		{42F5CF12-A47E-49F5-A2DA-67E7F1AF1808}.Ad-Hoc|iPhone.ActiveCfg = Debug|Any CPU
		{42F5CF12-A47E-49F5-A2DA-67E7F1AF1808}.Ad-Hoc|iPhone.Build.0 = Debug|Any CPU
		{42F5CF12-A47E-49F5-A2DA-67E7F1AF1808}.Ad-Hoc|iPhoneSimulator.ActiveCfg = Debug|Any CPU
		{42F5CF12-A47E-49F5-A2DA-67E7F1AF1808}.Ad-Hoc|iPhoneSimulator.Build.0 = Debug|Any CPU
		{42F5CF12-A47E-49F5-A2DA-67E7F1AF1808}.AppStore|Any CPU.ActiveCfg = Debug|Any CPU
		{42F5CF12-A47E-49F5-A2DA-67E7F1AF1808}.AppStore|Any CPU.Build.0 = Debug|Any CPU
		{42F5CF12-A47E-49F5-A2DA-67E7F1AF1808}.AppStore|iPhone.ActiveCfg = Debug|Any CPU
		{42F5CF12-A47E-49F5-A2DA-67E7F1AF1808}.AppStore|iPhone.Build.0 = Debug|Any CPU
		{42F5CF12-A47E-49F5-A2DA-67E7F1AF1808}.AppStore|iPhoneSimulator.ActiveCfg = Debug|Any CPU
		{42F5CF12-A47E-49F5-A2DA-67E7F1AF1808}.AppStore|iPhoneSimulator.Build.0 = Debug|Any CPU
		{42F5CF12-A47E-49F5-A2DA-67E7F1AF1808}.Debug|Any CPU.ActiveCfg = Debug|Any CPU
		{42F5CF12-A47E-49F5-A2DA-67E7F1AF1808}.Debug|Any CPU.Build.0 = Debug|Any CPU
		{42F5CF12-A47E-49F5-A2DA-67E7F1AF1808}.Debug|iPhone.ActiveCfg = Debug|Any CPU
		{42F5CF12-A47E-49F5-A2DA-67E7F1AF1808}.Debug|iPhone.Build.0 = Debug|Any CPU
		{42F5CF12-A47E-49F5-A2DA-67E7F1AF1808}.Debug|iPhoneSimulator.ActiveCfg = Debug|Any CPU
		{42F5CF12-A47E-49F5-A2DA-67E7F1AF1808}.Debug|iPhoneSimulator.Build.0 = Debug|Any CPU
		{42F5CF12-A47E-49F5-A2DA-67E7F1AF1808}.Release|Any CPU.ActiveCfg = Release|Any CPU
		{42F5CF12-A47E-49F5-A2DA-67E7F1AF1808}.Release|Any CPU.Build.0 = Release|Any CPU
		{42F5CF12-A47E-49F5-A2DA-67E7F1AF1808}.Release|iPhone.ActiveCfg = Release|Any CPU
		{42F5CF12-A47E-49F5-A2DA-67E7F1AF1808}.Release|iPhone.Build.0 = Release|Any CPU
		{42F5CF12-A47E-49F5-A2DA-67E7F1AF1808}.Release|iPhoneSimulator.ActiveCfg = Release|Any CPU
		{42F5CF12-A47E-49F5-A2DA-67E7F1AF1808}.Release|iPhoneSimulator.Build.0 = Release|Any CPU
		{6C566A3D-8595-4400-9443-9F8277D76491}.Ad-Hoc|Any CPU.ActiveCfg = Release|Any CPU
		{6C566A3D-8595-4400-9443-9F8277D76491}.Ad-Hoc|Any CPU.Build.0 = Release|Any CPU
		{6C566A3D-8595-4400-9443-9F8277D76491}.Ad-Hoc|Any CPU.Deploy.0 = Release|Any CPU
		{6C566A3D-8595-4400-9443-9F8277D76491}.Ad-Hoc|iPhone.ActiveCfg = Release|Any CPU
		{6C566A3D-8595-4400-9443-9F8277D76491}.Ad-Hoc|iPhone.Build.0 = Release|Any CPU
		{6C566A3D-8595-4400-9443-9F8277D76491}.Ad-Hoc|iPhone.Deploy.0 = Release|Any CPU
		{6C566A3D-8595-4400-9443-9F8277D76491}.Ad-Hoc|iPhoneSimulator.ActiveCfg = Release|Any CPU
		{6C566A3D-8595-4400-9443-9F8277D76491}.Ad-Hoc|iPhoneSimulator.Build.0 = Release|Any CPU
		{6C566A3D-8595-4400-9443-9F8277D76491}.Ad-Hoc|iPhoneSimulator.Deploy.0 = Release|Any CPU
		{6C566A3D-8595-4400-9443-9F8277D76491}.AppStore|Any CPU.ActiveCfg = Release|Any CPU
		{6C566A3D-8595-4400-9443-9F8277D76491}.AppStore|Any CPU.Build.0 = Release|Any CPU
		{6C566A3D-8595-4400-9443-9F8277D76491}.AppStore|Any CPU.Deploy.0 = Release|Any CPU
		{6C566A3D-8595-4400-9443-9F8277D76491}.AppStore|iPhone.ActiveCfg = Release|Any CPU
		{6C566A3D-8595-4400-9443-9F8277D76491}.AppStore|iPhone.Build.0 = Release|Any CPU
		{6C566A3D-8595-4400-9443-9F8277D76491}.AppStore|iPhone.Deploy.0 = Release|Any CPU
		{6C566A3D-8595-4400-9443-9F8277D76491}.AppStore|iPhoneSimulator.ActiveCfg = Release|Any CPU
		{6C566A3D-8595-4400-9443-9F8277D76491}.AppStore|iPhoneSimulator.Build.0 = Release|Any CPU
		{6C566A3D-8595-4400-9443-9F8277D76491}.AppStore|iPhoneSimulator.Deploy.0 = Release|Any CPU
		{6C566A3D-8595-4400-9443-9F8277D76491}.Debug|Any CPU.ActiveCfg = Debug|Any CPU
		{6C566A3D-8595-4400-9443-9F8277D76491}.Debug|Any CPU.Build.0 = Debug|Any CPU
		{6C566A3D-8595-4400-9443-9F8277D76491}.Debug|Any CPU.Deploy.0 = Debug|Any CPU
		{6C566A3D-8595-4400-9443-9F8277D76491}.Debug|iPhone.ActiveCfg = Debug|Any CPU
		{6C566A3D-8595-4400-9443-9F8277D76491}.Debug|iPhone.Build.0 = Debug|Any CPU
		{6C566A3D-8595-4400-9443-9F8277D76491}.Debug|iPhone.Deploy.0 = Debug|Any CPU
		{6C566A3D-8595-4400-9443-9F8277D76491}.Debug|iPhoneSimulator.ActiveCfg = Debug|Any CPU
		{6C566A3D-8595-4400-9443-9F8277D76491}.Debug|iPhoneSimulator.Build.0 = Debug|Any CPU
		{6C566A3D-8595-4400-9443-9F8277D76491}.Debug|iPhoneSimulator.Deploy.0 = Debug|Any CPU
		{6C566A3D-8595-4400-9443-9F8277D76491}.Release|Any CPU.ActiveCfg = Release|Any CPU
		{6C566A3D-8595-4400-9443-9F8277D76491}.Release|Any CPU.Build.0 = Release|Any CPU
		{6C566A3D-8595-4400-9443-9F8277D76491}.Release|Any CPU.Deploy.0 = Release|Any CPU
		{6C566A3D-8595-4400-9443-9F8277D76491}.Release|iPhone.ActiveCfg = Release|Any CPU
		{6C566A3D-8595-4400-9443-9F8277D76491}.Release|iPhone.Build.0 = Release|Any CPU
		{6C566A3D-8595-4400-9443-9F8277D76491}.Release|iPhone.Deploy.0 = Release|Any CPU
		{6C566A3D-8595-4400-9443-9F8277D76491}.Release|iPhoneSimulator.ActiveCfg = Release|Any CPU
		{6C566A3D-8595-4400-9443-9F8277D76491}.Release|iPhoneSimulator.Build.0 = Release|Any CPU
		{6C566A3D-8595-4400-9443-9F8277D76491}.Release|iPhoneSimulator.Deploy.0 = Release|Any CPU
		{1DB17521-E349-4672-ADAF-45A8FB36282B}.Ad-Hoc|Any CPU.ActiveCfg = Ad-Hoc|iPhone
		{1DB17521-E349-4672-ADAF-45A8FB36282B}.Ad-Hoc|iPhone.ActiveCfg = Ad-Hoc|iPhone
		{1DB17521-E349-4672-ADAF-45A8FB36282B}.Ad-Hoc|iPhone.Build.0 = Ad-Hoc|iPhone
		{1DB17521-E349-4672-ADAF-45A8FB36282B}.Ad-Hoc|iPhoneSimulator.ActiveCfg = Ad-Hoc|iPhoneSimulator
		{1DB17521-E349-4672-ADAF-45A8FB36282B}.Ad-Hoc|iPhoneSimulator.Build.0 = Ad-Hoc|iPhoneSimulator
		{1DB17521-E349-4672-ADAF-45A8FB36282B}.AppStore|Any CPU.ActiveCfg = AppStore|iPhone
		{1DB17521-E349-4672-ADAF-45A8FB36282B}.AppStore|iPhone.ActiveCfg = AppStore|iPhone
		{1DB17521-E349-4672-ADAF-45A8FB36282B}.AppStore|iPhone.Build.0 = AppStore|iPhone
		{1DB17521-E349-4672-ADAF-45A8FB36282B}.AppStore|iPhoneSimulator.ActiveCfg = AppStore|iPhoneSimulator
		{1DB17521-E349-4672-ADAF-45A8FB36282B}.AppStore|iPhoneSimulator.Build.0 = AppStore|iPhoneSimulator
		{1DB17521-E349-4672-ADAF-45A8FB36282B}.Debug|Any CPU.ActiveCfg = Debug|iPhone
		{1DB17521-E349-4672-ADAF-45A8FB36282B}.Debug|iPhone.ActiveCfg = Debug|iPhone
		{1DB17521-E349-4672-ADAF-45A8FB36282B}.Debug|iPhone.Build.0 = Debug|iPhone
		{1DB17521-E349-4672-ADAF-45A8FB36282B}.Debug|iPhoneSimulator.ActiveCfg = Debug|iPhoneSimulator
		{1DB17521-E349-4672-ADAF-45A8FB36282B}.Debug|iPhoneSimulator.Build.0 = Debug|iPhoneSimulator
		{1DB17521-E349-4672-ADAF-45A8FB36282B}.Release|Any CPU.ActiveCfg = Release|iPhone
		{1DB17521-E349-4672-ADAF-45A8FB36282B}.Release|iPhone.ActiveCfg = Release|iPhone
		{1DB17521-E349-4672-ADAF-45A8FB36282B}.Release|iPhone.Build.0 = Release|iPhone
		{1DB17521-E349-4672-ADAF-45A8FB36282B}.Release|iPhoneSimulator.ActiveCfg = Release|iPhoneSimulator
		{1DB17521-E349-4672-ADAF-45A8FB36282B}.Release|iPhoneSimulator.Build.0 = Release|iPhoneSimulator
	EndGlobalSection
	GlobalSection(SolutionProperties) = preSolution
		HideSolutionNode = FALSE
	EndGlobalSection
	GlobalSection(ExtensibilityGlobals) = postSolution
		SolutionGuid = {3E83121B-7956-4FE9-B922-29BEE73AF4D4}
	EndGlobalSection
EndGlobal
