
Microsoft Visual Studio Solution File, Format Version 12.00
# Visual Studio 15
VisualStudioVersion = 15.0.27004.2009
MinimumVisualStudioVersion = 10.0.40219.1
Project("{FAE04EC0-301F-11D3-BF4B-00C04F79EFBC}") = "XFQRCode", "XFQRCode\XFQRCode\XFQRCode.csproj", "{128D8E96-5396-4D3C-85B2-B8FFDE08BFAD}"
EndProject
Project("{FAE04EC0-301F-11D3-BF4B-00C04F79EFBC}") = "XFQRCode.Android", "XFQRCode\XFQRCode.Android\XFQRCode.Android.csproj", "{2C87EBD9-7EDF-476B-AED5-D9946E8A7B8B}"
EndProject
Project("{FAE04EC0-301F-11D3-BF4B-00C04F79EFBC}") = "XFQRCode.iOS", "XFQRCode\XFQRCode.iOS\XFQRCode.iOS.csproj", "{BED6A17F-4893-476F-85FC-4E6B7876F42F}"
EndProject
Project("{FAE04EC0-301F-11D3-BF4B-00C04F79EFBC}") = "XFQRCode.UWP", "XFQRCode\XFQRCode.UWP\XFQRCode.UWP.csproj", "{858F76EE-4A3B-4421-A7A0-001816A66A4D}"
EndProject
Global
	GlobalSection(SolutionConfigurationPlatforms) = preSolution
		Ad-Hoc|Any CPU = Ad-Hoc|Any CPU
		Ad-Hoc|ARM = Ad-Hoc|ARM
		Ad-Hoc|iPhone = Ad-Hoc|iPhone
		Ad-Hoc|iPhoneSimulator = Ad-Hoc|iPhoneSimulator
		Ad-Hoc|x64 = Ad-Hoc|x64
		Ad-Hoc|x86 = Ad-Hoc|x86
		AppStore|Any CPU = AppStore|Any CPU
		AppStore|ARM = AppStore|ARM
		AppStore|iPhone = AppStore|iPhone
		AppStore|iPhoneSimulator = AppStore|iPhoneSimulator
		AppStore|x64 = AppStore|x64
		AppStore|x86 = AppStore|x86
		Debug|Any CPU = Debug|Any CPU
		Debug|ARM = Debug|ARM
		Debug|iPhone = Debug|iPhone
		Debug|iPhoneSimulator = Debug|iPhoneSimulator
		Debug|x64 = Debug|x64
		Debug|x86 = Debug|x86
		Release|Any CPU = Release|Any CPU
		Release|ARM = Release|ARM
		Release|iPhone = Release|iPhone
		Release|iPhoneSimulator = Release|iPhoneSimulator
		Release|x64 = Release|x64
		Release|x86 = Release|x86
	EndGlobalSection
	GlobalSection(ProjectConfigurationPlatforms) = postSolution
		{128D8E96-5396-4D3C-85B2-B8FFDE08BFAD}.Ad-Hoc|Any CPU.ActiveCfg = Debug|Any CPU
		{128D8E96-5396-4D3C-85B2-B8FFDE08BFAD}.Ad-Hoc|Any CPU.Build.0 = Debug|Any CPU
		{128D8E96-5396-4D3C-85B2-B8FFDE08BFAD}.Ad-Hoc|ARM.ActiveCfg = Debug|Any CPU
		{128D8E96-5396-4D3C-85B2-B8FFDE08BFAD}.Ad-Hoc|ARM.Build.0 = Debug|Any CPU
		{128D8E96-5396-4D3C-85B2-B8FFDE08BFAD}.Ad-Hoc|iPhone.ActiveCfg = Debug|Any CPU
		{128D8E96-5396-4D3C-85B2-B8FFDE08BFAD}.Ad-Hoc|iPhone.Build.0 = Debug|Any CPU
		{128D8E96-5396-4D3C-85B2-B8FFDE08BFAD}.Ad-Hoc|iPhoneSimulator.ActiveCfg = Debug|Any CPU
		{128D8E96-5396-4D3C-85B2-B8FFDE08BFAD}.Ad-Hoc|iPhoneSimulator.Build.0 = Debug|Any CPU
		{128D8E96-5396-4D3C-85B2-B8FFDE08BFAD}.Ad-Hoc|x64.ActiveCfg = Debug|Any CPU
		{128D8E96-5396-4D3C-85B2-B8FFDE08BFAD}.Ad-Hoc|x64.Build.0 = Debug|Any CPU
		{128D8E96-5396-4D3C-85B2-B8FFDE08BFAD}.Ad-Hoc|x86.ActiveCfg = Debug|Any CPU
		{128D8E96-5396-4D3C-85B2-B8FFDE08BFAD}.Ad-Hoc|x86.Build.0 = Debug|Any CPU
		{128D8E96-5396-4D3C-85B2-B8FFDE08BFAD}.AppStore|Any CPU.ActiveCfg = Debug|Any CPU
		{128D8E96-5396-4D3C-85B2-B8FFDE08BFAD}.AppStore|Any CPU.Build.0 = Debug|Any CPU
		{128D8E96-5396-4D3C-85B2-B8FFDE08BFAD}.AppStore|ARM.ActiveCfg = Debug|Any CPU
		{128D8E96-5396-4D3C-85B2-B8FFDE08BFAD}.AppStore|ARM.Build.0 = Debug|Any CPU
		{128D8E96-5396-4D3C-85B2-B8FFDE08BFAD}.AppStore|iPhone.ActiveCfg = Debug|Any CPU
		{128D8E96-5396-4D3C-85B2-B8FFDE08BFAD}.AppStore|iPhone.Build.0 = Debug|Any CPU
		{128D8E96-5396-4D3C-85B2-B8FFDE08BFAD}.AppStore|iPhoneSimulator.ActiveCfg = Debug|Any CPU
		{128D8E96-5396-4D3C-85B2-B8FFDE08BFAD}.AppStore|iPhoneSimulator.Build.0 = Debug|Any CPU
		{128D8E96-5396-4D3C-85B2-B8FFDE08BFAD}.AppStore|x64.ActiveCfg = Debug|Any CPU
		{128D8E96-5396-4D3C-85B2-B8FFDE08BFAD}.AppStore|x64.Build.0 = Debug|Any CPU
		{128D8E96-5396-4D3C-85B2-B8FFDE08BFAD}.AppStore|x86.ActiveCfg = Debug|Any CPU
		{128D8E96-5396-4D3C-85B2-B8FFDE08BFAD}.AppStore|x86.Build.0 = Debug|Any CPU
		{128D8E96-5396-4D3C-85B2-B8FFDE08BFAD}.Debug|Any CPU.ActiveCfg = Debug|Any CPU
		{128D8E96-5396-4D3C-85B2-B8FFDE08BFAD}.Debug|Any CPU.Build.0 = Debug|Any CPU
		{128D8E96-5396-4D3C-85B2-B8FFDE08BFAD}.Debug|ARM.ActiveCfg = Debug|Any CPU
		{128D8E96-5396-4D3C-85B2-B8FFDE08BFAD}.Debug|ARM.Build.0 = Debug|Any CPU
		{128D8E96-5396-4D3C-85B2-B8FFDE08BFAD}.Debug|iPhone.ActiveCfg = Debug|Any CPU
		{128D8E96-5396-4D3C-85B2-B8FFDE08BFAD}.Debug|iPhone.Build.0 = Debug|Any CPU
		{128D8E96-5396-4D3C-85B2-B8FFDE08BFAD}.Debug|iPhoneSimulator.ActiveCfg = Debug|Any CPU
		{128D8E96-5396-4D3C-85B2-B8FFDE08BFAD}.Debug|iPhoneSimulator.Build.0 = Debug|Any CPU
		{128D8E96-5396-4D3C-85B2-B8FFDE08BFAD}.Debug|x64.ActiveCfg = Debug|Any CPU
		{128D8E96-5396-4D3C-85B2-B8FFDE08BFAD}.Debug|x64.Build.0 = Debug|Any CPU
		{128D8E96-5396-4D3C-85B2-B8FFDE08BFAD}.Debug|x86.ActiveCfg = Debug|Any CPU
		{128D8E96-5396-4D3C-85B2-B8FFDE08BFAD}.Debug|x86.Build.0 = Debug|Any CPU
		{128D8E96-5396-4D3C-85B2-B8FFDE08BFAD}.Release|Any CPU.ActiveCfg = Release|Any CPU
		{128D8E96-5396-4D3C-85B2-B8FFDE08BFAD}.Release|Any CPU.Build.0 = Release|Any CPU
		{128D8E96-5396-4D3C-85B2-B8FFDE08BFAD}.Release|ARM.ActiveCfg = Release|Any CPU
		{128D8E96-5396-4D3C-85B2-B8FFDE08BFAD}.Release|ARM.Build.0 = Release|Any CPU
		{128D8E96-5396-4D3C-85B2-B8FFDE08BFAD}.Release|iPhone.ActiveCfg = Release|Any CPU
		{128D8E96-5396-4D3C-85B2-B8FFDE08BFAD}.Release|iPhone.Build.0 = Release|Any CPU
		{128D8E96-5396-4D3C-85B2-B8FFDE08BFAD}.Release|iPhoneSimulator.ActiveCfg = Release|Any CPU
		{128D8E96-5396-4D3C-85B2-B8FFDE08BFAD}.Release|iPhoneSimulator.Build.0 = Release|Any CPU
		{128D8E96-5396-4D3C-85B2-B8FFDE08BFAD}.Release|x64.ActiveCfg = Release|Any CPU
		{128D8E96-5396-4D3C-85B2-B8FFDE08BFAD}.Release|x64.Build.0 = Release|Any CPU
		{128D8E96-5396-4D3C-85B2-B8FFDE08BFAD}.Release|x86.ActiveCfg = Release|Any CPU
		{128D8E96-5396-4D3C-85B2-B8FFDE08BFAD}.Release|x86.Build.0 = Release|Any CPU
		{2C87EBD9-7EDF-476B-AED5-D9946E8A7B8B}.Ad-Hoc|Any CPU.ActiveCfg = Release|Any CPU
		{2C87EBD9-7EDF-476B-AED5-D9946E8A7B8B}.Ad-Hoc|Any CPU.Build.0 = Release|Any CPU
		{2C87EBD9-7EDF-476B-AED5-D9946E8A7B8B}.Ad-Hoc|Any CPU.Deploy.0 = Release|Any CPU
		{2C87EBD9-7EDF-476B-AED5-D9946E8A7B8B}.Ad-Hoc|ARM.ActiveCfg = Release|Any CPU
		{2C87EBD9-7EDF-476B-AED5-D9946E8A7B8B}.Ad-Hoc|ARM.Build.0 = Release|Any CPU
		{2C87EBD9-7EDF-476B-AED5-D9946E8A7B8B}.Ad-Hoc|ARM.Deploy.0 = Release|Any CPU
		{2C87EBD9-7EDF-476B-AED5-D9946E8A7B8B}.Ad-Hoc|iPhone.ActiveCfg = Release|Any CPU
		{2C87EBD9-7EDF-476B-AED5-D9946E8A7B8B}.Ad-Hoc|iPhone.Build.0 = Release|Any CPU
		{2C87EBD9-7EDF-476B-AED5-D9946E8A7B8B}.Ad-Hoc|iPhone.Deploy.0 = Release|Any CPU
		{2C87EBD9-7EDF-476B-AED5-D9946E8A7B8B}.Ad-Hoc|iPhoneSimulator.ActiveCfg = Release|Any CPU
		{2C87EBD9-7EDF-476B-AED5-D9946E8A7B8B}.Ad-Hoc|iPhoneSimulator.Build.0 = Release|Any CPU
		{2C87EBD9-7EDF-476B-AED5-D9946E8A7B8B}.Ad-Hoc|iPhoneSimulator.Deploy.0 = Release|Any CPU
		{2C87EBD9-7EDF-476B-AED5-D9946E8A7B8B}.Ad-Hoc|x64.ActiveCfg = Release|Any CPU
		{2C87EBD9-7EDF-476B-AED5-D9946E8A7B8B}.Ad-Hoc|x64.Build.0 = Release|Any CPU
		{2C87EBD9-7EDF-476B-AED5-D9946E8A7B8B}.Ad-Hoc|x64.Deploy.0 = Release|Any CPU
		{2C87EBD9-7EDF-476B-AED5-D9946E8A7B8B}.Ad-Hoc|x86.ActiveCfg = Release|Any CPU
		{2C87EBD9-7EDF-476B-AED5-D9946E8A7B8B}.Ad-Hoc|x86.Build.0 = Release|Any CPU
		{2C87EBD9-7EDF-476B-AED5-D9946E8A7B8B}.Ad-Hoc|x86.Deploy.0 = Release|Any CPU
		{2C87EBD9-7EDF-476B-AED5-D9946E8A7B8B}.AppStore|Any CPU.ActiveCfg = Release|Any CPU
		{2C87EBD9-7EDF-476B-AED5-D9946E8A7B8B}.AppStore|Any CPU.Build.0 = Release|Any CPU
		{2C87EBD9-7EDF-476B-AED5-D9946E8A7B8B}.AppStore|Any CPU.Deploy.0 = Release|Any CPU
		{2C87EBD9-7EDF-476B-AED5-D9946E8A7B8B}.AppStore|ARM.ActiveCfg = Release|Any CPU
		{2C87EBD9-7EDF-476B-AED5-D9946E8A7B8B}.AppStore|ARM.Build.0 = Release|Any CPU
		{2C87EBD9-7EDF-476B-AED5-D9946E8A7B8B}.AppStore|ARM.Deploy.0 = Release|Any CPU
		{2C87EBD9-7EDF-476B-AED5-D9946E8A7B8B}.AppStore|iPhone.ActiveCfg = Release|Any CPU
		{2C87EBD9-7EDF-476B-AED5-D9946E8A7B8B}.AppStore|iPhone.Build.0 = Release|Any CPU
		{2C87EBD9-7EDF-476B-AED5-D9946E8A7B8B}.AppStore|iPhone.Deploy.0 = Release|Any CPU
		{2C87EBD9-7EDF-476B-AED5-D9946E8A7B8B}.AppStore|iPhoneSimulator.ActiveCfg = Release|Any CPU
		{2C87EBD9-7EDF-476B-AED5-D9946E8A7B8B}.AppStore|iPhoneSimulator.Build.0 = Release|Any CPU
		{2C87EBD9-7EDF-476B-AED5-D9946E8A7B8B}.AppStore|iPhoneSimulator.Deploy.0 = Release|Any CPU
		{2C87EBD9-7EDF-476B-AED5-D9946E8A7B8B}.AppStore|x64.ActiveCfg = Release|Any CPU
		{2C87EBD9-7EDF-476B-AED5-D9946E8A7B8B}.AppStore|x64.Build.0 = Release|Any CPU
		{2C87EBD9-7EDF-476B-AED5-D9946E8A7B8B}.AppStore|x64.Deploy.0 = Release|Any CPU
		{2C87EBD9-7EDF-476B-AED5-D9946E8A7B8B}.AppStore|x86.ActiveCfg = Release|Any CPU
		{2C87EBD9-7EDF-476B-AED5-D9946E8A7B8B}.AppStore|x86.Build.0 = Release|Any CPU
		{2C87EBD9-7EDF-476B-AED5-D9946E8A7B8B}.AppStore|x86.Deploy.0 = Release|Any CPU
		{2C87EBD9-7EDF-476B-AED5-D9946E8A7B8B}.Debug|Any CPU.ActiveCfg = Debug|Any CPU
		{2C87EBD9-7EDF-476B-AED5-D9946E8A7B8B}.Debug|Any CPU.Build.0 = Debug|Any CPU
		{2C87EBD9-7EDF-476B-AED5-D9946E8A7B8B}.Debug|Any CPU.Deploy.0 = Debug|Any CPU
		{2C87EBD9-7EDF-476B-AED5-D9946E8A7B8B}.Debug|ARM.ActiveCfg = Debug|Any CPU
		{2C87EBD9-7EDF-476B-AED5-D9946E8A7B8B}.Debug|ARM.Build.0 = Debug|Any CPU
		{2C87EBD9-7EDF-476B-AED5-D9946E8A7B8B}.Debug|ARM.Deploy.0 = Debug|Any CPU
		{2C87EBD9-7EDF-476B-AED5-D9946E8A7B8B}.Debug|iPhone.ActiveCfg = Debug|Any CPU
		{2C87EBD9-7EDF-476B-AED5-D9946E8A7B8B}.Debug|iPhone.Build.0 = Debug|Any CPU
		{2C87EBD9-7EDF-476B-AED5-D9946E8A7B8B}.Debug|iPhone.Deploy.0 = Debug|Any CPU
		{2C87EBD9-7EDF-476B-AED5-D9946E8A7B8B}.Debug|iPhoneSimulator.ActiveCfg = Debug|Any CPU
		{2C87EBD9-7EDF-476B-AED5-D9946E8A7B8B}.Debug|iPhoneSimulator.Build.0 = Debug|Any CPU
		{2C87EBD9-7EDF-476B-AED5-D9946E8A7B8B}.Debug|iPhoneSimulator.Deploy.0 = Debug|Any CPU
		{2C87EBD9-7EDF-476B-AED5-D9946E8A7B8B}.Debug|x64.ActiveCfg = Debug|Any CPU
		{2C87EBD9-7EDF-476B-AED5-D9946E8A7B8B}.Debug|x64.Build.0 = Debug|Any CPU
		{2C87EBD9-7EDF-476B-AED5-D9946E8A7B8B}.Debug|x64.Deploy.0 = Debug|Any CPU
		{2C87EBD9-7EDF-476B-AED5-D9946E8A7B8B}.Debug|x86.ActiveCfg = Debug|Any CPU
		{2C87EBD9-7EDF-476B-AED5-D9946E8A7B8B}.Debug|x86.Build.0 = Debug|Any CPU
		{2C87EBD9-7EDF-476B-AED5-D9946E8A7B8B}.Debug|x86.Deploy.0 = Debug|Any CPU
		{2C87EBD9-7EDF-476B-AED5-D9946E8A7B8B}.Release|Any CPU.ActiveCfg = Release|Any CPU
		{2C87EBD9-7EDF-476B-AED5-D9946E8A7B8B}.Release|Any CPU.Build.0 = Release|Any CPU
		{2C87EBD9-7EDF-476B-AED5-D9946E8A7B8B}.Release|Any CPU.Deploy.0 = Release|Any CPU
		{2C87EBD9-7EDF-476B-AED5-D9946E8A7B8B}.Release|ARM.ActiveCfg = Release|Any CPU
		{2C87EBD9-7EDF-476B-AED5-D9946E8A7B8B}.Release|ARM.Build.0 = Release|Any CPU
		{2C87EBD9-7EDF-476B-AED5-D9946E8A7B8B}.Release|ARM.Deploy.0 = Release|Any CPU
		{2C87EBD9-7EDF-476B-AED5-D9946E8A7B8B}.Release|iPhone.ActiveCfg = Release|Any CPU
		{2C87EBD9-7EDF-476B-AED5-D9946E8A7B8B}.Release|iPhone.Build.0 = Release|Any CPU
		{2C87EBD9-7EDF-476B-AED5-D9946E8A7B8B}.Release|iPhone.Deploy.0 = Release|Any CPU
		{2C87EBD9-7EDF-476B-AED5-D9946E8A7B8B}.Release|iPhoneSimulator.ActiveCfg = Release|Any CPU
		{2C87EBD9-7EDF-476B-AED5-D9946E8A7B8B}.Release|iPhoneSimulator.Build.0 = Release|Any CPU
		{2C87EBD9-7EDF-476B-AED5-D9946E8A7B8B}.Release|iPhoneSimulator.Deploy.0 = Release|Any CPU
		{2C87EBD9-7EDF-476B-AED5-D9946E8A7B8B}.Release|x64.ActiveCfg = Release|Any CPU
		{2C87EBD9-7EDF-476B-AED5-D9946E8A7B8B}.Release|x64.Build.0 = Release|Any CPU
		{2C87EBD9-7EDF-476B-AED5-D9946E8A7B8B}.Release|x64.Deploy.0 = Release|Any CPU
		{2C87EBD9-7EDF-476B-AED5-D9946E8A7B8B}.Release|x86.ActiveCfg = Release|Any CPU
		{2C87EBD9-7EDF-476B-AED5-D9946E8A7B8B}.Release|x86.Build.0 = Release|Any CPU
		{2C87EBD9-7EDF-476B-AED5-D9946E8A7B8B}.Release|x86.Deploy.0 = Release|Any CPU
		{BED6A17F-4893-476F-85FC-4E6B7876F42F}.Ad-Hoc|Any CPU.ActiveCfg = Ad-Hoc|iPhone
		{BED6A17F-4893-476F-85FC-4E6B7876F42F}.Ad-Hoc|ARM.ActiveCfg = Ad-Hoc|iPhone
		{BED6A17F-4893-476F-85FC-4E6B7876F42F}.Ad-Hoc|iPhone.ActiveCfg = Ad-Hoc|iPhone
		{BED6A17F-4893-476F-85FC-4E6B7876F42F}.Ad-Hoc|iPhone.Build.0 = Ad-Hoc|iPhone
		{BED6A17F-4893-476F-85FC-4E6B7876F42F}.Ad-Hoc|iPhoneSimulator.ActiveCfg = Ad-Hoc|iPhoneSimulator
		{BED6A17F-4893-476F-85FC-4E6B7876F42F}.Ad-Hoc|iPhoneSimulator.Build.0 = Ad-Hoc|iPhoneSimulator
		{BED6A17F-4893-476F-85FC-4E6B7876F42F}.Ad-Hoc|x64.ActiveCfg = Ad-Hoc|iPhone
		{BED6A17F-4893-476F-85FC-4E6B7876F42F}.Ad-Hoc|x86.ActiveCfg = Ad-Hoc|iPhone
		{BED6A17F-4893-476F-85FC-4E6B7876F42F}.AppStore|Any CPU.ActiveCfg = AppStore|iPhone
		{BED6A17F-4893-476F-85FC-4E6B7876F42F}.AppStore|ARM.ActiveCfg = AppStore|iPhone
		{BED6A17F-4893-476F-85FC-4E6B7876F42F}.AppStore|iPhone.ActiveCfg = AppStore|iPhone
		{BED6A17F-4893-476F-85FC-4E6B7876F42F}.AppStore|iPhone.Build.0 = AppStore|iPhone
		{BED6A17F-4893-476F-85FC-4E6B7876F42F}.AppStore|iPhoneSimulator.ActiveCfg = AppStore|iPhoneSimulator
		{BED6A17F-4893-476F-85FC-4E6B7876F42F}.AppStore|iPhoneSimulator.Build.0 = AppStore|iPhoneSimulator
		{BED6A17F-4893-476F-85FC-4E6B7876F42F}.AppStore|x64.ActiveCfg = AppStore|iPhone
		{BED6A17F-4893-476F-85FC-4E6B7876F42F}.AppStore|x86.ActiveCfg = AppStore|iPhone
		{BED6A17F-4893-476F-85FC-4E6B7876F42F}.Debug|Any CPU.ActiveCfg = Debug|iPhone
		{BED6A17F-4893-476F-85FC-4E6B7876F42F}.Debug|ARM.ActiveCfg = Debug|iPhone
		{BED6A17F-4893-476F-85FC-4E6B7876F42F}.Debug|iPhone.ActiveCfg = Debug|iPhone
		{BED6A17F-4893-476F-85FC-4E6B7876F42F}.Debug|iPhone.Build.0 = Debug|iPhone
		{BED6A17F-4893-476F-85FC-4E6B7876F42F}.Debug|iPhoneSimulator.ActiveCfg = Debug|iPhoneSimulator
		{BED6A17F-4893-476F-85FC-4E6B7876F42F}.Debug|iPhoneSimulator.Build.0 = Debug|iPhoneSimulator
		{BED6A17F-4893-476F-85FC-4E6B7876F42F}.Debug|x64.ActiveCfg = Debug|iPhone
		{BED6A17F-4893-476F-85FC-4E6B7876F42F}.Debug|x86.ActiveCfg = Debug|iPhone
		{BED6A17F-4893-476F-85FC-4E6B7876F42F}.Release|Any CPU.ActiveCfg = Release|iPhone
		{BED6A17F-4893-476F-85FC-4E6B7876F42F}.Release|ARM.ActiveCfg = Release|iPhone
		{BED6A17F-4893-476F-85FC-4E6B7876F42F}.Release|iPhone.ActiveCfg = Release|iPhone
		{BED6A17F-4893-476F-85FC-4E6B7876F42F}.Release|iPhone.Build.0 = Release|iPhone
		{BED6A17F-4893-476F-85FC-4E6B7876F42F}.Release|iPhoneSimulator.ActiveCfg = Release|iPhoneSimulator
		{BED6A17F-4893-476F-85FC-4E6B7876F42F}.Release|iPhoneSimulator.Build.0 = Release|iPhoneSimulator
		{BED6A17F-4893-476F-85FC-4E6B7876F42F}.Release|x64.ActiveCfg = Release|iPhone
		{BED6A17F-4893-476F-85FC-4E6B7876F42F}.Release|x86.ActiveCfg = Release|iPhone
		{858F76EE-4A3B-4421-A7A0-001816A66A4D}.Ad-Hoc|Any CPU.ActiveCfg = Release|x86
		{858F76EE-4A3B-4421-A7A0-001816A66A4D}.Ad-Hoc|Any CPU.Build.0 = Release|x86
		{858F76EE-4A3B-4421-A7A0-001816A66A4D}.Ad-Hoc|Any CPU.Deploy.0 = Release|x86
		{858F76EE-4A3B-4421-A7A0-001816A66A4D}.Ad-Hoc|ARM.ActiveCfg = Release|ARM
		{858F76EE-4A3B-4421-A7A0-001816A66A4D}.Ad-Hoc|ARM.Build.0 = Release|ARM
		{858F76EE-4A3B-4421-A7A0-001816A66A4D}.Ad-Hoc|ARM.Deploy.0 = Release|ARM
		{858F76EE-4A3B-4421-A7A0-001816A66A4D}.Ad-Hoc|iPhone.ActiveCfg = Release|x86
		{858F76EE-4A3B-4421-A7A0-001816A66A4D}.Ad-Hoc|iPhone.Build.0 = Release|x86
		{858F76EE-4A3B-4421-A7A0-001816A66A4D}.Ad-Hoc|iPhone.Deploy.0 = Release|x86
		{858F76EE-4A3B-4421-A7A0-001816A66A4D}.Ad-Hoc|iPhoneSimulator.ActiveCfg = Release|x86
		{858F76EE-4A3B-4421-A7A0-001816A66A4D}.Ad-Hoc|iPhoneSimulator.Build.0 = Release|x86
		{858F76EE-4A3B-4421-A7A0-001816A66A4D}.Ad-Hoc|iPhoneSimulator.Deploy.0 = Release|x86
		{858F76EE-4A3B-4421-A7A0-001816A66A4D}.Ad-Hoc|x64.ActiveCfg = Release|x64
		{858F76EE-4A3B-4421-A7A0-001816A66A4D}.Ad-Hoc|x64.Build.0 = Release|x64
		{858F76EE-4A3B-4421-A7A0-001816A66A4D}.Ad-Hoc|x64.Deploy.0 = Release|x64
		{858F76EE-4A3B-4421-A7A0-001816A66A4D}.Ad-Hoc|x86.ActiveCfg = Release|x86
		{858F76EE-4A3B-4421-A7A0-001816A66A4D}.Ad-Hoc|x86.Build.0 = Release|x86
		{858F76EE-4A3B-4421-A7A0-001816A66A4D}.Ad-Hoc|x86.Deploy.0 = Release|x86
		{858F76EE-4A3B-4421-A7A0-001816A66A4D}.AppStore|Any CPU.ActiveCfg = Release|x86
		{858F76EE-4A3B-4421-A7A0-001816A66A4D}.AppStore|Any CPU.Build.0 = Release|x86
		{858F76EE-4A3B-4421-A7A0-001816A66A4D}.AppStore|Any CPU.Deploy.0 = Release|x86
		{858F76EE-4A3B-4421-A7A0-001816A66A4D}.AppStore|ARM.ActiveCfg = Release|ARM
		{858F76EE-4A3B-4421-A7A0-001816A66A4D}.AppStore|ARM.Build.0 = Release|ARM
		{858F76EE-4A3B-4421-A7A0-001816A66A4D}.AppStore|ARM.Deploy.0 = Release|ARM
		{858F76EE-4A3B-4421-A7A0-001816A66A4D}.AppStore|iPhone.ActiveCfg = Release|x86
		{858F76EE-4A3B-4421-A7A0-001816A66A4D}.AppStore|iPhone.Build.0 = Release|x86
		{858F76EE-4A3B-4421-A7A0-001816A66A4D}.AppStore|iPhone.Deploy.0 = Release|x86
		{858F76EE-4A3B-4421-A7A0-001816A66A4D}.AppStore|iPhoneSimulator.ActiveCfg = Release|x86
		{858F76EE-4A3B-4421-A7A0-001816A66A4D}.AppStore|iPhoneSimulator.Build.0 = Release|x86
		{858F76EE-4A3B-4421-A7A0-001816A66A4D}.AppStore|iPhoneSimulator.Deploy.0 = Release|x86
		{858F76EE-4A3B-4421-A7A0-001816A66A4D}.AppStore|x64.ActiveCfg = Release|x64
		{858F76EE-4A3B-4421-A7A0-001816A66A4D}.AppStore|x64.Build.0 = Release|x64
		{858F76EE-4A3B-4421-A7A0-001816A66A4D}.AppStore|x64.Deploy.0 = Release|x64
		{858F76EE-4A3B-4421-A7A0-001816A66A4D}.AppStore|x86.ActiveCfg = Release|x86
		{858F76EE-4A3B-4421-A7A0-001816A66A4D}.AppStore|x86.Build.0 = Release|x86
		{858F76EE-4A3B-4421-A7A0-001816A66A4D}.AppStore|x86.Deploy.0 = Release|x86
		{858F76EE-4A3B-4421-A7A0-001816A66A4D}.Debug|Any CPU.ActiveCfg = Debug|x86
		{858F76EE-4A3B-4421-A7A0-001816A66A4D}.Debug|ARM.ActiveCfg = Debug|ARM
		{858F76EE-4A3B-4421-A7A0-001816A66A4D}.Debug|ARM.Build.0 = Debug|ARM
		{858F76EE-4A3B-4421-A7A0-001816A66A4D}.Debug|ARM.Deploy.0 = Debug|ARM
		{858F76EE-4A3B-4421-A7A0-001816A66A4D}.Debug|iPhone.ActiveCfg = Debug|x86
		{858F76EE-4A3B-4421-A7A0-001816A66A4D}.Debug|iPhoneSimulator.ActiveCfg = Debug|x86
		{858F76EE-4A3B-4421-A7A0-001816A66A4D}.Debug|x64.ActiveCfg = Debug|x64
		{858F76EE-4A3B-4421-A7A0-001816A66A4D}.Debug|x64.Build.0 = Debug|x64
		{858F76EE-4A3B-4421-A7A0-001816A66A4D}.Debug|x64.Deploy.0 = Debug|x64
		{858F76EE-4A3B-4421-A7A0-001816A66A4D}.Debug|x86.ActiveCfg = Debug|x86
		{858F76EE-4A3B-4421-A7A0-001816A66A4D}.Debug|x86.Build.0 = Debug|x86
		{858F76EE-4A3B-4421-A7A0-001816A66A4D}.Debug|x86.Deploy.0 = Debug|x86
		{858F76EE-4A3B-4421-A7A0-001816A66A4D}.Release|Any CPU.ActiveCfg = Release|x86
		{858F76EE-4A3B-4421-A7A0-001816A66A4D}.Release|ARM.ActiveCfg = Release|ARM
		{858F76EE-4A3B-4421-A7A0-001816A66A4D}.Release|ARM.Build.0 = Release|ARM
		{858F76EE-4A3B-4421-A7A0-001816A66A4D}.Release|ARM.Deploy.0 = Release|ARM
		{858F76EE-4A3B-4421-A7A0-001816A66A4D}.Release|iPhone.ActiveCfg = Release|x86
		{858F76EE-4A3B-4421-A7A0-001816A66A4D}.Release|iPhoneSimulator.ActiveCfg = Release|x86
		{858F76EE-4A3B-4421-A7A0-001816A66A4D}.Release|x64.ActiveCfg = Release|x64
		{858F76EE-4A3B-4421-A7A0-001816A66A4D}.Release|x64.Build.0 = Release|x64
		{858F76EE-4A3B-4421-A7A0-001816A66A4D}.Release|x64.Deploy.0 = Release|x64
		{858F76EE-4A3B-4421-A7A0-001816A66A4D}.Release|x86.ActiveCfg = Release|x86
		{858F76EE-4A3B-4421-A7A0-001816A66A4D}.Release|x86.Build.0 = Release|x86
		{858F76EE-4A3B-4421-A7A0-001816A66A4D}.Release|x86.Deploy.0 = Release|x86
	EndGlobalSection
	GlobalSection(SolutionProperties) = preSolution
		HideSolutionNode = FALSE
	EndGlobalSection
	GlobalSection(ExtensibilityGlobals) = postSolution
		SolutionGuid = {E39F7046-900E-4310-8111-2390615B594C}
	EndGlobalSection
EndGlobal
