
Microsoft Visual Studio Solution File, Format Version 12.00
# Visual Studio 15
VisualStudioVersion = 15.0.27004.2009
MinimumVisualStudioVersion = 10.0.40219.1
Project("{FAE04EC0-301F-11D3-BF4B-00C04F79EFBC}") = "XFCodeBehind.Android", "XFCodeBehind\XFCodeBehind.Android\XFCodeBehind.Android.csproj", "{A8858A5F-26E4-44A3-95BA-77C1C7C7F247}"
EndProject
Project("{FAE04EC0-301F-11D3-BF4B-00C04F79EFBC}") = "XFCodeBehind", "XFCodeBehind\XFCodeBehind\XFCodeBehind.csproj", "{7CC38756-5FDE-472E-A74A-4F87873A86E8}"
EndProject
Project("{FAE04EC0-301F-11D3-BF4B-00C04F79EFBC}") = "XFCodeBehind.UWP", "XFCodeBehind\XFCodeBehind.UWP\XFCodeBehind.UWP.csproj", "{7BB2D10C-68FC-4E95-9E3E-2593831FCD70}"
EndProject
Project("{FAE04EC0-301F-11D3-BF4B-00C04F79EFBC}") = "XFCodeBehind.iOS", "XFCodeBehind\XFCodeBehind.iOS\XFCodeBehind.iOS.csproj", "{66DEC5E1-A73B-4110-8AEF-4411577FFD10}"
EndProject
Global
	GlobalSection(SolutionConfigurationPlatforms) = preSolution
		Ad-Hoc|Any CPU = Ad-Hoc|Any CPU
		Ad-Hoc|ARM = Ad-Hoc|ARM
		Ad-Hoc|iPhone = Ad-Hoc|iPhone
		Ad-Hoc|iPhoneSimulator = Ad-Hoc|iPhoneSimulator
		Ad-Hoc|x64 = Ad-Hoc|x64
		Ad-Hoc|x86 = Ad-Hoc|x86
		AppStore|Any CPU = AppStore|Any CPU
		AppStore|ARM = AppStore|ARM
		AppStore|iPhone = AppStore|iPhone
		AppStore|iPhoneSimulator = AppStore|iPhoneSimulator
		AppStore|x64 = AppStore|x64
		AppStore|x86 = AppStore|x86
		Debug|Any CPU = Debug|Any CPU
		Debug|ARM = Debug|ARM
		Debug|iPhone = Debug|iPhone
		Debug|iPhoneSimulator = Debug|iPhoneSimulator
		Debug|x64 = Debug|x64
		Debug|x86 = Debug|x86
		Release|Any CPU = Release|Any CPU
		Release|ARM = Release|ARM
		Release|iPhone = Release|iPhone
		Release|iPhoneSimulator = Release|iPhoneSimulator
		Release|x64 = Release|x64
		Release|x86 = Release|x86
	EndGlobalSection
	GlobalSection(ProjectConfigurationPlatforms) = postSolution
		{A8858A5F-26E4-44A3-95BA-77C1C7C7F247}.Ad-Hoc|Any CPU.ActiveCfg = Release|Any CPU
		{A8858A5F-26E4-44A3-95BA-77C1C7C7F247}.Ad-Hoc|Any CPU.Build.0 = Release|Any CPU
		{A8858A5F-26E4-44A3-95BA-77C1C7C7F247}.Ad-Hoc|Any CPU.Deploy.0 = Release|Any CPU
		{A8858A5F-26E4-44A3-95BA-77C1C7C7F247}.Ad-Hoc|ARM.ActiveCfg = Release|Any CPU
		{A8858A5F-26E4-44A3-95BA-77C1C7C7F247}.Ad-Hoc|ARM.Build.0 = Release|Any CPU
		{A8858A5F-26E4-44A3-95BA-77C1C7C7F247}.Ad-Hoc|ARM.Deploy.0 = Release|Any CPU
		{A8858A5F-26E4-44A3-95BA-77C1C7C7F247}.Ad-Hoc|iPhone.ActiveCfg = Release|Any CPU
		{A8858A5F-26E4-44A3-95BA-77C1C7C7F247}.Ad-Hoc|iPhone.Build.0 = Release|Any CPU
		{A8858A5F-26E4-44A3-95BA-77C1C7C7F247}.Ad-Hoc|iPhone.Deploy.0 = Release|Any CPU
		{A8858A5F-26E4-44A3-95BA-77C1C7C7F247}.Ad-Hoc|iPhoneSimulator.ActiveCfg = Release|Any CPU
		{A8858A5F-26E4-44A3-95BA-77C1C7C7F247}.Ad-Hoc|iPhoneSimulator.Build.0 = Release|Any CPU
		{A8858A5F-26E4-44A3-95BA-77C1C7C7F247}.Ad-Hoc|iPhoneSimulator.Deploy.0 = Release|Any CPU
		{A8858A5F-26E4-44A3-95BA-77C1C7C7F247}.Ad-Hoc|x64.ActiveCfg = Release|Any CPU
		{A8858A5F-26E4-44A3-95BA-77C1C7C7F247}.Ad-Hoc|x64.Build.0 = Release|Any CPU
		{A8858A5F-26E4-44A3-95BA-77C1C7C7F247}.Ad-Hoc|x64.Deploy.0 = Release|Any CPU
		{A8858A5F-26E4-44A3-95BA-77C1C7C7F247}.Ad-Hoc|x86.ActiveCfg = Release|Any CPU
		{A8858A5F-26E4-44A3-95BA-77C1C7C7F247}.Ad-Hoc|x86.Build.0 = Release|Any CPU
		{A8858A5F-26E4-44A3-95BA-77C1C7C7F247}.Ad-Hoc|x86.Deploy.0 = Release|Any CPU
		{A8858A5F-26E4-44A3-95BA-77C1C7C7F247}.AppStore|Any CPU.ActiveCfg = Release|Any CPU
		{A8858A5F-26E4-44A3-95BA-77C1C7C7F247}.AppStore|Any CPU.Build.0 = Release|Any CPU
		{A8858A5F-26E4-44A3-95BA-77C1C7C7F247}.AppStore|Any CPU.Deploy.0 = Release|Any CPU
		{A8858A5F-26E4-44A3-95BA-77C1C7C7F247}.AppStore|ARM.ActiveCfg = Release|Any CPU
		{A8858A5F-26E4-44A3-95BA-77C1C7C7F247}.AppStore|ARM.Build.0 = Release|Any CPU
		{A8858A5F-26E4-44A3-95BA-77C1C7C7F247}.AppStore|ARM.Deploy.0 = Release|Any CPU
		{A8858A5F-26E4-44A3-95BA-77C1C7C7F247}.AppStore|iPhone.ActiveCfg = Release|Any CPU
		{A8858A5F-26E4-44A3-95BA-77C1C7C7F247}.AppStore|iPhone.Build.0 = Release|Any CPU
		{A8858A5F-26E4-44A3-95BA-77C1C7C7F247}.AppStore|iPhone.Deploy.0 = Release|Any CPU
		{A8858A5F-26E4-44A3-95BA-77C1C7C7F247}.AppStore|iPhoneSimulator.ActiveCfg = Release|Any CPU
		{A8858A5F-26E4-44A3-95BA-77C1C7C7F247}.AppStore|iPhoneSimulator.Build.0 = Release|Any CPU
		{A8858A5F-26E4-44A3-95BA-77C1C7C7F247}.AppStore|iPhoneSimulator.Deploy.0 = Release|Any CPU
		{A8858A5F-26E4-44A3-95BA-77C1C7C7F247}.AppStore|x64.ActiveCfg = Release|Any CPU
		{A8858A5F-26E4-44A3-95BA-77C1C7C7F247}.AppStore|x64.Build.0 = Release|Any CPU
		{A8858A5F-26E4-44A3-95BA-77C1C7C7F247}.AppStore|x64.Deploy.0 = Release|Any CPU
		{A8858A5F-26E4-44A3-95BA-77C1C7C7F247}.AppStore|x86.ActiveCfg = Release|Any CPU
		{A8858A5F-26E4-44A3-95BA-77C1C7C7F247}.AppStore|x86.Build.0 = Release|Any CPU
		{A8858A5F-26E4-44A3-95BA-77C1C7C7F247}.AppStore|x86.Deploy.0 = Release|Any CPU
		{A8858A5F-26E4-44A3-95BA-77C1C7C7F247}.Debug|Any CPU.ActiveCfg = Debug|Any CPU
		{A8858A5F-26E4-44A3-95BA-77C1C7C7F247}.Debug|Any CPU.Build.0 = Debug|Any CPU
		{A8858A5F-26E4-44A3-95BA-77C1C7C7F247}.Debug|Any CPU.Deploy.0 = Debug|Any CPU
		{A8858A5F-26E4-44A3-95BA-77C1C7C7F247}.Debug|ARM.ActiveCfg = Debug|Any CPU
		{A8858A5F-26E4-44A3-95BA-77C1C7C7F247}.Debug|ARM.Build.0 = Debug|Any CPU
		{A8858A5F-26E4-44A3-95BA-77C1C7C7F247}.Debug|ARM.Deploy.0 = Debug|Any CPU
		{A8858A5F-26E4-44A3-95BA-77C1C7C7F247}.Debug|iPhone.ActiveCfg = Debug|Any CPU
		{A8858A5F-26E4-44A3-95BA-77C1C7C7F247}.Debug|iPhone.Build.0 = Debug|Any CPU
		{A8858A5F-26E4-44A3-95BA-77C1C7C7F247}.Debug|iPhone.Deploy.0 = Debug|Any CPU
		{A8858A5F-26E4-44A3-95BA-77C1C7C7F247}.Debug|iPhoneSimulator.ActiveCfg = Debug|Any CPU
		{A8858A5F-26E4-44A3-95BA-77C1C7C7F247}.Debug|iPhoneSimulator.Build.0 = Debug|Any CPU
		{A8858A5F-26E4-44A3-95BA-77C1C7C7F247}.Debug|iPhoneSimulator.Deploy.0 = Debug|Any CPU
		{A8858A5F-26E4-44A3-95BA-77C1C7C7F247}.Debug|x64.ActiveCfg = Debug|Any CPU
		{A8858A5F-26E4-44A3-95BA-77C1C7C7F247}.Debug|x64.Build.0 = Debug|Any CPU
		{A8858A5F-26E4-44A3-95BA-77C1C7C7F247}.Debug|x64.Deploy.0 = Debug|Any CPU
		{A8858A5F-26E4-44A3-95BA-77C1C7C7F247}.Debug|x86.ActiveCfg = Debug|Any CPU
		{A8858A5F-26E4-44A3-95BA-77C1C7C7F247}.Debug|x86.Build.0 = Debug|Any CPU
		{A8858A5F-26E4-44A3-95BA-77C1C7C7F247}.Debug|x86.Deploy.0 = Debug|Any CPU
		{A8858A5F-26E4-44A3-95BA-77C1C7C7F247}.Release|Any CPU.ActiveCfg = Release|Any CPU
		{A8858A5F-26E4-44A3-95BA-77C1C7C7F247}.Release|Any CPU.Build.0 = Release|Any CPU
		{A8858A5F-26E4-44A3-95BA-77C1C7C7F247}.Release|Any CPU.Deploy.0 = Release|Any CPU
		{A8858A5F-26E4-44A3-95BA-77C1C7C7F247}.Release|ARM.ActiveCfg = Release|Any CPU
		{A8858A5F-26E4-44A3-95BA-77C1C7C7F247}.Release|ARM.Build.0 = Release|Any CPU
		{A8858A5F-26E4-44A3-95BA-77C1C7C7F247}.Release|ARM.Deploy.0 = Release|Any CPU
		{A8858A5F-26E4-44A3-95BA-77C1C7C7F247}.Release|iPhone.ActiveCfg = Release|Any CPU
		{A8858A5F-26E4-44A3-95BA-77C1C7C7F247}.Release|iPhone.Build.0 = Release|Any CPU
		{A8858A5F-26E4-44A3-95BA-77C1C7C7F247}.Release|iPhone.Deploy.0 = Release|Any CPU
		{A8858A5F-26E4-44A3-95BA-77C1C7C7F247}.Release|iPhoneSimulator.ActiveCfg = Release|Any CPU
		{A8858A5F-26E4-44A3-95BA-77C1C7C7F247}.Release|iPhoneSimulator.Build.0 = Release|Any CPU
		{A8858A5F-26E4-44A3-95BA-77C1C7C7F247}.Release|iPhoneSimulator.Deploy.0 = Release|Any CPU
		{A8858A5F-26E4-44A3-95BA-77C1C7C7F247}.Release|x64.ActiveCfg = Release|Any CPU
		{A8858A5F-26E4-44A3-95BA-77C1C7C7F247}.Release|x64.Build.0 = Release|Any CPU
		{A8858A5F-26E4-44A3-95BA-77C1C7C7F247}.Release|x64.Deploy.0 = Release|Any CPU
		{A8858A5F-26E4-44A3-95BA-77C1C7C7F247}.Release|x86.ActiveCfg = Release|Any CPU
		{A8858A5F-26E4-44A3-95BA-77C1C7C7F247}.Release|x86.Build.0 = Release|Any CPU
		{A8858A5F-26E4-44A3-95BA-77C1C7C7F247}.Release|x86.Deploy.0 = Release|Any CPU
		{7CC38756-5FDE-472E-A74A-4F87873A86E8}.Ad-Hoc|Any CPU.ActiveCfg = Release|Any CPU
		{7CC38756-5FDE-472E-A74A-4F87873A86E8}.Ad-Hoc|Any CPU.Build.0 = Release|Any CPU
		{7CC38756-5FDE-472E-A74A-4F87873A86E8}.Ad-Hoc|ARM.ActiveCfg = Release|Any CPU
		{7CC38756-5FDE-472E-A74A-4F87873A86E8}.Ad-Hoc|ARM.Build.0 = Release|Any CPU
		{7CC38756-5FDE-472E-A74A-4F87873A86E8}.Ad-Hoc|iPhone.ActiveCfg = Release|Any CPU
		{7CC38756-5FDE-472E-A74A-4F87873A86E8}.Ad-Hoc|iPhone.Build.0 = Release|Any CPU
		{7CC38756-5FDE-472E-A74A-4F87873A86E8}.Ad-Hoc|iPhoneSimulator.ActiveCfg = Release|Any CPU
		{7CC38756-5FDE-472E-A74A-4F87873A86E8}.Ad-Hoc|iPhoneSimulator.Build.0 = Release|Any CPU
		{7CC38756-5FDE-472E-A74A-4F87873A86E8}.Ad-Hoc|x64.ActiveCfg = Release|Any CPU
		{7CC38756-5FDE-472E-A74A-4F87873A86E8}.Ad-Hoc|x64.Build.0 = Release|Any CPU
		{7CC38756-5FDE-472E-A74A-4F87873A86E8}.Ad-Hoc|x86.ActiveCfg = Release|Any CPU
		{7CC38756-5FDE-472E-A74A-4F87873A86E8}.Ad-Hoc|x86.Build.0 = Release|Any CPU
		{7CC38756-5FDE-472E-A74A-4F87873A86E8}.AppStore|Any CPU.ActiveCfg = Release|Any CPU
		{7CC38756-5FDE-472E-A74A-4F87873A86E8}.AppStore|Any CPU.Build.0 = Release|Any CPU
		{7CC38756-5FDE-472E-A74A-4F87873A86E8}.AppStore|ARM.ActiveCfg = Release|Any CPU
		{7CC38756-5FDE-472E-A74A-4F87873A86E8}.AppStore|ARM.Build.0 = Release|Any CPU
		{7CC38756-5FDE-472E-A74A-4F87873A86E8}.AppStore|iPhone.ActiveCfg = Release|Any CPU
		{7CC38756-5FDE-472E-A74A-4F87873A86E8}.AppStore|iPhone.Build.0 = Release|Any CPU
		{7CC38756-5FDE-472E-A74A-4F87873A86E8}.AppStore|iPhoneSimulator.ActiveCfg = Release|Any CPU
		{7CC38756-5FDE-472E-A74A-4F87873A86E8}.AppStore|iPhoneSimulator.Build.0 = Release|Any CPU
		{7CC38756-5FDE-472E-A74A-4F87873A86E8}.AppStore|x64.ActiveCfg = Release|Any CPU
		{7CC38756-5FDE-472E-A74A-4F87873A86E8}.AppStore|x64.Build.0 = Release|Any CPU
		{7CC38756-5FDE-472E-A74A-4F87873A86E8}.AppStore|x86.ActiveCfg = Release|Any CPU
		{7CC38756-5FDE-472E-A74A-4F87873A86E8}.AppStore|x86.Build.0 = Release|Any CPU
		{7CC38756-5FDE-472E-A74A-4F87873A86E8}.Debug|Any CPU.ActiveCfg = Debug|Any CPU
		{7CC38756-5FDE-472E-A74A-4F87873A86E8}.Debug|Any CPU.Build.0 = Debug|Any CPU
		{7CC38756-5FDE-472E-A74A-4F87873A86E8}.Debug|ARM.ActiveCfg = Debug|Any CPU
		{7CC38756-5FDE-472E-A74A-4F87873A86E8}.Debug|ARM.Build.0 = Debug|Any CPU
		{7CC38756-5FDE-472E-A74A-4F87873A86E8}.Debug|iPhone.ActiveCfg = Debug|Any CPU
		{7CC38756-5FDE-472E-A74A-4F87873A86E8}.Debug|iPhone.Build.0 = Debug|Any CPU
		{7CC38756-5FDE-472E-A74A-4F87873A86E8}.Debug|iPhoneSimulator.ActiveCfg = Debug|Any CPU
		{7CC38756-5FDE-472E-A74A-4F87873A86E8}.Debug|iPhoneSimulator.Build.0 = Debug|Any CPU
		{7CC38756-5FDE-472E-A74A-4F87873A86E8}.Debug|x64.ActiveCfg = Debug|Any CPU
		{7CC38756-5FDE-472E-A74A-4F87873A86E8}.Debug|x64.Build.0 = Debug|Any CPU
		{7CC38756-5FDE-472E-A74A-4F87873A86E8}.Debug|x86.ActiveCfg = Debug|Any CPU
		{7CC38756-5FDE-472E-A74A-4F87873A86E8}.Debug|x86.Build.0 = Debug|Any CPU
		{7CC38756-5FDE-472E-A74A-4F87873A86E8}.Release|Any CPU.ActiveCfg = Release|Any CPU
		{7CC38756-5FDE-472E-A74A-4F87873A86E8}.Release|Any CPU.Build.0 = Release|Any CPU
		{7CC38756-5FDE-472E-A74A-4F87873A86E8}.Release|ARM.ActiveCfg = Release|Any CPU
		{7CC38756-5FDE-472E-A74A-4F87873A86E8}.Release|ARM.Build.0 = Release|Any CPU
		{7CC38756-5FDE-472E-A74A-4F87873A86E8}.Release|iPhone.ActiveCfg = Release|Any CPU
		{7CC38756-5FDE-472E-A74A-4F87873A86E8}.Release|iPhone.Build.0 = Release|Any CPU
		{7CC38756-5FDE-472E-A74A-4F87873A86E8}.Release|iPhoneSimulator.ActiveCfg = Release|Any CPU
		{7CC38756-5FDE-472E-A74A-4F87873A86E8}.Release|iPhoneSimulator.Build.0 = Release|Any CPU
		{7CC38756-5FDE-472E-A74A-4F87873A86E8}.Release|x64.ActiveCfg = Release|Any CPU
		{7CC38756-5FDE-472E-A74A-4F87873A86E8}.Release|x64.Build.0 = Release|Any CPU
		{7CC38756-5FDE-472E-A74A-4F87873A86E8}.Release|x86.ActiveCfg = Release|Any CPU
		{7CC38756-5FDE-472E-A74A-4F87873A86E8}.Release|x86.Build.0 = Release|Any CPU
		{7BB2D10C-68FC-4E95-9E3E-2593831FCD70}.Ad-Hoc|Any CPU.ActiveCfg = Release|x86
		{7BB2D10C-68FC-4E95-9E3E-2593831FCD70}.Ad-Hoc|Any CPU.Build.0 = Release|x86
		{7BB2D10C-68FC-4E95-9E3E-2593831FCD70}.Ad-Hoc|Any CPU.Deploy.0 = Release|x86
		{7BB2D10C-68FC-4E95-9E3E-2593831FCD70}.Ad-Hoc|ARM.ActiveCfg = Release|ARM
		{7BB2D10C-68FC-4E95-9E3E-2593831FCD70}.Ad-Hoc|ARM.Build.0 = Release|ARM
		{7BB2D10C-68FC-4E95-9E3E-2593831FCD70}.Ad-Hoc|ARM.Deploy.0 = Release|ARM
		{7BB2D10C-68FC-4E95-9E3E-2593831FCD70}.Ad-Hoc|iPhone.ActiveCfg = Release|x86
		{7BB2D10C-68FC-4E95-9E3E-2593831FCD70}.Ad-Hoc|iPhone.Build.0 = Release|x86
		{7BB2D10C-68FC-4E95-9E3E-2593831FCD70}.Ad-Hoc|iPhone.Deploy.0 = Release|x86
		{7BB2D10C-68FC-4E95-9E3E-2593831FCD70}.Ad-Hoc|iPhoneSimulator.ActiveCfg = Release|x86
		{7BB2D10C-68FC-4E95-9E3E-2593831FCD70}.Ad-Hoc|iPhoneSimulator.Build.0 = Release|x86
		{7BB2D10C-68FC-4E95-9E3E-2593831FCD70}.Ad-Hoc|iPhoneSimulator.Deploy.0 = Release|x86
		{7BB2D10C-68FC-4E95-9E3E-2593831FCD70}.Ad-Hoc|x64.ActiveCfg = Release|x64
		{7BB2D10C-68FC-4E95-9E3E-2593831FCD70}.Ad-Hoc|x64.Build.0 = Release|x64
		{7BB2D10C-68FC-4E95-9E3E-2593831FCD70}.Ad-Hoc|x64.Deploy.0 = Release|x64
		{7BB2D10C-68FC-4E95-9E3E-2593831FCD70}.Ad-Hoc|x86.ActiveCfg = Release|x86
		{7BB2D10C-68FC-4E95-9E3E-2593831FCD70}.Ad-Hoc|x86.Build.0 = Release|x86
		{7BB2D10C-68FC-4E95-9E3E-2593831FCD70}.Ad-Hoc|x86.Deploy.0 = Release|x86
		{7BB2D10C-68FC-4E95-9E3E-2593831FCD70}.AppStore|Any CPU.ActiveCfg = Release|x86
		{7BB2D10C-68FC-4E95-9E3E-2593831FCD70}.AppStore|Any CPU.Build.0 = Release|x86
		{7BB2D10C-68FC-4E95-9E3E-2593831FCD70}.AppStore|Any CPU.Deploy.0 = Release|x86
		{7BB2D10C-68FC-4E95-9E3E-2593831FCD70}.AppStore|ARM.ActiveCfg = Release|ARM
		{7BB2D10C-68FC-4E95-9E3E-2593831FCD70}.AppStore|ARM.Build.0 = Release|ARM
		{7BB2D10C-68FC-4E95-9E3E-2593831FCD70}.AppStore|ARM.Deploy.0 = Release|ARM
		{7BB2D10C-68FC-4E95-9E3E-2593831FCD70}.AppStore|iPhone.ActiveCfg = Release|x86
		{7BB2D10C-68FC-4E95-9E3E-2593831FCD70}.AppStore|iPhone.Build.0 = Release|x86
		{7BB2D10C-68FC-4E95-9E3E-2593831FCD70}.AppStore|iPhone.Deploy.0 = Release|x86
		{7BB2D10C-68FC-4E95-9E3E-2593831FCD70}.AppStore|iPhoneSimulator.ActiveCfg = Release|x86
		{7BB2D10C-68FC-4E95-9E3E-2593831FCD70}.AppStore|iPhoneSimulator.Build.0 = Release|x86
		{7BB2D10C-68FC-4E95-9E3E-2593831FCD70}.AppStore|iPhoneSimulator.Deploy.0 = Release|x86
		{7BB2D10C-68FC-4E95-9E3E-2593831FCD70}.AppStore|x64.ActiveCfg = Release|x64
		{7BB2D10C-68FC-4E95-9E3E-2593831FCD70}.AppStore|x64.Build.0 = Release|x64
		{7BB2D10C-68FC-4E95-9E3E-2593831FCD70}.AppStore|x64.Deploy.0 = Release|x64
		{7BB2D10C-68FC-4E95-9E3E-2593831FCD70}.AppStore|x86.ActiveCfg = Release|x86
		{7BB2D10C-68FC-4E95-9E3E-2593831FCD70}.AppStore|x86.Build.0 = Release|x86
		{7BB2D10C-68FC-4E95-9E3E-2593831FCD70}.AppStore|x86.Deploy.0 = Release|x86
		{7BB2D10C-68FC-4E95-9E3E-2593831FCD70}.Debug|Any CPU.ActiveCfg = Debug|x86
		{7BB2D10C-68FC-4E95-9E3E-2593831FCD70}.Debug|ARM.ActiveCfg = Debug|ARM
		{7BB2D10C-68FC-4E95-9E3E-2593831FCD70}.Debug|ARM.Build.0 = Debug|ARM
		{7BB2D10C-68FC-4E95-9E3E-2593831FCD70}.Debug|ARM.Deploy.0 = Debug|ARM
		{7BB2D10C-68FC-4E95-9E3E-2593831FCD70}.Debug|iPhone.ActiveCfg = Debug|x86
		{7BB2D10C-68FC-4E95-9E3E-2593831FCD70}.Debug|iPhoneSimulator.ActiveCfg = Debug|x86
		{7BB2D10C-68FC-4E95-9E3E-2593831FCD70}.Debug|x64.ActiveCfg = Debug|x64
		{7BB2D10C-68FC-4E95-9E3E-2593831FCD70}.Debug|x64.Build.0 = Debug|x64
		{7BB2D10C-68FC-4E95-9E3E-2593831FCD70}.Debug|x64.Deploy.0 = Debug|x64
		{7BB2D10C-68FC-4E95-9E3E-2593831FCD70}.Debug|x86.ActiveCfg = Debug|x86
		{7BB2D10C-68FC-4E95-9E3E-2593831FCD70}.Debug|x86.Build.0 = Debug|x86
		{7BB2D10C-68FC-4E95-9E3E-2593831FCD70}.Debug|x86.Deploy.0 = Debug|x86
		{7BB2D10C-68FC-4E95-9E3E-2593831FCD70}.Release|Any CPU.ActiveCfg = Release|x86
		{7BB2D10C-68FC-4E95-9E3E-2593831FCD70}.Release|ARM.ActiveCfg = Release|ARM
		{7BB2D10C-68FC-4E95-9E3E-2593831FCD70}.Release|ARM.Build.0 = Release|ARM
		{7BB2D10C-68FC-4E95-9E3E-2593831FCD70}.Release|ARM.Deploy.0 = Release|ARM
		{7BB2D10C-68FC-4E95-9E3E-2593831FCD70}.Release|iPhone.ActiveCfg = Release|x86
		{7BB2D10C-68FC-4E95-9E3E-2593831FCD70}.Release|iPhoneSimulator.ActiveCfg = Release|x86
		{7BB2D10C-68FC-4E95-9E3E-2593831FCD70}.Release|x64.ActiveCfg = Release|x64
		{7BB2D10C-68FC-4E95-9E3E-2593831FCD70}.Release|x64.Build.0 = Release|x64
		{7BB2D10C-68FC-4E95-9E3E-2593831FCD70}.Release|x64.Deploy.0 = Release|x64
		{7BB2D10C-68FC-4E95-9E3E-2593831FCD70}.Release|x86.ActiveCfg = Release|x86
		{7BB2D10C-68FC-4E95-9E3E-2593831FCD70}.Release|x86.Build.0 = Release|x86
		{7BB2D10C-68FC-4E95-9E3E-2593831FCD70}.Release|x86.Deploy.0 = Release|x86
		{66DEC5E1-A73B-4110-8AEF-4411577FFD10}.Ad-Hoc|Any CPU.ActiveCfg = Ad-Hoc|iPhoneSimulator
		{66DEC5E1-A73B-4110-8AEF-4411577FFD10}.Ad-Hoc|ARM.ActiveCfg = Ad-Hoc|iPhone
		{66DEC5E1-A73B-4110-8AEF-4411577FFD10}.Ad-Hoc|iPhone.ActiveCfg = Ad-Hoc|iPhone
		{66DEC5E1-A73B-4110-8AEF-4411577FFD10}.Ad-Hoc|iPhone.Build.0 = Ad-Hoc|iPhone
		{66DEC5E1-A73B-4110-8AEF-4411577FFD10}.Ad-Hoc|iPhoneSimulator.ActiveCfg = Ad-Hoc|iPhoneSimulator
		{66DEC5E1-A73B-4110-8AEF-4411577FFD10}.Ad-Hoc|iPhoneSimulator.Build.0 = Ad-Hoc|iPhoneSimulator
		{66DEC5E1-A73B-4110-8AEF-4411577FFD10}.Ad-Hoc|x64.ActiveCfg = Ad-Hoc|iPhone
		{66DEC5E1-A73B-4110-8AEF-4411577FFD10}.Ad-Hoc|x86.ActiveCfg = Ad-Hoc|iPhone
		{66DEC5E1-A73B-4110-8AEF-4411577FFD10}.AppStore|Any CPU.ActiveCfg = AppStore|iPhoneSimulator
		{66DEC5E1-A73B-4110-8AEF-4411577FFD10}.AppStore|ARM.ActiveCfg = AppStore|iPhone
		{66DEC5E1-A73B-4110-8AEF-4411577FFD10}.AppStore|iPhone.ActiveCfg = AppStore|iPhone
		{66DEC5E1-A73B-4110-8AEF-4411577FFD10}.AppStore|iPhone.Build.0 = AppStore|iPhone
		{66DEC5E1-A73B-4110-8AEF-4411577FFD10}.AppStore|iPhoneSimulator.ActiveCfg = AppStore|iPhoneSimulator
		{66DEC5E1-A73B-4110-8AEF-4411577FFD10}.AppStore|iPhoneSimulator.Build.0 = AppStore|iPhoneSimulator
		{66DEC5E1-A73B-4110-8AEF-4411577FFD10}.AppStore|x64.ActiveCfg = AppStore|iPhone
		{66DEC5E1-A73B-4110-8AEF-4411577FFD10}.AppStore|x86.ActiveCfg = AppStore|iPhone
		{66DEC5E1-A73B-4110-8AEF-4411577FFD10}.Debug|Any CPU.ActiveCfg = Debug|iPhoneSimulator
		{66DEC5E1-A73B-4110-8AEF-4411577FFD10}.Debug|ARM.ActiveCfg = Debug|iPhone
		{66DEC5E1-A73B-4110-8AEF-4411577FFD10}.Debug|iPhone.ActiveCfg = Debug|iPhone
		{66DEC5E1-A73B-4110-8AEF-4411577FFD10}.Debug|iPhone.Build.0 = Debug|iPhone
		{66DEC5E1-A73B-4110-8AEF-4411577FFD10}.Debug|iPhoneSimulator.ActiveCfg = Debug|iPhoneSimulator
		{66DEC5E1-A73B-4110-8AEF-4411577FFD10}.Debug|iPhoneSimulator.Build.0 = Debug|iPhoneSimulator
		{66DEC5E1-A73B-4110-8AEF-4411577FFD10}.Debug|x64.ActiveCfg = Debug|iPhone
		{66DEC5E1-A73B-4110-8AEF-4411577FFD10}.Debug|x86.ActiveCfg = Debug|iPhone
		{66DEC5E1-A73B-4110-8AEF-4411577FFD10}.Release|Any CPU.ActiveCfg = Release|iPhoneSimulator
		{66DEC5E1-A73B-4110-8AEF-4411577FFD10}.Release|ARM.ActiveCfg = Release|iPhone
		{66DEC5E1-A73B-4110-8AEF-4411577FFD10}.Release|iPhone.ActiveCfg = Release|iPhone
		{66DEC5E1-A73B-4110-8AEF-4411577FFD10}.Release|iPhone.Build.0 = Release|iPhone
		{66DEC5E1-A73B-4110-8AEF-4411577FFD10}.Release|iPhoneSimulator.ActiveCfg = Release|iPhoneSimulator
		{66DEC5E1-A73B-4110-8AEF-4411577FFD10}.Release|iPhoneSimulator.Build.0 = Release|iPhoneSimulator
		{66DEC5E1-A73B-4110-8AEF-4411577FFD10}.Release|x64.ActiveCfg = Release|iPhone
		{66DEC5E1-A73B-4110-8AEF-4411577FFD10}.Release|x86.ActiveCfg = Release|iPhone
	EndGlobalSection
	GlobalSection(SolutionProperties) = preSolution
		HideSolutionNode = FALSE
	EndGlobalSection
	GlobalSection(ExtensibilityGlobals) = postSolution
		SolutionGuid = {E8073535-2396-41F4-855B-B20B9385D84B}
	EndGlobalSection
EndGlobal
