
Microsoft Visual Studio Solution File, Format Version 12.00
# Visual Studio 15
VisualStudioVersion = 15.0.27004.2009
MinimumVisualStudioVersion = 10.0.40219.1
Project("{FAE04EC0-301F-11D3-BF4B-00C04F79EFBC}") = "XFDSDeviceID", "XFDSDeviceID\XFDSDeviceID\XFDSDeviceID.csproj", "{8A852A90-BDAC-4527-84E5-2C9BDF0CECF1}"
EndProject
Project("{FAE04EC0-301F-11D3-BF4B-00C04F79EFBC}") = "XFDSDeviceID.Android", "XFDSDeviceID\XFDSDeviceID.Android\XFDSDeviceID.Android.csproj", "{C4102B97-A69A-4172-9FBC-9B6F323AC60B}"
EndProject
Project("{FAE04EC0-301F-11D3-BF4B-00C04F79EFBC}") = "XFDSDeviceID.iOS", "XFDSDeviceID\XFDSDeviceID.iOS\XFDSDeviceID.iOS.csproj", "{AB47EAB4-3C4B-49F6-93DF-F4AE1242022B}"
EndProject
Global
	GlobalSection(SolutionConfigurationPlatforms) = preSolution
		Ad-Hoc|Any CPU = Ad-Hoc|Any CPU
		Ad-Hoc|iPhone = Ad-Hoc|iPhone
		Ad-Hoc|iPhoneSimulator = Ad-Hoc|iPhoneSimulator
		AppStore|Any CPU = AppStore|Any CPU
		AppStore|iPhone = AppStore|iPhone
		AppStore|iPhoneSimulator = AppStore|iPhoneSimulator
		Debug|Any CPU = Debug|Any CPU
		Debug|iPhone = Debug|iPhone
		Debug|iPhoneSimulator = Debug|iPhoneSimulator
		Release|Any CPU = Release|Any CPU
		Release|iPhone = Release|iPhone
		Release|iPhoneSimulator = Release|iPhoneSimulator
	EndGlobalSection
	GlobalSection(ProjectConfigurationPlatforms) = postSolution
		{8A852A90-BDAC-4527-84E5-2C9BDF0CECF1}.Ad-Hoc|Any CPU.ActiveCfg = Debug|Any CPU
		{8A852A90-BDAC-4527-84E5-2C9BDF0CECF1}.Ad-Hoc|Any CPU.Build.0 = Debug|Any CPU
		{8A852A90-BDAC-4527-84E5-2C9BDF0CECF1}.Ad-Hoc|iPhone.ActiveCfg = Debug|Any CPU
		{8A852A90-BDAC-4527-84E5-2C9BDF0CECF1}.Ad-Hoc|iPhone.Build.0 = Debug|Any CPU
		{8A852A90-BDAC-4527-84E5-2C9BDF0CECF1}.Ad-Hoc|iPhoneSimulator.ActiveCfg = Debug|Any CPU
		{8A852A90-BDAC-4527-84E5-2C9BDF0CECF1}.Ad-Hoc|iPhoneSimulator.Build.0 = Debug|Any CPU
		{8A852A90-BDAC-4527-84E5-2C9BDF0CECF1}.AppStore|Any CPU.ActiveCfg = Debug|Any CPU
		{8A852A90-BDAC-4527-84E5-2C9BDF0CECF1}.AppStore|Any CPU.Build.0 = Debug|Any CPU
		{8A852A90-BDAC-4527-84E5-2C9BDF0CECF1}.AppStore|iPhone.ActiveCfg = Debug|Any CPU
		{8A852A90-BDAC-4527-84E5-2C9BDF0CECF1}.AppStore|iPhone.Build.0 = Debug|Any CPU
		{8A852A90-BDAC-4527-84E5-2C9BDF0CECF1}.AppStore|iPhoneSimulator.ActiveCfg = Debug|Any CPU
		{8A852A90-BDAC-4527-84E5-2C9BDF0CECF1}.AppStore|iPhoneSimulator.Build.0 = Debug|Any CPU
		{8A852A90-BDAC-4527-84E5-2C9BDF0CECF1}.Debug|Any CPU.ActiveCfg = Debug|Any CPU
		{8A852A90-BDAC-4527-84E5-2C9BDF0CECF1}.Debug|Any CPU.Build.0 = Debug|Any CPU
		{8A852A90-BDAC-4527-84E5-2C9BDF0CECF1}.Debug|iPhone.ActiveCfg = Debug|Any CPU
		{8A852A90-BDAC-4527-84E5-2C9BDF0CECF1}.Debug|iPhone.Build.0 = Debug|Any CPU
		{8A852A90-BDAC-4527-84E5-2C9BDF0CECF1}.Debug|iPhoneSimulator.ActiveCfg = Debug|Any CPU
		{8A852A90-BDAC-4527-84E5-2C9BDF0CECF1}.Debug|iPhoneSimulator.Build.0 = Debug|Any CPU
		{8A852A90-BDAC-4527-84E5-2C9BDF0CECF1}.Release|Any CPU.ActiveCfg = Release|Any CPU
		{8A852A90-BDAC-4527-84E5-2C9BDF0CECF1}.Release|Any CPU.Build.0 = Release|Any CPU
		{8A852A90-BDAC-4527-84E5-2C9BDF0CECF1}.Release|iPhone.ActiveCfg = Release|Any CPU
		{8A852A90-BDAC-4527-84E5-2C9BDF0CECF1}.Release|iPhone.Build.0 = Release|Any CPU
		{8A852A90-BDAC-4527-84E5-2C9BDF0CECF1}.Release|iPhoneSimulator.ActiveCfg = Release|Any CPU
		{8A852A90-BDAC-4527-84E5-2C9BDF0CECF1}.Release|iPhoneSimulator.Build.0 = Release|Any CPU
		{C4102B97-A69A-4172-9FBC-9B6F323AC60B}.Ad-Hoc|Any CPU.ActiveCfg = Release|Any CPU
		{C4102B97-A69A-4172-9FBC-9B6F323AC60B}.Ad-Hoc|Any CPU.Build.0 = Release|Any CPU
		{C4102B97-A69A-4172-9FBC-9B6F323AC60B}.Ad-Hoc|Any CPU.Deploy.0 = Release|Any CPU
		{C4102B97-A69A-4172-9FBC-9B6F323AC60B}.Ad-Hoc|iPhone.ActiveCfg = Release|Any CPU
		{C4102B97-A69A-4172-9FBC-9B6F323AC60B}.Ad-Hoc|iPhone.Build.0 = Release|Any CPU
		{C4102B97-A69A-4172-9FBC-9B6F323AC60B}.Ad-Hoc|iPhone.Deploy.0 = Release|Any CPU
		{C4102B97-A69A-4172-9FBC-9B6F323AC60B}.Ad-Hoc|iPhoneSimulator.ActiveCfg = Release|Any CPU
		{C4102B97-A69A-4172-9FBC-9B6F323AC60B}.Ad-Hoc|iPhoneSimulator.Build.0 = Release|Any CPU
		{C4102B97-A69A-4172-9FBC-9B6F323AC60B}.Ad-Hoc|iPhoneSimulator.Deploy.0 = Release|Any CPU
		{C4102B97-A69A-4172-9FBC-9B6F323AC60B}.AppStore|Any CPU.ActiveCfg = Release|Any CPU
		{C4102B97-A69A-4172-9FBC-9B6F323AC60B}.AppStore|Any CPU.Build.0 = Release|Any CPU
		{C4102B97-A69A-4172-9FBC-9B6F323AC60B}.AppStore|Any CPU.Deploy.0 = Release|Any CPU
		{C4102B97-A69A-4172-9FBC-9B6F323AC60B}.AppStore|iPhone.ActiveCfg = Release|Any CPU
		{C4102B97-A69A-4172-9FBC-9B6F323AC60B}.AppStore|iPhone.Build.0 = Release|Any CPU
		{C4102B97-A69A-4172-9FBC-9B6F323AC60B}.AppStore|iPhone.Deploy.0 = Release|Any CPU
		{C4102B97-A69A-4172-9FBC-9B6F323AC60B}.AppStore|iPhoneSimulator.ActiveCfg = Release|Any CPU
		{C4102B97-A69A-4172-9FBC-9B6F323AC60B}.AppStore|iPhoneSimulator.Build.0 = Release|Any CPU
		{C4102B97-A69A-4172-9FBC-9B6F323AC60B}.AppStore|iPhoneSimulator.Deploy.0 = Release|Any CPU
		{C4102B97-A69A-4172-9FBC-9B6F323AC60B}.Debug|Any CPU.ActiveCfg = Debug|Any CPU
		{C4102B97-A69A-4172-9FBC-9B6F323AC60B}.Debug|Any CPU.Build.0 = Debug|Any CPU
		{C4102B97-A69A-4172-9FBC-9B6F323AC60B}.Debug|Any CPU.Deploy.0 = Debug|Any CPU
		{C4102B97-A69A-4172-9FBC-9B6F323AC60B}.Debug|iPhone.ActiveCfg = Debug|Any CPU
		{C4102B97-A69A-4172-9FBC-9B6F323AC60B}.Debug|iPhone.Build.0 = Debug|Any CPU
		{C4102B97-A69A-4172-9FBC-9B6F323AC60B}.Debug|iPhone.Deploy.0 = Debug|Any CPU
		{C4102B97-A69A-4172-9FBC-9B6F323AC60B}.Debug|iPhoneSimulator.ActiveCfg = Debug|Any CPU
		{C4102B97-A69A-4172-9FBC-9B6F323AC60B}.Debug|iPhoneSimulator.Build.0 = Debug|Any CPU
		{C4102B97-A69A-4172-9FBC-9B6F323AC60B}.Debug|iPhoneSimulator.Deploy.0 = Debug|Any CPU
		{C4102B97-A69A-4172-9FBC-9B6F323AC60B}.Release|Any CPU.ActiveCfg = Release|Any CPU
		{C4102B97-A69A-4172-9FBC-9B6F323AC60B}.Release|Any CPU.Build.0 = Release|Any CPU
		{C4102B97-A69A-4172-9FBC-9B6F323AC60B}.Release|Any CPU.Deploy.0 = Release|Any CPU
		{C4102B97-A69A-4172-9FBC-9B6F323AC60B}.Release|iPhone.ActiveCfg = Release|Any CPU
		{C4102B97-A69A-4172-9FBC-9B6F323AC60B}.Release|iPhone.Build.0 = Release|Any CPU
		{C4102B97-A69A-4172-9FBC-9B6F323AC60B}.Release|iPhone.Deploy.0 = Release|Any CPU
		{C4102B97-A69A-4172-9FBC-9B6F323AC60B}.Release|iPhoneSimulator.ActiveCfg = Release|Any CPU
		{C4102B97-A69A-4172-9FBC-9B6F323AC60B}.Release|iPhoneSimulator.Build.0 = Release|Any CPU
		{C4102B97-A69A-4172-9FBC-9B6F323AC60B}.Release|iPhoneSimulator.Deploy.0 = Release|Any CPU
		{AB47EAB4-3C4B-49F6-93DF-F4AE1242022B}.Ad-Hoc|Any CPU.ActiveCfg = Ad-Hoc|iPhone
		{AB47EAB4-3C4B-49F6-93DF-F4AE1242022B}.Ad-Hoc|iPhone.ActiveCfg = Ad-Hoc|iPhone
		{AB47EAB4-3C4B-49F6-93DF-F4AE1242022B}.Ad-Hoc|iPhone.Build.0 = Ad-Hoc|iPhone
		{AB47EAB4-3C4B-49F6-93DF-F4AE1242022B}.Ad-Hoc|iPhoneSimulator.ActiveCfg = Ad-Hoc|iPhoneSimulator
		{AB47EAB4-3C4B-49F6-93DF-F4AE1242022B}.Ad-Hoc|iPhoneSimulator.Build.0 = Ad-Hoc|iPhoneSimulator
		{AB47EAB4-3C4B-49F6-93DF-F4AE1242022B}.AppStore|Any CPU.ActiveCfg = AppStore|iPhone
		{AB47EAB4-3C4B-49F6-93DF-F4AE1242022B}.AppStore|iPhone.ActiveCfg = AppStore|iPhone
		{AB47EAB4-3C4B-49F6-93DF-F4AE1242022B}.AppStore|iPhone.Build.0 = AppStore|iPhone
		{AB47EAB4-3C4B-49F6-93DF-F4AE1242022B}.AppStore|iPhoneSimulator.ActiveCfg = AppStore|iPhoneSimulator
		{AB47EAB4-3C4B-49F6-93DF-F4AE1242022B}.AppStore|iPhoneSimulator.Build.0 = AppStore|iPhoneSimulator
		{AB47EAB4-3C4B-49F6-93DF-F4AE1242022B}.Debug|Any CPU.ActiveCfg = Debug|iPhone
		{AB47EAB4-3C4B-49F6-93DF-F4AE1242022B}.Debug|iPhone.ActiveCfg = Debug|iPhone
		{AB47EAB4-3C4B-49F6-93DF-F4AE1242022B}.Debug|iPhone.Build.0 = Debug|iPhone
		{AB47EAB4-3C4B-49F6-93DF-F4AE1242022B}.Debug|iPhoneSimulator.ActiveCfg = Debug|iPhoneSimulator
		{AB47EAB4-3C4B-49F6-93DF-F4AE1242022B}.Debug|iPhoneSimulator.Build.0 = Debug|iPhoneSimulator
		{AB47EAB4-3C4B-49F6-93DF-F4AE1242022B}.Release|Any CPU.ActiveCfg = Release|iPhone
		{AB47EAB4-3C4B-49F6-93DF-F4AE1242022B}.Release|iPhone.ActiveCfg = Release|iPhone
		{AB47EAB4-3C4B-49F6-93DF-F4AE1242022B}.Release|iPhone.Build.0 = Release|iPhone
		{AB47EAB4-3C4B-49F6-93DF-F4AE1242022B}.Release|iPhoneSimulator.ActiveCfg = Release|iPhoneSimulator
		{AB47EAB4-3C4B-49F6-93DF-F4AE1242022B}.Release|iPhoneSimulator.Build.0 = Release|iPhoneSimulator
	EndGlobalSection
	GlobalSection(SolutionProperties) = preSolution
		HideSolutionNode = FALSE
	EndGlobalSection
	GlobalSection(ExtensibilityGlobals) = postSolution
		SolutionGuid = {8912CC31-7A06-4C01-9AE8-59A3B4D2467F}
	EndGlobalSection
EndGlobal
