
Microsoft Visual Studio Solution File, Format Version 12.00
# Visual Studio 15
VisualStudioVersion = 15.0.27004.2009
MinimumVisualStudioVersion = 10.0.40219.1
Project("{FAE04EC0-301F-11D3-BF4B-00C04F79EFBC}") = "XFConvertBack", "XFConvertBack\XFConvertBack\XFConvertBack.csproj", "{BD3CC1CC-0D34-4DDC-A29A-767D14337A92}"
EndProject
Project("{FAE04EC0-301F-11D3-BF4B-00C04F79EFBC}") = "XFConvertBack.Android", "XFConvertBack\XFConvertBack.Android\XFConvertBack.Android.csproj", "{700F39B7-77B0-44F3-BDF3-9D7DB1DC2723}"
EndProject
Project("{FAE04EC0-301F-11D3-BF4B-00C04F79EFBC}") = "XFConvertBack.iOS", "XFConvertBack\XFConvertBack.iOS\XFConvertBack.iOS.csproj", "{278D4FA8-5DB5-4AE6-AB6E-5292ED3D4D22}"
EndProject
Project("{FAE04EC0-301F-11D3-BF4B-00C04F79EFBC}") = "XFConvertBack.UWP", "XFConvertBack\XFConvertBack.UWP\XFConvertBack.UWP.csproj", "{25AB77E5-F8C6-4A7B-B069-566F11756392}"
EndProject
Global
	GlobalSection(SolutionConfigurationPlatforms) = preSolution
		Ad-Hoc|Any CPU = Ad-Hoc|Any CPU
		Ad-Hoc|ARM = Ad-Hoc|ARM
		Ad-Hoc|iPhone = Ad-Hoc|iPhone
		Ad-Hoc|iPhoneSimulator = Ad-Hoc|iPhoneSimulator
		Ad-Hoc|x64 = Ad-Hoc|x64
		Ad-Hoc|x86 = Ad-Hoc|x86
		AppStore|Any CPU = AppStore|Any CPU
		AppStore|ARM = AppStore|ARM
		AppStore|iPhone = AppStore|iPhone
		AppStore|iPhoneSimulator = AppStore|iPhoneSimulator
		AppStore|x64 = AppStore|x64
		AppStore|x86 = AppStore|x86
		Debug|Any CPU = Debug|Any CPU
		Debug|ARM = Debug|ARM
		Debug|iPhone = Debug|iPhone
		Debug|iPhoneSimulator = Debug|iPhoneSimulator
		Debug|x64 = Debug|x64
		Debug|x86 = Debug|x86
		Release|Any CPU = Release|Any CPU
		Release|ARM = Release|ARM
		Release|iPhone = Release|iPhone
		Release|iPhoneSimulator = Release|iPhoneSimulator
		Release|x64 = Release|x64
		Release|x86 = Release|x86
	EndGlobalSection
	GlobalSection(ProjectConfigurationPlatforms) = postSolution
		{BD3CC1CC-0D34-4DDC-A29A-767D14337A92}.Ad-Hoc|Any CPU.ActiveCfg = Debug|Any CPU
		{BD3CC1CC-0D34-4DDC-A29A-767D14337A92}.Ad-Hoc|Any CPU.Build.0 = Debug|Any CPU
		{BD3CC1CC-0D34-4DDC-A29A-767D14337A92}.Ad-Hoc|ARM.ActiveCfg = Debug|Any CPU
		{BD3CC1CC-0D34-4DDC-A29A-767D14337A92}.Ad-Hoc|ARM.Build.0 = Debug|Any CPU
		{BD3CC1CC-0D34-4DDC-A29A-767D14337A92}.Ad-Hoc|iPhone.ActiveCfg = Debug|Any CPU
		{BD3CC1CC-0D34-4DDC-A29A-767D14337A92}.Ad-Hoc|iPhone.Build.0 = Debug|Any CPU
		{BD3CC1CC-0D34-4DDC-A29A-767D14337A92}.Ad-Hoc|iPhoneSimulator.ActiveCfg = Debug|Any CPU
		{BD3CC1CC-0D34-4DDC-A29A-767D14337A92}.Ad-Hoc|iPhoneSimulator.Build.0 = Debug|Any CPU
		{BD3CC1CC-0D34-4DDC-A29A-767D14337A92}.Ad-Hoc|x64.ActiveCfg = Debug|Any CPU
		{BD3CC1CC-0D34-4DDC-A29A-767D14337A92}.Ad-Hoc|x64.Build.0 = Debug|Any CPU
		{BD3CC1CC-0D34-4DDC-A29A-767D14337A92}.Ad-Hoc|x86.ActiveCfg = Debug|Any CPU
		{BD3CC1CC-0D34-4DDC-A29A-767D14337A92}.Ad-Hoc|x86.Build.0 = Debug|Any CPU
		{BD3CC1CC-0D34-4DDC-A29A-767D14337A92}.AppStore|Any CPU.ActiveCfg = Debug|Any CPU
		{BD3CC1CC-0D34-4DDC-A29A-767D14337A92}.AppStore|Any CPU.Build.0 = Debug|Any CPU
		{BD3CC1CC-0D34-4DDC-A29A-767D14337A92}.AppStore|ARM.ActiveCfg = Debug|Any CPU
		{BD3CC1CC-0D34-4DDC-A29A-767D14337A92}.AppStore|ARM.Build.0 = Debug|Any CPU
		{BD3CC1CC-0D34-4DDC-A29A-767D14337A92}.AppStore|iPhone.ActiveCfg = Debug|Any CPU
		{BD3CC1CC-0D34-4DDC-A29A-767D14337A92}.AppStore|iPhone.Build.0 = Debug|Any CPU
		{BD3CC1CC-0D34-4DDC-A29A-767D14337A92}.AppStore|iPhoneSimulator.ActiveCfg = Debug|Any CPU
		{BD3CC1CC-0D34-4DDC-A29A-767D14337A92}.AppStore|iPhoneSimulator.Build.0 = Debug|Any CPU
		{BD3CC1CC-0D34-4DDC-A29A-767D14337A92}.AppStore|x64.ActiveCfg = Debug|Any CPU
		{BD3CC1CC-0D34-4DDC-A29A-767D14337A92}.AppStore|x64.Build.0 = Debug|Any CPU
		{BD3CC1CC-0D34-4DDC-A29A-767D14337A92}.AppStore|x86.ActiveCfg = Debug|Any CPU
		{BD3CC1CC-0D34-4DDC-A29A-767D14337A92}.AppStore|x86.Build.0 = Debug|Any CPU
		{BD3CC1CC-0D34-4DDC-A29A-767D14337A92}.Debug|Any CPU.ActiveCfg = Debug|Any CPU
		{BD3CC1CC-0D34-4DDC-A29A-767D14337A92}.Debug|Any CPU.Build.0 = Debug|Any CPU
		{BD3CC1CC-0D34-4DDC-A29A-767D14337A92}.Debug|ARM.ActiveCfg = Debug|Any CPU
		{BD3CC1CC-0D34-4DDC-A29A-767D14337A92}.Debug|ARM.Build.0 = Debug|Any CPU
		{BD3CC1CC-0D34-4DDC-A29A-767D14337A92}.Debug|iPhone.ActiveCfg = Debug|Any CPU
		{BD3CC1CC-0D34-4DDC-A29A-767D14337A92}.Debug|iPhone.Build.0 = Debug|Any CPU
		{BD3CC1CC-0D34-4DDC-A29A-767D14337A92}.Debug|iPhoneSimulator.ActiveCfg = Debug|Any CPU
		{BD3CC1CC-0D34-4DDC-A29A-767D14337A92}.Debug|iPhoneSimulator.Build.0 = Debug|Any CPU
		{BD3CC1CC-0D34-4DDC-A29A-767D14337A92}.Debug|x64.ActiveCfg = Debug|Any CPU
		{BD3CC1CC-0D34-4DDC-A29A-767D14337A92}.Debug|x64.Build.0 = Debug|Any CPU
		{BD3CC1CC-0D34-4DDC-A29A-767D14337A92}.Debug|x86.ActiveCfg = Debug|Any CPU
		{BD3CC1CC-0D34-4DDC-A29A-767D14337A92}.Debug|x86.Build.0 = Debug|Any CPU
		{BD3CC1CC-0D34-4DDC-A29A-767D14337A92}.Release|Any CPU.ActiveCfg = Release|Any CPU
		{BD3CC1CC-0D34-4DDC-A29A-767D14337A92}.Release|Any CPU.Build.0 = Release|Any CPU
		{BD3CC1CC-0D34-4DDC-A29A-767D14337A92}.Release|ARM.ActiveCfg = Release|Any CPU
		{BD3CC1CC-0D34-4DDC-A29A-767D14337A92}.Release|ARM.Build.0 = Release|Any CPU
		{BD3CC1CC-0D34-4DDC-A29A-767D14337A92}.Release|iPhone.ActiveCfg = Release|Any CPU
		{BD3CC1CC-0D34-4DDC-A29A-767D14337A92}.Release|iPhone.Build.0 = Release|Any CPU
		{BD3CC1CC-0D34-4DDC-A29A-767D14337A92}.Release|iPhoneSimulator.ActiveCfg = Release|Any CPU
		{BD3CC1CC-0D34-4DDC-A29A-767D14337A92}.Release|iPhoneSimulator.Build.0 = Release|Any CPU
		{BD3CC1CC-0D34-4DDC-A29A-767D14337A92}.Release|x64.ActiveCfg = Release|Any CPU
		{BD3CC1CC-0D34-4DDC-A29A-767D14337A92}.Release|x64.Build.0 = Release|Any CPU
		{BD3CC1CC-0D34-4DDC-A29A-767D14337A92}.Release|x86.ActiveCfg = Release|Any CPU
		{BD3CC1CC-0D34-4DDC-A29A-767D14337A92}.Release|x86.Build.0 = Release|Any CPU
		{700F39B7-77B0-44F3-BDF3-9D7DB1DC2723}.Ad-Hoc|Any CPU.ActiveCfg = Release|Any CPU
		{700F39B7-77B0-44F3-BDF3-9D7DB1DC2723}.Ad-Hoc|Any CPU.Build.0 = Release|Any CPU
		{700F39B7-77B0-44F3-BDF3-9D7DB1DC2723}.Ad-Hoc|Any CPU.Deploy.0 = Release|Any CPU
		{700F39B7-77B0-44F3-BDF3-9D7DB1DC2723}.Ad-Hoc|ARM.ActiveCfg = Release|Any CPU
		{700F39B7-77B0-44F3-BDF3-9D7DB1DC2723}.Ad-Hoc|ARM.Build.0 = Release|Any CPU
		{700F39B7-77B0-44F3-BDF3-9D7DB1DC2723}.Ad-Hoc|ARM.Deploy.0 = Release|Any CPU
		{700F39B7-77B0-44F3-BDF3-9D7DB1DC2723}.Ad-Hoc|iPhone.ActiveCfg = Release|Any CPU
		{700F39B7-77B0-44F3-BDF3-9D7DB1DC2723}.Ad-Hoc|iPhone.Build.0 = Release|Any CPU
		{700F39B7-77B0-44F3-BDF3-9D7DB1DC2723}.Ad-Hoc|iPhone.Deploy.0 = Release|Any CPU
		{700F39B7-77B0-44F3-BDF3-9D7DB1DC2723}.Ad-Hoc|iPhoneSimulator.ActiveCfg = Release|Any CPU
		{700F39B7-77B0-44F3-BDF3-9D7DB1DC2723}.Ad-Hoc|iPhoneSimulator.Build.0 = Release|Any CPU
		{700F39B7-77B0-44F3-BDF3-9D7DB1DC2723}.Ad-Hoc|iPhoneSimulator.Deploy.0 = Release|Any CPU
		{700F39B7-77B0-44F3-BDF3-9D7DB1DC2723}.Ad-Hoc|x64.ActiveCfg = Release|Any CPU
		{700F39B7-77B0-44F3-BDF3-9D7DB1DC2723}.Ad-Hoc|x64.Build.0 = Release|Any CPU
		{700F39B7-77B0-44F3-BDF3-9D7DB1DC2723}.Ad-Hoc|x64.Deploy.0 = Release|Any CPU
		{700F39B7-77B0-44F3-BDF3-9D7DB1DC2723}.Ad-Hoc|x86.ActiveCfg = Release|Any CPU
		{700F39B7-77B0-44F3-BDF3-9D7DB1DC2723}.Ad-Hoc|x86.Build.0 = Release|Any CPU
		{700F39B7-77B0-44F3-BDF3-9D7DB1DC2723}.Ad-Hoc|x86.Deploy.0 = Release|Any CPU
		{700F39B7-77B0-44F3-BDF3-9D7DB1DC2723}.AppStore|Any CPU.ActiveCfg = Release|Any CPU
		{700F39B7-77B0-44F3-BDF3-9D7DB1DC2723}.AppStore|Any CPU.Build.0 = Release|Any CPU
		{700F39B7-77B0-44F3-BDF3-9D7DB1DC2723}.AppStore|Any CPU.Deploy.0 = Release|Any CPU
		{700F39B7-77B0-44F3-BDF3-9D7DB1DC2723}.AppStore|ARM.ActiveCfg = Release|Any CPU
		{700F39B7-77B0-44F3-BDF3-9D7DB1DC2723}.AppStore|ARM.Build.0 = Release|Any CPU
		{700F39B7-77B0-44F3-BDF3-9D7DB1DC2723}.AppStore|ARM.Deploy.0 = Release|Any CPU
		{700F39B7-77B0-44F3-BDF3-9D7DB1DC2723}.AppStore|iPhone.ActiveCfg = Release|Any CPU
		{700F39B7-77B0-44F3-BDF3-9D7DB1DC2723}.AppStore|iPhone.Build.0 = Release|Any CPU
		{700F39B7-77B0-44F3-BDF3-9D7DB1DC2723}.AppStore|iPhone.Deploy.0 = Release|Any CPU
		{700F39B7-77B0-44F3-BDF3-9D7DB1DC2723}.AppStore|iPhoneSimulator.ActiveCfg = Release|Any CPU
		{700F39B7-77B0-44F3-BDF3-9D7DB1DC2723}.AppStore|iPhoneSimulator.Build.0 = Release|Any CPU
		{700F39B7-77B0-44F3-BDF3-9D7DB1DC2723}.AppStore|iPhoneSimulator.Deploy.0 = Release|Any CPU
		{700F39B7-77B0-44F3-BDF3-9D7DB1DC2723}.AppStore|x64.ActiveCfg = Release|Any CPU
		{700F39B7-77B0-44F3-BDF3-9D7DB1DC2723}.AppStore|x64.Build.0 = Release|Any CPU
		{700F39B7-77B0-44F3-BDF3-9D7DB1DC2723}.AppStore|x64.Deploy.0 = Release|Any CPU
		{700F39B7-77B0-44F3-BDF3-9D7DB1DC2723}.AppStore|x86.ActiveCfg = Release|Any CPU
		{700F39B7-77B0-44F3-BDF3-9D7DB1DC2723}.AppStore|x86.Build.0 = Release|Any CPU
		{700F39B7-77B0-44F3-BDF3-9D7DB1DC2723}.AppStore|x86.Deploy.0 = Release|Any CPU
		{700F39B7-77B0-44F3-BDF3-9D7DB1DC2723}.Debug|Any CPU.ActiveCfg = Debug|Any CPU
		{700F39B7-77B0-44F3-BDF3-9D7DB1DC2723}.Debug|Any CPU.Build.0 = Debug|Any CPU
		{700F39B7-77B0-44F3-BDF3-9D7DB1DC2723}.Debug|Any CPU.Deploy.0 = Debug|Any CPU
		{700F39B7-77B0-44F3-BDF3-9D7DB1DC2723}.Debug|ARM.ActiveCfg = Debug|Any CPU
		{700F39B7-77B0-44F3-BDF3-9D7DB1DC2723}.Debug|ARM.Build.0 = Debug|Any CPU
		{700F39B7-77B0-44F3-BDF3-9D7DB1DC2723}.Debug|ARM.Deploy.0 = Debug|Any CPU
		{700F39B7-77B0-44F3-BDF3-9D7DB1DC2723}.Debug|iPhone.ActiveCfg = Debug|Any CPU
		{700F39B7-77B0-44F3-BDF3-9D7DB1DC2723}.Debug|iPhone.Build.0 = Debug|Any CPU
		{700F39B7-77B0-44F3-BDF3-9D7DB1DC2723}.Debug|iPhone.Deploy.0 = Debug|Any CPU
		{700F39B7-77B0-44F3-BDF3-9D7DB1DC2723}.Debug|iPhoneSimulator.ActiveCfg = Debug|Any CPU
		{700F39B7-77B0-44F3-BDF3-9D7DB1DC2723}.Debug|iPhoneSimulator.Build.0 = Debug|Any CPU
		{700F39B7-77B0-44F3-BDF3-9D7DB1DC2723}.Debug|iPhoneSimulator.Deploy.0 = Debug|Any CPU
		{700F39B7-77B0-44F3-BDF3-9D7DB1DC2723}.Debug|x64.ActiveCfg = Debug|Any CPU
		{700F39B7-77B0-44F3-BDF3-9D7DB1DC2723}.Debug|x64.Build.0 = Debug|Any CPU
		{700F39B7-77B0-44F3-BDF3-9D7DB1DC2723}.Debug|x64.Deploy.0 = Debug|Any CPU
		{700F39B7-77B0-44F3-BDF3-9D7DB1DC2723}.Debug|x86.ActiveCfg = Debug|Any CPU
		{700F39B7-77B0-44F3-BDF3-9D7DB1DC2723}.Debug|x86.Build.0 = Debug|Any CPU
		{700F39B7-77B0-44F3-BDF3-9D7DB1DC2723}.Debug|x86.Deploy.0 = Debug|Any CPU
		{700F39B7-77B0-44F3-BDF3-9D7DB1DC2723}.Release|Any CPU.ActiveCfg = Release|Any CPU
		{700F39B7-77B0-44F3-BDF3-9D7DB1DC2723}.Release|Any CPU.Build.0 = Release|Any CPU
		{700F39B7-77B0-44F3-BDF3-9D7DB1DC2723}.Release|Any CPU.Deploy.0 = Release|Any CPU
		{700F39B7-77B0-44F3-BDF3-9D7DB1DC2723}.Release|ARM.ActiveCfg = Release|Any CPU
		{700F39B7-77B0-44F3-BDF3-9D7DB1DC2723}.Release|ARM.Build.0 = Release|Any CPU
		{700F39B7-77B0-44F3-BDF3-9D7DB1DC2723}.Release|ARM.Deploy.0 = Release|Any CPU
		{700F39B7-77B0-44F3-BDF3-9D7DB1DC2723}.Release|iPhone.ActiveCfg = Release|Any CPU
		{700F39B7-77B0-44F3-BDF3-9D7DB1DC2723}.Release|iPhone.Build.0 = Release|Any CPU
		{700F39B7-77B0-44F3-BDF3-9D7DB1DC2723}.Release|iPhone.Deploy.0 = Release|Any CPU
		{700F39B7-77B0-44F3-BDF3-9D7DB1DC2723}.Release|iPhoneSimulator.ActiveCfg = Release|Any CPU
		{700F39B7-77B0-44F3-BDF3-9D7DB1DC2723}.Release|iPhoneSimulator.Build.0 = Release|Any CPU
		{700F39B7-77B0-44F3-BDF3-9D7DB1DC2723}.Release|iPhoneSimulator.Deploy.0 = Release|Any CPU
		{700F39B7-77B0-44F3-BDF3-9D7DB1DC2723}.Release|x64.ActiveCfg = Release|Any CPU
		{700F39B7-77B0-44F3-BDF3-9D7DB1DC2723}.Release|x64.Build.0 = Release|Any CPU
		{700F39B7-77B0-44F3-BDF3-9D7DB1DC2723}.Release|x64.Deploy.0 = Release|Any CPU
		{700F39B7-77B0-44F3-BDF3-9D7DB1DC2723}.Release|x86.ActiveCfg = Release|Any CPU
		{700F39B7-77B0-44F3-BDF3-9D7DB1DC2723}.Release|x86.Build.0 = Release|Any CPU
		{700F39B7-77B0-44F3-BDF3-9D7DB1DC2723}.Release|x86.Deploy.0 = Release|Any CPU
		{278D4FA8-5DB5-4AE6-AB6E-5292ED3D4D22}.Ad-Hoc|Any CPU.ActiveCfg = Ad-Hoc|iPhone
		{278D4FA8-5DB5-4AE6-AB6E-5292ED3D4D22}.Ad-Hoc|ARM.ActiveCfg = Ad-Hoc|iPhone
		{278D4FA8-5DB5-4AE6-AB6E-5292ED3D4D22}.Ad-Hoc|iPhone.ActiveCfg = Ad-Hoc|iPhone
		{278D4FA8-5DB5-4AE6-AB6E-5292ED3D4D22}.Ad-Hoc|iPhone.Build.0 = Ad-Hoc|iPhone
		{278D4FA8-5DB5-4AE6-AB6E-5292ED3D4D22}.Ad-Hoc|iPhoneSimulator.ActiveCfg = Ad-Hoc|iPhoneSimulator
		{278D4FA8-5DB5-4AE6-AB6E-5292ED3D4D22}.Ad-Hoc|iPhoneSimulator.Build.0 = Ad-Hoc|iPhoneSimulator
		{278D4FA8-5DB5-4AE6-AB6E-5292ED3D4D22}.Ad-Hoc|x64.ActiveCfg = Ad-Hoc|iPhone
		{278D4FA8-5DB5-4AE6-AB6E-5292ED3D4D22}.Ad-Hoc|x86.ActiveCfg = Ad-Hoc|iPhone
		{278D4FA8-5DB5-4AE6-AB6E-5292ED3D4D22}.AppStore|Any CPU.ActiveCfg = AppStore|iPhone
		{278D4FA8-5DB5-4AE6-AB6E-5292ED3D4D22}.AppStore|ARM.ActiveCfg = AppStore|iPhone
		{278D4FA8-5DB5-4AE6-AB6E-5292ED3D4D22}.AppStore|iPhone.ActiveCfg = AppStore|iPhone
		{278D4FA8-5DB5-4AE6-AB6E-5292ED3D4D22}.AppStore|iPhone.Build.0 = AppStore|iPhone
		{278D4FA8-5DB5-4AE6-AB6E-5292ED3D4D22}.AppStore|iPhoneSimulator.ActiveCfg = AppStore|iPhoneSimulator
		{278D4FA8-5DB5-4AE6-AB6E-5292ED3D4D22}.AppStore|iPhoneSimulator.Build.0 = AppStore|iPhoneSimulator
		{278D4FA8-5DB5-4AE6-AB6E-5292ED3D4D22}.AppStore|x64.ActiveCfg = AppStore|iPhone
		{278D4FA8-5DB5-4AE6-AB6E-5292ED3D4D22}.AppStore|x86.ActiveCfg = AppStore|iPhone
		{278D4FA8-5DB5-4AE6-AB6E-5292ED3D4D22}.Debug|Any CPU.ActiveCfg = Debug|iPhone
		{278D4FA8-5DB5-4AE6-AB6E-5292ED3D4D22}.Debug|ARM.ActiveCfg = Debug|iPhone
		{278D4FA8-5DB5-4AE6-AB6E-5292ED3D4D22}.Debug|iPhone.ActiveCfg = Debug|iPhone
		{278D4FA8-5DB5-4AE6-AB6E-5292ED3D4D22}.Debug|iPhone.Build.0 = Debug|iPhone
		{278D4FA8-5DB5-4AE6-AB6E-5292ED3D4D22}.Debug|iPhoneSimulator.ActiveCfg = Debug|iPhoneSimulator
		{278D4FA8-5DB5-4AE6-AB6E-5292ED3D4D22}.Debug|iPhoneSimulator.Build.0 = Debug|iPhoneSimulator
		{278D4FA8-5DB5-4AE6-AB6E-5292ED3D4D22}.Debug|x64.ActiveCfg = Debug|iPhone
		{278D4FA8-5DB5-4AE6-AB6E-5292ED3D4D22}.Debug|x86.ActiveCfg = Debug|iPhone
		{278D4FA8-5DB5-4AE6-AB6E-5292ED3D4D22}.Release|Any CPU.ActiveCfg = Release|iPhone
		{278D4FA8-5DB5-4AE6-AB6E-5292ED3D4D22}.Release|ARM.ActiveCfg = Release|iPhone
		{278D4FA8-5DB5-4AE6-AB6E-5292ED3D4D22}.Release|iPhone.ActiveCfg = Release|iPhone
		{278D4FA8-5DB5-4AE6-AB6E-5292ED3D4D22}.Release|iPhone.Build.0 = Release|iPhone
		{278D4FA8-5DB5-4AE6-AB6E-5292ED3D4D22}.Release|iPhoneSimulator.ActiveCfg = Release|iPhoneSimulator
		{278D4FA8-5DB5-4AE6-AB6E-5292ED3D4D22}.Release|iPhoneSimulator.Build.0 = Release|iPhoneSimulator
		{278D4FA8-5DB5-4AE6-AB6E-5292ED3D4D22}.Release|x64.ActiveCfg = Release|iPhone
		{278D4FA8-5DB5-4AE6-AB6E-5292ED3D4D22}.Release|x86.ActiveCfg = Release|iPhone
		{25AB77E5-F8C6-4A7B-B069-566F11756392}.Ad-Hoc|Any CPU.ActiveCfg = Release|x86
		{25AB77E5-F8C6-4A7B-B069-566F11756392}.Ad-Hoc|Any CPU.Build.0 = Release|x86
		{25AB77E5-F8C6-4A7B-B069-566F11756392}.Ad-Hoc|Any CPU.Deploy.0 = Release|x86
		{25AB77E5-F8C6-4A7B-B069-566F11756392}.Ad-Hoc|ARM.ActiveCfg = Release|ARM
		{25AB77E5-F8C6-4A7B-B069-566F11756392}.Ad-Hoc|ARM.Build.0 = Release|ARM
		{25AB77E5-F8C6-4A7B-B069-566F11756392}.Ad-Hoc|ARM.Deploy.0 = Release|ARM
		{25AB77E5-F8C6-4A7B-B069-566F11756392}.Ad-Hoc|iPhone.ActiveCfg = Release|x86
		{25AB77E5-F8C6-4A7B-B069-566F11756392}.Ad-Hoc|iPhone.Build.0 = Release|x86
		{25AB77E5-F8C6-4A7B-B069-566F11756392}.Ad-Hoc|iPhone.Deploy.0 = Release|x86
		{25AB77E5-F8C6-4A7B-B069-566F11756392}.Ad-Hoc|iPhoneSimulator.ActiveCfg = Release|x86
		{25AB77E5-F8C6-4A7B-B069-566F11756392}.Ad-Hoc|iPhoneSimulator.Build.0 = Release|x86
		{25AB77E5-F8C6-4A7B-B069-566F11756392}.Ad-Hoc|iPhoneSimulator.Deploy.0 = Release|x86
		{25AB77E5-F8C6-4A7B-B069-566F11756392}.Ad-Hoc|x64.ActiveCfg = Release|x64
		{25AB77E5-F8C6-4A7B-B069-566F11756392}.Ad-Hoc|x64.Build.0 = Release|x64
		{25AB77E5-F8C6-4A7B-B069-566F11756392}.Ad-Hoc|x64.Deploy.0 = Release|x64
		{25AB77E5-F8C6-4A7B-B069-566F11756392}.Ad-Hoc|x86.ActiveCfg = Release|x86
		{25AB77E5-F8C6-4A7B-B069-566F11756392}.Ad-Hoc|x86.Build.0 = Release|x86
		{25AB77E5-F8C6-4A7B-B069-566F11756392}.Ad-Hoc|x86.Deploy.0 = Release|x86
		{25AB77E5-F8C6-4A7B-B069-566F11756392}.AppStore|Any CPU.ActiveCfg = Release|x86
		{25AB77E5-F8C6-4A7B-B069-566F11756392}.AppStore|Any CPU.Build.0 = Release|x86
		{25AB77E5-F8C6-4A7B-B069-566F11756392}.AppStore|Any CPU.Deploy.0 = Release|x86
		{25AB77E5-F8C6-4A7B-B069-566F11756392}.AppStore|ARM.ActiveCfg = Release|ARM
		{25AB77E5-F8C6-4A7B-B069-566F11756392}.AppStore|ARM.Build.0 = Release|ARM
		{25AB77E5-F8C6-4A7B-B069-566F11756392}.AppStore|ARM.Deploy.0 = Release|ARM
		{25AB77E5-F8C6-4A7B-B069-566F11756392}.AppStore|iPhone.ActiveCfg = Release|x86
		{25AB77E5-F8C6-4A7B-B069-566F11756392}.AppStore|iPhone.Build.0 = Release|x86
		{25AB77E5-F8C6-4A7B-B069-566F11756392}.AppStore|iPhone.Deploy.0 = Release|x86
		{25AB77E5-F8C6-4A7B-B069-566F11756392}.AppStore|iPhoneSimulator.ActiveCfg = Release|x86
		{25AB77E5-F8C6-4A7B-B069-566F11756392}.AppStore|iPhoneSimulator.Build.0 = Release|x86
		{25AB77E5-F8C6-4A7B-B069-566F11756392}.AppStore|iPhoneSimulator.Deploy.0 = Release|x86
		{25AB77E5-F8C6-4A7B-B069-566F11756392}.AppStore|x64.ActiveCfg = Release|x64
		{25AB77E5-F8C6-4A7B-B069-566F11756392}.AppStore|x64.Build.0 = Release|x64
		{25AB77E5-F8C6-4A7B-B069-566F11756392}.AppStore|x64.Deploy.0 = Release|x64
		{25AB77E5-F8C6-4A7B-B069-566F11756392}.AppStore|x86.ActiveCfg = Release|x86
		{25AB77E5-F8C6-4A7B-B069-566F11756392}.AppStore|x86.Build.0 = Release|x86
		{25AB77E5-F8C6-4A7B-B069-566F11756392}.AppStore|x86.Deploy.0 = Release|x86
		{25AB77E5-F8C6-4A7B-B069-566F11756392}.Debug|Any CPU.ActiveCfg = Debug|x86
		{25AB77E5-F8C6-4A7B-B069-566F11756392}.Debug|ARM.ActiveCfg = Debug|ARM
		{25AB77E5-F8C6-4A7B-B069-566F11756392}.Debug|ARM.Build.0 = Debug|ARM
		{25AB77E5-F8C6-4A7B-B069-566F11756392}.Debug|ARM.Deploy.0 = Debug|ARM
		{25AB77E5-F8C6-4A7B-B069-566F11756392}.Debug|iPhone.ActiveCfg = Debug|x86
		{25AB77E5-F8C6-4A7B-B069-566F11756392}.Debug|iPhoneSimulator.ActiveCfg = Debug|x86
		{25AB77E5-F8C6-4A7B-B069-566F11756392}.Debug|x64.ActiveCfg = Debug|x64
		{25AB77E5-F8C6-4A7B-B069-566F11756392}.Debug|x64.Build.0 = Debug|x64
		{25AB77E5-F8C6-4A7B-B069-566F11756392}.Debug|x64.Deploy.0 = Debug|x64
		{25AB77E5-F8C6-4A7B-B069-566F11756392}.Debug|x86.ActiveCfg = Debug|x86
		{25AB77E5-F8C6-4A7B-B069-566F11756392}.Debug|x86.Build.0 = Debug|x86
		{25AB77E5-F8C6-4A7B-B069-566F11756392}.Debug|x86.Deploy.0 = Debug|x86
		{25AB77E5-F8C6-4A7B-B069-566F11756392}.Release|Any CPU.ActiveCfg = Release|x86
		{25AB77E5-F8C6-4A7B-B069-566F11756392}.Release|ARM.ActiveCfg = Release|ARM
		{25AB77E5-F8C6-4A7B-B069-566F11756392}.Release|ARM.Build.0 = Release|ARM
		{25AB77E5-F8C6-4A7B-B069-566F11756392}.Release|ARM.Deploy.0 = Release|ARM
		{25AB77E5-F8C6-4A7B-B069-566F11756392}.Release|iPhone.ActiveCfg = Release|x86
		{25AB77E5-F8C6-4A7B-B069-566F11756392}.Release|iPhoneSimulator.ActiveCfg = Release|x86
		{25AB77E5-F8C6-4A7B-B069-566F11756392}.Release|x64.ActiveCfg = Release|x64
		{25AB77E5-F8C6-4A7B-B069-566F11756392}.Release|x64.Build.0 = Release|x64
		{25AB77E5-F8C6-4A7B-B069-566F11756392}.Release|x64.Deploy.0 = Release|x64
		{25AB77E5-F8C6-4A7B-B069-566F11756392}.Release|x86.ActiveCfg = Release|x86
		{25AB77E5-F8C6-4A7B-B069-566F11756392}.Release|x86.Build.0 = Release|x86
		{25AB77E5-F8C6-4A7B-B069-566F11756392}.Release|x86.Deploy.0 = Release|x86
	EndGlobalSection
	GlobalSection(SolutionProperties) = preSolution
		HideSolutionNode = FALSE
	EndGlobalSection
	GlobalSection(ExtensibilityGlobals) = postSolution
		SolutionGuid = {D30991F1-49D8-441B-A708-BFE6B4A322F7}
	EndGlobalSection
EndGlobal
