
Microsoft Visual Studio Solution File, Format Version 12.00
# Visual Studio 15
VisualStudioVersion = 15.0.27004.2009
MinimumVisualStudioVersion = 10.0.40219.1
Project("{FAE04EC0-301F-11D3-BF4B-00C04F79EFBC}") = "XFStatRes", "XFStatRes\XFStatRes\XFStatRes.csproj", "{52DF51DF-2062-4FEB-951F-FD7A3367BA1A}"
EndProject
Project("{FAE04EC0-301F-11D3-BF4B-00C04F79EFBC}") = "XFStatRes.Android", "XFStatRes\XFStatRes.Android\XFStatRes.Android.csproj", "{6044EE1D-B10F-4B4C-AAF3-D9DD05570F3A}"
EndProject
Project("{FAE04EC0-301F-11D3-BF4B-00C04F79EFBC}") = "XFStatRes.iOS", "XFStatRes\XFStatRes.iOS\XFStatRes.iOS.csproj", "{B20FF068-39BF-4908-863F-07E555BD06CB}"
EndProject
Project("{FAE04EC0-301F-11D3-BF4B-00C04F79EFBC}") = "XFStatRes.UWP", "XFStatRes\XFStatRes.UWP\XFStatRes.UWP.csproj", "{2A5600ED-3A79-4DA1-A19D-412D6BD3300B}"
EndProject
Global
	GlobalSection(SolutionConfigurationPlatforms) = preSolution
		Ad-Hoc|Any CPU = Ad-Hoc|Any CPU
		Ad-Hoc|ARM = Ad-Hoc|ARM
		Ad-Hoc|iPhone = Ad-Hoc|iPhone
		Ad-Hoc|iPhoneSimulator = Ad-Hoc|iPhoneSimulator
		Ad-Hoc|x64 = Ad-Hoc|x64
		Ad-Hoc|x86 = Ad-Hoc|x86
		AppStore|Any CPU = AppStore|Any CPU
		AppStore|ARM = AppStore|ARM
		AppStore|iPhone = AppStore|iPhone
		AppStore|iPhoneSimulator = AppStore|iPhoneSimulator
		AppStore|x64 = AppStore|x64
		AppStore|x86 = AppStore|x86
		Debug|Any CPU = Debug|Any CPU
		Debug|ARM = Debug|ARM
		Debug|iPhone = Debug|iPhone
		Debug|iPhoneSimulator = Debug|iPhoneSimulator
		Debug|x64 = Debug|x64
		Debug|x86 = Debug|x86
		Release|Any CPU = Release|Any CPU
		Release|ARM = Release|ARM
		Release|iPhone = Release|iPhone
		Release|iPhoneSimulator = Release|iPhoneSimulator
		Release|x64 = Release|x64
		Release|x86 = Release|x86
	EndGlobalSection
	GlobalSection(ProjectConfigurationPlatforms) = postSolution
		{52DF51DF-2062-4FEB-951F-FD7A3367BA1A}.Ad-Hoc|Any CPU.ActiveCfg = Debug|Any CPU
		{52DF51DF-2062-4FEB-951F-FD7A3367BA1A}.Ad-Hoc|Any CPU.Build.0 = Debug|Any CPU
		{52DF51DF-2062-4FEB-951F-FD7A3367BA1A}.Ad-Hoc|ARM.ActiveCfg = Debug|Any CPU
		{52DF51DF-2062-4FEB-951F-FD7A3367BA1A}.Ad-Hoc|ARM.Build.0 = Debug|Any CPU
		{52DF51DF-2062-4FEB-951F-FD7A3367BA1A}.Ad-Hoc|iPhone.ActiveCfg = Debug|Any CPU
		{52DF51DF-2062-4FEB-951F-FD7A3367BA1A}.Ad-Hoc|iPhone.Build.0 = Debug|Any CPU
		{52DF51DF-2062-4FEB-951F-FD7A3367BA1A}.Ad-Hoc|iPhoneSimulator.ActiveCfg = Debug|Any CPU
		{52DF51DF-2062-4FEB-951F-FD7A3367BA1A}.Ad-Hoc|iPhoneSimulator.Build.0 = Debug|Any CPU
		{52DF51DF-2062-4FEB-951F-FD7A3367BA1A}.Ad-Hoc|x64.ActiveCfg = Debug|Any CPU
		{52DF51DF-2062-4FEB-951F-FD7A3367BA1A}.Ad-Hoc|x64.Build.0 = Debug|Any CPU
		{52DF51DF-2062-4FEB-951F-FD7A3367BA1A}.Ad-Hoc|x86.ActiveCfg = Debug|Any CPU
		{52DF51DF-2062-4FEB-951F-FD7A3367BA1A}.Ad-Hoc|x86.Build.0 = Debug|Any CPU
		{52DF51DF-2062-4FEB-951F-FD7A3367BA1A}.AppStore|Any CPU.ActiveCfg = Debug|Any CPU
		{52DF51DF-2062-4FEB-951F-FD7A3367BA1A}.AppStore|Any CPU.Build.0 = Debug|Any CPU
		{52DF51DF-2062-4FEB-951F-FD7A3367BA1A}.AppStore|ARM.ActiveCfg = Debug|Any CPU
		{52DF51DF-2062-4FEB-951F-FD7A3367BA1A}.AppStore|ARM.Build.0 = Debug|Any CPU
		{52DF51DF-2062-4FEB-951F-FD7A3367BA1A}.AppStore|iPhone.ActiveCfg = Debug|Any CPU
		{52DF51DF-2062-4FEB-951F-FD7A3367BA1A}.AppStore|iPhone.Build.0 = Debug|Any CPU
		{52DF51DF-2062-4FEB-951F-FD7A3367BA1A}.AppStore|iPhoneSimulator.ActiveCfg = Debug|Any CPU
		{52DF51DF-2062-4FEB-951F-FD7A3367BA1A}.AppStore|iPhoneSimulator.Build.0 = Debug|Any CPU
		{52DF51DF-2062-4FEB-951F-FD7A3367BA1A}.AppStore|x64.ActiveCfg = Debug|Any CPU
		{52DF51DF-2062-4FEB-951F-FD7A3367BA1A}.AppStore|x64.Build.0 = Debug|Any CPU
		{52DF51DF-2062-4FEB-951F-FD7A3367BA1A}.AppStore|x86.ActiveCfg = Debug|Any CPU
		{52DF51DF-2062-4FEB-951F-FD7A3367BA1A}.AppStore|x86.Build.0 = Debug|Any CPU
		{52DF51DF-2062-4FEB-951F-FD7A3367BA1A}.Debug|Any CPU.ActiveCfg = Debug|Any CPU
		{52DF51DF-2062-4FEB-951F-FD7A3367BA1A}.Debug|Any CPU.Build.0 = Debug|Any CPU
		{52DF51DF-2062-4FEB-951F-FD7A3367BA1A}.Debug|ARM.ActiveCfg = Debug|Any CPU
		{52DF51DF-2062-4FEB-951F-FD7A3367BA1A}.Debug|ARM.Build.0 = Debug|Any CPU
		{52DF51DF-2062-4FEB-951F-FD7A3367BA1A}.Debug|iPhone.ActiveCfg = Debug|Any CPU
		{52DF51DF-2062-4FEB-951F-FD7A3367BA1A}.Debug|iPhone.Build.0 = Debug|Any CPU
		{52DF51DF-2062-4FEB-951F-FD7A3367BA1A}.Debug|iPhoneSimulator.ActiveCfg = Debug|Any CPU
		{52DF51DF-2062-4FEB-951F-FD7A3367BA1A}.Debug|iPhoneSimulator.Build.0 = Debug|Any CPU
		{52DF51DF-2062-4FEB-951F-FD7A3367BA1A}.Debug|x64.ActiveCfg = Debug|Any CPU
		{52DF51DF-2062-4FEB-951F-FD7A3367BA1A}.Debug|x64.Build.0 = Debug|Any CPU
		{52DF51DF-2062-4FEB-951F-FD7A3367BA1A}.Debug|x86.ActiveCfg = Debug|Any CPU
		{52DF51DF-2062-4FEB-951F-FD7A3367BA1A}.Debug|x86.Build.0 = Debug|Any CPU
		{52DF51DF-2062-4FEB-951F-FD7A3367BA1A}.Release|Any CPU.ActiveCfg = Release|Any CPU
		{52DF51DF-2062-4FEB-951F-FD7A3367BA1A}.Release|Any CPU.Build.0 = Release|Any CPU
		{52DF51DF-2062-4FEB-951F-FD7A3367BA1A}.Release|ARM.ActiveCfg = Release|Any CPU
		{52DF51DF-2062-4FEB-951F-FD7A3367BA1A}.Release|ARM.Build.0 = Release|Any CPU
		{52DF51DF-2062-4FEB-951F-FD7A3367BA1A}.Release|iPhone.ActiveCfg = Release|Any CPU
		{52DF51DF-2062-4FEB-951F-FD7A3367BA1A}.Release|iPhone.Build.0 = Release|Any CPU
		{52DF51DF-2062-4FEB-951F-FD7A3367BA1A}.Release|iPhoneSimulator.ActiveCfg = Release|Any CPU
		{52DF51DF-2062-4FEB-951F-FD7A3367BA1A}.Release|iPhoneSimulator.Build.0 = Release|Any CPU
		{52DF51DF-2062-4FEB-951F-FD7A3367BA1A}.Release|x64.ActiveCfg = Release|Any CPU
		{52DF51DF-2062-4FEB-951F-FD7A3367BA1A}.Release|x64.Build.0 = Release|Any CPU
		{52DF51DF-2062-4FEB-951F-FD7A3367BA1A}.Release|x86.ActiveCfg = Release|Any CPU
		{52DF51DF-2062-4FEB-951F-FD7A3367BA1A}.Release|x86.Build.0 = Release|Any CPU
		{6044EE1D-B10F-4B4C-AAF3-D9DD05570F3A}.Ad-Hoc|Any CPU.ActiveCfg = Release|Any CPU
		{6044EE1D-B10F-4B4C-AAF3-D9DD05570F3A}.Ad-Hoc|Any CPU.Build.0 = Release|Any CPU
		{6044EE1D-B10F-4B4C-AAF3-D9DD05570F3A}.Ad-Hoc|Any CPU.Deploy.0 = Release|Any CPU
		{6044EE1D-B10F-4B4C-AAF3-D9DD05570F3A}.Ad-Hoc|ARM.ActiveCfg = Release|Any CPU
		{6044EE1D-B10F-4B4C-AAF3-D9DD05570F3A}.Ad-Hoc|ARM.Build.0 = Release|Any CPU
		{6044EE1D-B10F-4B4C-AAF3-D9DD05570F3A}.Ad-Hoc|ARM.Deploy.0 = Release|Any CPU
		{6044EE1D-B10F-4B4C-AAF3-D9DD05570F3A}.Ad-Hoc|iPhone.ActiveCfg = Release|Any CPU
		{6044EE1D-B10F-4B4C-AAF3-D9DD05570F3A}.Ad-Hoc|iPhone.Build.0 = Release|Any CPU
		{6044EE1D-B10F-4B4C-AAF3-D9DD05570F3A}.Ad-Hoc|iPhone.Deploy.0 = Release|Any CPU
		{6044EE1D-B10F-4B4C-AAF3-D9DD05570F3A}.Ad-Hoc|iPhoneSimulator.ActiveCfg = Release|Any CPU
		{6044EE1D-B10F-4B4C-AAF3-D9DD05570F3A}.Ad-Hoc|iPhoneSimulator.Build.0 = Release|Any CPU
		{6044EE1D-B10F-4B4C-AAF3-D9DD05570F3A}.Ad-Hoc|iPhoneSimulator.Deploy.0 = Release|Any CPU
		{6044EE1D-B10F-4B4C-AAF3-D9DD05570F3A}.Ad-Hoc|x64.ActiveCfg = Release|Any CPU
		{6044EE1D-B10F-4B4C-AAF3-D9DD05570F3A}.Ad-Hoc|x64.Build.0 = Release|Any CPU
		{6044EE1D-B10F-4B4C-AAF3-D9DD05570F3A}.Ad-Hoc|x64.Deploy.0 = Release|Any CPU
		{6044EE1D-B10F-4B4C-AAF3-D9DD05570F3A}.Ad-Hoc|x86.ActiveCfg = Release|Any CPU
		{6044EE1D-B10F-4B4C-AAF3-D9DD05570F3A}.Ad-Hoc|x86.Build.0 = Release|Any CPU
		{6044EE1D-B10F-4B4C-AAF3-D9DD05570F3A}.Ad-Hoc|x86.Deploy.0 = Release|Any CPU
		{6044EE1D-B10F-4B4C-AAF3-D9DD05570F3A}.AppStore|Any CPU.ActiveCfg = Release|Any CPU
		{6044EE1D-B10F-4B4C-AAF3-D9DD05570F3A}.AppStore|Any CPU.Build.0 = Release|Any CPU
		{6044EE1D-B10F-4B4C-AAF3-D9DD05570F3A}.AppStore|Any CPU.Deploy.0 = Release|Any CPU
		{6044EE1D-B10F-4B4C-AAF3-D9DD05570F3A}.AppStore|ARM.ActiveCfg = Release|Any CPU
		{6044EE1D-B10F-4B4C-AAF3-D9DD05570F3A}.AppStore|ARM.Build.0 = Release|Any CPU
		{6044EE1D-B10F-4B4C-AAF3-D9DD05570F3A}.AppStore|ARM.Deploy.0 = Release|Any CPU
		{6044EE1D-B10F-4B4C-AAF3-D9DD05570F3A}.AppStore|iPhone.ActiveCfg = Release|Any CPU
		{6044EE1D-B10F-4B4C-AAF3-D9DD05570F3A}.AppStore|iPhone.Build.0 = Release|Any CPU
		{6044EE1D-B10F-4B4C-AAF3-D9DD05570F3A}.AppStore|iPhone.Deploy.0 = Release|Any CPU
		{6044EE1D-B10F-4B4C-AAF3-D9DD05570F3A}.AppStore|iPhoneSimulator.ActiveCfg = Release|Any CPU
		{6044EE1D-B10F-4B4C-AAF3-D9DD05570F3A}.AppStore|iPhoneSimulator.Build.0 = Release|Any CPU
		{6044EE1D-B10F-4B4C-AAF3-D9DD05570F3A}.AppStore|iPhoneSimulator.Deploy.0 = Release|Any CPU
		{6044EE1D-B10F-4B4C-AAF3-D9DD05570F3A}.AppStore|x64.ActiveCfg = Release|Any CPU
		{6044EE1D-B10F-4B4C-AAF3-D9DD05570F3A}.AppStore|x64.Build.0 = Release|Any CPU
		{6044EE1D-B10F-4B4C-AAF3-D9DD05570F3A}.AppStore|x64.Deploy.0 = Release|Any CPU
		{6044EE1D-B10F-4B4C-AAF3-D9DD05570F3A}.AppStore|x86.ActiveCfg = Release|Any CPU
		{6044EE1D-B10F-4B4C-AAF3-D9DD05570F3A}.AppStore|x86.Build.0 = Release|Any CPU
		{6044EE1D-B10F-4B4C-AAF3-D9DD05570F3A}.AppStore|x86.Deploy.0 = Release|Any CPU
		{6044EE1D-B10F-4B4C-AAF3-D9DD05570F3A}.Debug|Any CPU.ActiveCfg = Debug|Any CPU
		{6044EE1D-B10F-4B4C-AAF3-D9DD05570F3A}.Debug|Any CPU.Build.0 = Debug|Any CPU
		{6044EE1D-B10F-4B4C-AAF3-D9DD05570F3A}.Debug|Any CPU.Deploy.0 = Debug|Any CPU
		{6044EE1D-B10F-4B4C-AAF3-D9DD05570F3A}.Debug|ARM.ActiveCfg = Debug|Any CPU
		{6044EE1D-B10F-4B4C-AAF3-D9DD05570F3A}.Debug|ARM.Build.0 = Debug|Any CPU
		{6044EE1D-B10F-4B4C-AAF3-D9DD05570F3A}.Debug|ARM.Deploy.0 = Debug|Any CPU
		{6044EE1D-B10F-4B4C-AAF3-D9DD05570F3A}.Debug|iPhone.ActiveCfg = Debug|Any CPU
		{6044EE1D-B10F-4B4C-AAF3-D9DD05570F3A}.Debug|iPhone.Build.0 = Debug|Any CPU
		{6044EE1D-B10F-4B4C-AAF3-D9DD05570F3A}.Debug|iPhone.Deploy.0 = Debug|Any CPU
		{6044EE1D-B10F-4B4C-AAF3-D9DD05570F3A}.Debug|iPhoneSimulator.ActiveCfg = Debug|Any CPU
		{6044EE1D-B10F-4B4C-AAF3-D9DD05570F3A}.Debug|iPhoneSimulator.Build.0 = Debug|Any CPU
		{6044EE1D-B10F-4B4C-AAF3-D9DD05570F3A}.Debug|iPhoneSimulator.Deploy.0 = Debug|Any CPU
		{6044EE1D-B10F-4B4C-AAF3-D9DD05570F3A}.Debug|x64.ActiveCfg = Debug|Any CPU
		{6044EE1D-B10F-4B4C-AAF3-D9DD05570F3A}.Debug|x64.Build.0 = Debug|Any CPU
		{6044EE1D-B10F-4B4C-AAF3-D9DD05570F3A}.Debug|x64.Deploy.0 = Debug|Any CPU
		{6044EE1D-B10F-4B4C-AAF3-D9DD05570F3A}.Debug|x86.ActiveCfg = Debug|Any CPU
		{6044EE1D-B10F-4B4C-AAF3-D9DD05570F3A}.Debug|x86.Build.0 = Debug|Any CPU
		{6044EE1D-B10F-4B4C-AAF3-D9DD05570F3A}.Debug|x86.Deploy.0 = Debug|Any CPU
		{6044EE1D-B10F-4B4C-AAF3-D9DD05570F3A}.Release|Any CPU.ActiveCfg = Release|Any CPU
		{6044EE1D-B10F-4B4C-AAF3-D9DD05570F3A}.Release|Any CPU.Build.0 = Release|Any CPU
		{6044EE1D-B10F-4B4C-AAF3-D9DD05570F3A}.Release|Any CPU.Deploy.0 = Release|Any CPU
		{6044EE1D-B10F-4B4C-AAF3-D9DD05570F3A}.Release|ARM.ActiveCfg = Release|Any CPU
		{6044EE1D-B10F-4B4C-AAF3-D9DD05570F3A}.Release|ARM.Build.0 = Release|Any CPU
		{6044EE1D-B10F-4B4C-AAF3-D9DD05570F3A}.Release|ARM.Deploy.0 = Release|Any CPU
		{6044EE1D-B10F-4B4C-AAF3-D9DD05570F3A}.Release|iPhone.ActiveCfg = Release|Any CPU
		{6044EE1D-B10F-4B4C-AAF3-D9DD05570F3A}.Release|iPhone.Build.0 = Release|Any CPU
		{6044EE1D-B10F-4B4C-AAF3-D9DD05570F3A}.Release|iPhone.Deploy.0 = Release|Any CPU
		{6044EE1D-B10F-4B4C-AAF3-D9DD05570F3A}.Release|iPhoneSimulator.ActiveCfg = Release|Any CPU
		{6044EE1D-B10F-4B4C-AAF3-D9DD05570F3A}.Release|iPhoneSimulator.Build.0 = Release|Any CPU
		{6044EE1D-B10F-4B4C-AAF3-D9DD05570F3A}.Release|iPhoneSimulator.Deploy.0 = Release|Any CPU
		{6044EE1D-B10F-4B4C-AAF3-D9DD05570F3A}.Release|x64.ActiveCfg = Release|Any CPU
		{6044EE1D-B10F-4B4C-AAF3-D9DD05570F3A}.Release|x64.Build.0 = Release|Any CPU
		{6044EE1D-B10F-4B4C-AAF3-D9DD05570F3A}.Release|x64.Deploy.0 = Release|Any CPU
		{6044EE1D-B10F-4B4C-AAF3-D9DD05570F3A}.Release|x86.ActiveCfg = Release|Any CPU
		{6044EE1D-B10F-4B4C-AAF3-D9DD05570F3A}.Release|x86.Build.0 = Release|Any CPU
		{6044EE1D-B10F-4B4C-AAF3-D9DD05570F3A}.Release|x86.Deploy.0 = Release|Any CPU
		{B20FF068-39BF-4908-863F-07E555BD06CB}.Ad-Hoc|Any CPU.ActiveCfg = Ad-Hoc|iPhone
		{B20FF068-39BF-4908-863F-07E555BD06CB}.Ad-Hoc|ARM.ActiveCfg = Ad-Hoc|iPhone
		{B20FF068-39BF-4908-863F-07E555BD06CB}.Ad-Hoc|iPhone.ActiveCfg = Ad-Hoc|iPhone
		{B20FF068-39BF-4908-863F-07E555BD06CB}.Ad-Hoc|iPhone.Build.0 = Ad-Hoc|iPhone
		{B20FF068-39BF-4908-863F-07E555BD06CB}.Ad-Hoc|iPhoneSimulator.ActiveCfg = Ad-Hoc|iPhoneSimulator
		{B20FF068-39BF-4908-863F-07E555BD06CB}.Ad-Hoc|iPhoneSimulator.Build.0 = Ad-Hoc|iPhoneSimulator
		{B20FF068-39BF-4908-863F-07E555BD06CB}.Ad-Hoc|x64.ActiveCfg = Ad-Hoc|iPhone
		{B20FF068-39BF-4908-863F-07E555BD06CB}.Ad-Hoc|x86.ActiveCfg = Ad-Hoc|iPhone
		{B20FF068-39BF-4908-863F-07E555BD06CB}.AppStore|Any CPU.ActiveCfg = AppStore|iPhone
		{B20FF068-39BF-4908-863F-07E555BD06CB}.AppStore|ARM.ActiveCfg = AppStore|iPhone
		{B20FF068-39BF-4908-863F-07E555BD06CB}.AppStore|iPhone.ActiveCfg = AppStore|iPhone
		{B20FF068-39BF-4908-863F-07E555BD06CB}.AppStore|iPhone.Build.0 = AppStore|iPhone
		{B20FF068-39BF-4908-863F-07E555BD06CB}.AppStore|iPhoneSimulator.ActiveCfg = AppStore|iPhoneSimulator
		{B20FF068-39BF-4908-863F-07E555BD06CB}.AppStore|iPhoneSimulator.Build.0 = AppStore|iPhoneSimulator
		{B20FF068-39BF-4908-863F-07E555BD06CB}.AppStore|x64.ActiveCfg = AppStore|iPhone
		{B20FF068-39BF-4908-863F-07E555BD06CB}.AppStore|x86.ActiveCfg = AppStore|iPhone
		{B20FF068-39BF-4908-863F-07E555BD06CB}.Debug|Any CPU.ActiveCfg = Debug|iPhone
		{B20FF068-39BF-4908-863F-07E555BD06CB}.Debug|ARM.ActiveCfg = Debug|iPhone
		{B20FF068-39BF-4908-863F-07E555BD06CB}.Debug|iPhone.ActiveCfg = Debug|iPhone
		{B20FF068-39BF-4908-863F-07E555BD06CB}.Debug|iPhone.Build.0 = Debug|iPhone
		{B20FF068-39BF-4908-863F-07E555BD06CB}.Debug|iPhoneSimulator.ActiveCfg = Debug|iPhoneSimulator
		{B20FF068-39BF-4908-863F-07E555BD06CB}.Debug|iPhoneSimulator.Build.0 = Debug|iPhoneSimulator
		{B20FF068-39BF-4908-863F-07E555BD06CB}.Debug|x64.ActiveCfg = Debug|iPhone
		{B20FF068-39BF-4908-863F-07E555BD06CB}.Debug|x86.ActiveCfg = Debug|iPhone
		{B20FF068-39BF-4908-863F-07E555BD06CB}.Release|Any CPU.ActiveCfg = Release|iPhone
		{B20FF068-39BF-4908-863F-07E555BD06CB}.Release|ARM.ActiveCfg = Release|iPhone
		{B20FF068-39BF-4908-863F-07E555BD06CB}.Release|iPhone.ActiveCfg = Release|iPhone
		{B20FF068-39BF-4908-863F-07E555BD06CB}.Release|iPhone.Build.0 = Release|iPhone
		{B20FF068-39BF-4908-863F-07E555BD06CB}.Release|iPhoneSimulator.ActiveCfg = Release|iPhoneSimulator
		{B20FF068-39BF-4908-863F-07E555BD06CB}.Release|iPhoneSimulator.Build.0 = Release|iPhoneSimulator
		{B20FF068-39BF-4908-863F-07E555BD06CB}.Release|x64.ActiveCfg = Release|iPhone
		{B20FF068-39BF-4908-863F-07E555BD06CB}.Release|x86.ActiveCfg = Release|iPhone
		{2A5600ED-3A79-4DA1-A19D-412D6BD3300B}.Ad-Hoc|Any CPU.ActiveCfg = Release|x86
		{2A5600ED-3A79-4DA1-A19D-412D6BD3300B}.Ad-Hoc|Any CPU.Build.0 = Release|x86
		{2A5600ED-3A79-4DA1-A19D-412D6BD3300B}.Ad-Hoc|Any CPU.Deploy.0 = Release|x86
		{2A5600ED-3A79-4DA1-A19D-412D6BD3300B}.Ad-Hoc|ARM.ActiveCfg = Release|ARM
		{2A5600ED-3A79-4DA1-A19D-412D6BD3300B}.Ad-Hoc|ARM.Build.0 = Release|ARM
		{2A5600ED-3A79-4DA1-A19D-412D6BD3300B}.Ad-Hoc|ARM.Deploy.0 = Release|ARM
		{2A5600ED-3A79-4DA1-A19D-412D6BD3300B}.Ad-Hoc|iPhone.ActiveCfg = Release|x86
		{2A5600ED-3A79-4DA1-A19D-412D6BD3300B}.Ad-Hoc|iPhone.Build.0 = Release|x86
		{2A5600ED-3A79-4DA1-A19D-412D6BD3300B}.Ad-Hoc|iPhone.Deploy.0 = Release|x86
		{2A5600ED-3A79-4DA1-A19D-412D6BD3300B}.Ad-Hoc|iPhoneSimulator.ActiveCfg = Release|x86
		{2A5600ED-3A79-4DA1-A19D-412D6BD3300B}.Ad-Hoc|iPhoneSimulator.Build.0 = Release|x86
		{2A5600ED-3A79-4DA1-A19D-412D6BD3300B}.Ad-Hoc|iPhoneSimulator.Deploy.0 = Release|x86
		{2A5600ED-3A79-4DA1-A19D-412D6BD3300B}.Ad-Hoc|x64.ActiveCfg = Release|x64
		{2A5600ED-3A79-4DA1-A19D-412D6BD3300B}.Ad-Hoc|x64.Build.0 = Release|x64
		{2A5600ED-3A79-4DA1-A19D-412D6BD3300B}.Ad-Hoc|x64.Deploy.0 = Release|x64
		{2A5600ED-3A79-4DA1-A19D-412D6BD3300B}.Ad-Hoc|x86.ActiveCfg = Release|x86
		{2A5600ED-3A79-4DA1-A19D-412D6BD3300B}.Ad-Hoc|x86.Build.0 = Release|x86
		{2A5600ED-3A79-4DA1-A19D-412D6BD3300B}.Ad-Hoc|x86.Deploy.0 = Release|x86
		{2A5600ED-3A79-4DA1-A19D-412D6BD3300B}.AppStore|Any CPU.ActiveCfg = Release|x86
		{2A5600ED-3A79-4DA1-A19D-412D6BD3300B}.AppStore|Any CPU.Build.0 = Release|x86
		{2A5600ED-3A79-4DA1-A19D-412D6BD3300B}.AppStore|Any CPU.Deploy.0 = Release|x86
		{2A5600ED-3A79-4DA1-A19D-412D6BD3300B}.AppStore|ARM.ActiveCfg = Release|ARM
		{2A5600ED-3A79-4DA1-A19D-412D6BD3300B}.AppStore|ARM.Build.0 = Release|ARM
		{2A5600ED-3A79-4DA1-A19D-412D6BD3300B}.AppStore|ARM.Deploy.0 = Release|ARM
		{2A5600ED-3A79-4DA1-A19D-412D6BD3300B}.AppStore|iPhone.ActiveCfg = Release|x86
		{2A5600ED-3A79-4DA1-A19D-412D6BD3300B}.AppStore|iPhone.Build.0 = Release|x86
		{2A5600ED-3A79-4DA1-A19D-412D6BD3300B}.AppStore|iPhone.Deploy.0 = Release|x86
		{2A5600ED-3A79-4DA1-A19D-412D6BD3300B}.AppStore|iPhoneSimulator.ActiveCfg = Release|x86
		{2A5600ED-3A79-4DA1-A19D-412D6BD3300B}.AppStore|iPhoneSimulator.Build.0 = Release|x86
		{2A5600ED-3A79-4DA1-A19D-412D6BD3300B}.AppStore|iPhoneSimulator.Deploy.0 = Release|x86
		{2A5600ED-3A79-4DA1-A19D-412D6BD3300B}.AppStore|x64.ActiveCfg = Release|x64
		{2A5600ED-3A79-4DA1-A19D-412D6BD3300B}.AppStore|x64.Build.0 = Release|x64
		{2A5600ED-3A79-4DA1-A19D-412D6BD3300B}.AppStore|x64.Deploy.0 = Release|x64
		{2A5600ED-3A79-4DA1-A19D-412D6BD3300B}.AppStore|x86.ActiveCfg = Release|x86
		{2A5600ED-3A79-4DA1-A19D-412D6BD3300B}.AppStore|x86.Build.0 = Release|x86
		{2A5600ED-3A79-4DA1-A19D-412D6BD3300B}.AppStore|x86.Deploy.0 = Release|x86
		{2A5600ED-3A79-4DA1-A19D-412D6BD3300B}.Debug|Any CPU.ActiveCfg = Debug|x86
		{2A5600ED-3A79-4DA1-A19D-412D6BD3300B}.Debug|ARM.ActiveCfg = Debug|ARM
		{2A5600ED-3A79-4DA1-A19D-412D6BD3300B}.Debug|ARM.Build.0 = Debug|ARM
		{2A5600ED-3A79-4DA1-A19D-412D6BD3300B}.Debug|ARM.Deploy.0 = Debug|ARM
		{2A5600ED-3A79-4DA1-A19D-412D6BD3300B}.Debug|iPhone.ActiveCfg = Debug|x86
		{2A5600ED-3A79-4DA1-A19D-412D6BD3300B}.Debug|iPhoneSimulator.ActiveCfg = Debug|x86
		{2A5600ED-3A79-4DA1-A19D-412D6BD3300B}.Debug|x64.ActiveCfg = Debug|x64
		{2A5600ED-3A79-4DA1-A19D-412D6BD3300B}.Debug|x64.Build.0 = Debug|x64
		{2A5600ED-3A79-4DA1-A19D-412D6BD3300B}.Debug|x64.Deploy.0 = Debug|x64
		{2A5600ED-3A79-4DA1-A19D-412D6BD3300B}.Debug|x86.ActiveCfg = Debug|x86
		{2A5600ED-3A79-4DA1-A19D-412D6BD3300B}.Debug|x86.Build.0 = Debug|x86
		{2A5600ED-3A79-4DA1-A19D-412D6BD3300B}.Debug|x86.Deploy.0 = Debug|x86
		{2A5600ED-3A79-4DA1-A19D-412D6BD3300B}.Release|Any CPU.ActiveCfg = Release|x86
		{2A5600ED-3A79-4DA1-A19D-412D6BD3300B}.Release|ARM.ActiveCfg = Release|ARM
		{2A5600ED-3A79-4DA1-A19D-412D6BD3300B}.Release|ARM.Build.0 = Release|ARM
		{2A5600ED-3A79-4DA1-A19D-412D6BD3300B}.Release|ARM.Deploy.0 = Release|ARM
		{2A5600ED-3A79-4DA1-A19D-412D6BD3300B}.Release|iPhone.ActiveCfg = Release|x86
		{2A5600ED-3A79-4DA1-A19D-412D6BD3300B}.Release|iPhoneSimulator.ActiveCfg = Release|x86
		{2A5600ED-3A79-4DA1-A19D-412D6BD3300B}.Release|x64.ActiveCfg = Release|x64
		{2A5600ED-3A79-4DA1-A19D-412D6BD3300B}.Release|x64.Build.0 = Release|x64
		{2A5600ED-3A79-4DA1-A19D-412D6BD3300B}.Release|x64.Deploy.0 = Release|x64
		{2A5600ED-3A79-4DA1-A19D-412D6BD3300B}.Release|x86.ActiveCfg = Release|x86
		{2A5600ED-3A79-4DA1-A19D-412D6BD3300B}.Release|x86.Build.0 = Release|x86
		{2A5600ED-3A79-4DA1-A19D-412D6BD3300B}.Release|x86.Deploy.0 = Release|x86
	EndGlobalSection
	GlobalSection(SolutionProperties) = preSolution
		HideSolutionNode = FALSE
	EndGlobalSection
	GlobalSection(ExtensibilityGlobals) = postSolution
		SolutionGuid = {3DDC6A14-341E-4337-85E2-8462C4D9BC2C}
	EndGlobalSection
EndGlobal
