
Microsoft Visual Studio Solution File, Format Version 12.00
# Visual Studio 15
VisualStudioVersion = 15.0.27004.2009
MinimumVisualStudioVersion = 10.0.40219.1
Project("{FAE04EC0-301F-11D3-BF4B-00C04F79EFBC}") = "XFPageEvent", "XFPageEvent\XFPageEvent\XFPageEvent.csproj", "{A79C2F55-A2C9-4E66-B1AF-38A9FF311C87}"
EndProject
Project("{FAE04EC0-301F-11D3-BF4B-00C04F79EFBC}") = "XFPageEvent.Android", "XFPageEvent\XFPageEvent.Android\XFPageEvent.Android.csproj", "{66B4636C-514B-4B22-B1A3-7DADA7F4563D}"
EndProject
Project("{FAE04EC0-301F-11D3-BF4B-00C04F79EFBC}") = "XFPageEvent.iOS", "XFPageEvent\XFPageEvent.iOS\XFPageEvent.iOS.csproj", "{AA364969-CDEC-4C20-B637-DAC6C6C59589}"
EndProject
Global
	GlobalSection(SolutionConfigurationPlatforms) = preSolution
		Ad-Hoc|Any CPU = Ad-Hoc|Any CPU
		Ad-Hoc|iPhone = Ad-Hoc|iPhone
		Ad-Hoc|iPhoneSimulator = Ad-Hoc|iPhoneSimulator
		AppStore|Any CPU = AppStore|Any CPU
		AppStore|iPhone = AppStore|iPhone
		AppStore|iPhoneSimulator = AppStore|iPhoneSimulator
		Debug|Any CPU = Debug|Any CPU
		Debug|iPhone = Debug|iPhone
		Debug|iPhoneSimulator = Debug|iPhoneSimulator
		Release|Any CPU = Release|Any CPU
		Release|iPhone = Release|iPhone
		Release|iPhoneSimulator = Release|iPhoneSimulator
	EndGlobalSection
	GlobalSection(ProjectConfigurationPlatforms) = postSolution
		{A79C2F55-A2C9-4E66-B1AF-38A9FF311C87}.Ad-Hoc|Any CPU.ActiveCfg = Debug|Any CPU
		{A79C2F55-A2C9-4E66-B1AF-38A9FF311C87}.Ad-Hoc|Any CPU.Build.0 = Debug|Any CPU
		{A79C2F55-A2C9-4E66-B1AF-38A9FF311C87}.Ad-Hoc|iPhone.ActiveCfg = Debug|Any CPU
		{A79C2F55-A2C9-4E66-B1AF-38A9FF311C87}.Ad-Hoc|iPhone.Build.0 = Debug|Any CPU
		{A79C2F55-A2C9-4E66-B1AF-38A9FF311C87}.Ad-Hoc|iPhoneSimulator.ActiveCfg = Debug|Any CPU
		{A79C2F55-A2C9-4E66-B1AF-38A9FF311C87}.Ad-Hoc|iPhoneSimulator.Build.0 = Debug|Any CPU
		{A79C2F55-A2C9-4E66-B1AF-38A9FF311C87}.AppStore|Any CPU.ActiveCfg = Debug|Any CPU
		{A79C2F55-A2C9-4E66-B1AF-38A9FF311C87}.AppStore|Any CPU.Build.0 = Debug|Any CPU
		{A79C2F55-A2C9-4E66-B1AF-38A9FF311C87}.AppStore|iPhone.ActiveCfg = Debug|Any CPU
		{A79C2F55-A2C9-4E66-B1AF-38A9FF311C87}.AppStore|iPhone.Build.0 = Debug|Any CPU
		{A79C2F55-A2C9-4E66-B1AF-38A9FF311C87}.AppStore|iPhoneSimulator.ActiveCfg = Debug|Any CPU
		{A79C2F55-A2C9-4E66-B1AF-38A9FF311C87}.AppStore|iPhoneSimulator.Build.0 = Debug|Any CPU
		{A79C2F55-A2C9-4E66-B1AF-38A9FF311C87}.Debug|Any CPU.ActiveCfg = Debug|Any CPU
		{A79C2F55-A2C9-4E66-B1AF-38A9FF311C87}.Debug|Any CPU.Build.0 = Debug|Any CPU
		{A79C2F55-A2C9-4E66-B1AF-38A9FF311C87}.Debug|iPhone.ActiveCfg = Debug|Any CPU
		{A79C2F55-A2C9-4E66-B1AF-38A9FF311C87}.Debug|iPhone.Build.0 = Debug|Any CPU
		{A79C2F55-A2C9-4E66-B1AF-38A9FF311C87}.Debug|iPhoneSimulator.ActiveCfg = Debug|Any CPU
		{A79C2F55-A2C9-4E66-B1AF-38A9FF311C87}.Debug|iPhoneSimulator.Build.0 = Debug|Any CPU
		{A79C2F55-A2C9-4E66-B1AF-38A9FF311C87}.Release|Any CPU.ActiveCfg = Release|Any CPU
		{A79C2F55-A2C9-4E66-B1AF-38A9FF311C87}.Release|Any CPU.Build.0 = Release|Any CPU
		{A79C2F55-A2C9-4E66-B1AF-38A9FF311C87}.Release|iPhone.ActiveCfg = Release|Any CPU
		{A79C2F55-A2C9-4E66-B1AF-38A9FF311C87}.Release|iPhone.Build.0 = Release|Any CPU
		{A79C2F55-A2C9-4E66-B1AF-38A9FF311C87}.Release|iPhoneSimulator.ActiveCfg = Release|Any CPU
		{A79C2F55-A2C9-4E66-B1AF-38A9FF311C87}.Release|iPhoneSimulator.Build.0 = Release|Any CPU
		{66B4636C-514B-4B22-B1A3-7DADA7F4563D}.Ad-Hoc|Any CPU.ActiveCfg = Release|Any CPU
		{66B4636C-514B-4B22-B1A3-7DADA7F4563D}.Ad-Hoc|Any CPU.Build.0 = Release|Any CPU
		{66B4636C-514B-4B22-B1A3-7DADA7F4563D}.Ad-Hoc|Any CPU.Deploy.0 = Release|Any CPU
		{66B4636C-514B-4B22-B1A3-7DADA7F4563D}.Ad-Hoc|iPhone.ActiveCfg = Release|Any CPU
		{66B4636C-514B-4B22-B1A3-7DADA7F4563D}.Ad-Hoc|iPhone.Build.0 = Release|Any CPU
		{66B4636C-514B-4B22-B1A3-7DADA7F4563D}.Ad-Hoc|iPhone.Deploy.0 = Release|Any CPU
		{66B4636C-514B-4B22-B1A3-7DADA7F4563D}.Ad-Hoc|iPhoneSimulator.ActiveCfg = Release|Any CPU
		{66B4636C-514B-4B22-B1A3-7DADA7F4563D}.Ad-Hoc|iPhoneSimulator.Build.0 = Release|Any CPU
		{66B4636C-514B-4B22-B1A3-7DADA7F4563D}.Ad-Hoc|iPhoneSimulator.Deploy.0 = Release|Any CPU
		{66B4636C-514B-4B22-B1A3-7DADA7F4563D}.AppStore|Any CPU.ActiveCfg = Release|Any CPU
		{66B4636C-514B-4B22-B1A3-7DADA7F4563D}.AppStore|Any CPU.Build.0 = Release|Any CPU
		{66B4636C-514B-4B22-B1A3-7DADA7F4563D}.AppStore|Any CPU.Deploy.0 = Release|Any CPU
		{66B4636C-514B-4B22-B1A3-7DADA7F4563D}.AppStore|iPhone.ActiveCfg = Release|Any CPU
		{66B4636C-514B-4B22-B1A3-7DADA7F4563D}.AppStore|iPhone.Build.0 = Release|Any CPU
		{66B4636C-514B-4B22-B1A3-7DADA7F4563D}.AppStore|iPhone.Deploy.0 = Release|Any CPU
		{66B4636C-514B-4B22-B1A3-7DADA7F4563D}.AppStore|iPhoneSimulator.ActiveCfg = Release|Any CPU
		{66B4636C-514B-4B22-B1A3-7DADA7F4563D}.AppStore|iPhoneSimulator.Build.0 = Release|Any CPU
		{66B4636C-514B-4B22-B1A3-7DADA7F4563D}.AppStore|iPhoneSimulator.Deploy.0 = Release|Any CPU
		{66B4636C-514B-4B22-B1A3-7DADA7F4563D}.Debug|Any CPU.ActiveCfg = Debug|Any CPU
		{66B4636C-514B-4B22-B1A3-7DADA7F4563D}.Debug|Any CPU.Build.0 = Debug|Any CPU
		{66B4636C-514B-4B22-B1A3-7DADA7F4563D}.Debug|Any CPU.Deploy.0 = Debug|Any CPU
		{66B4636C-514B-4B22-B1A3-7DADA7F4563D}.Debug|iPhone.ActiveCfg = Debug|Any CPU
		{66B4636C-514B-4B22-B1A3-7DADA7F4563D}.Debug|iPhone.Build.0 = Debug|Any CPU
		{66B4636C-514B-4B22-B1A3-7DADA7F4563D}.Debug|iPhone.Deploy.0 = Debug|Any CPU
		{66B4636C-514B-4B22-B1A3-7DADA7F4563D}.Debug|iPhoneSimulator.ActiveCfg = Debug|Any CPU
		{66B4636C-514B-4B22-B1A3-7DADA7F4563D}.Debug|iPhoneSimulator.Build.0 = Debug|Any CPU
		{66B4636C-514B-4B22-B1A3-7DADA7F4563D}.Debug|iPhoneSimulator.Deploy.0 = Debug|Any CPU
		{66B4636C-514B-4B22-B1A3-7DADA7F4563D}.Release|Any CPU.ActiveCfg = Release|Any CPU
		{66B4636C-514B-4B22-B1A3-7DADA7F4563D}.Release|Any CPU.Build.0 = Release|Any CPU
		{66B4636C-514B-4B22-B1A3-7DADA7F4563D}.Release|Any CPU.Deploy.0 = Release|Any CPU
		{66B4636C-514B-4B22-B1A3-7DADA7F4563D}.Release|iPhone.ActiveCfg = Release|Any CPU
		{66B4636C-514B-4B22-B1A3-7DADA7F4563D}.Release|iPhone.Build.0 = Release|Any CPU
		{66B4636C-514B-4B22-B1A3-7DADA7F4563D}.Release|iPhone.Deploy.0 = Release|Any CPU
		{66B4636C-514B-4B22-B1A3-7DADA7F4563D}.Release|iPhoneSimulator.ActiveCfg = Release|Any CPU
		{66B4636C-514B-4B22-B1A3-7DADA7F4563D}.Release|iPhoneSimulator.Build.0 = Release|Any CPU
		{66B4636C-514B-4B22-B1A3-7DADA7F4563D}.Release|iPhoneSimulator.Deploy.0 = Release|Any CPU
		{AA364969-CDEC-4C20-B637-DAC6C6C59589}.Ad-Hoc|Any CPU.ActiveCfg = Ad-Hoc|iPhone
		{AA364969-CDEC-4C20-B637-DAC6C6C59589}.Ad-Hoc|iPhone.ActiveCfg = Ad-Hoc|iPhone
		{AA364969-CDEC-4C20-B637-DAC6C6C59589}.Ad-Hoc|iPhone.Build.0 = Ad-Hoc|iPhone
		{AA364969-CDEC-4C20-B637-DAC6C6C59589}.Ad-Hoc|iPhoneSimulator.ActiveCfg = Ad-Hoc|iPhoneSimulator
		{AA364969-CDEC-4C20-B637-DAC6C6C59589}.Ad-Hoc|iPhoneSimulator.Build.0 = Ad-Hoc|iPhoneSimulator
		{AA364969-CDEC-4C20-B637-DAC6C6C59589}.AppStore|Any CPU.ActiveCfg = AppStore|iPhone
		{AA364969-CDEC-4C20-B637-DAC6C6C59589}.AppStore|iPhone.ActiveCfg = AppStore|iPhone
		{AA364969-CDEC-4C20-B637-DAC6C6C59589}.AppStore|iPhone.Build.0 = AppStore|iPhone
		{AA364969-CDEC-4C20-B637-DAC6C6C59589}.AppStore|iPhoneSimulator.ActiveCfg = AppStore|iPhoneSimulator
		{AA364969-CDEC-4C20-B637-DAC6C6C59589}.AppStore|iPhoneSimulator.Build.0 = AppStore|iPhoneSimulator
		{AA364969-CDEC-4C20-B637-DAC6C6C59589}.Debug|Any CPU.ActiveCfg = Debug|iPhone
		{AA364969-CDEC-4C20-B637-DAC6C6C59589}.Debug|iPhone.ActiveCfg = Debug|iPhone
		{AA364969-CDEC-4C20-B637-DAC6C6C59589}.Debug|iPhone.Build.0 = Debug|iPhone
		{AA364969-CDEC-4C20-B637-DAC6C6C59589}.Debug|iPhoneSimulator.ActiveCfg = Debug|iPhoneSimulator
		{AA364969-CDEC-4C20-B637-DAC6C6C59589}.Debug|iPhoneSimulator.Build.0 = Debug|iPhoneSimulator
		{AA364969-CDEC-4C20-B637-DAC6C6C59589}.Release|Any CPU.ActiveCfg = Release|iPhone
		{AA364969-CDEC-4C20-B637-DAC6C6C59589}.Release|iPhone.ActiveCfg = Release|iPhone
		{AA364969-CDEC-4C20-B637-DAC6C6C59589}.Release|iPhone.Build.0 = Release|iPhone
		{AA364969-CDEC-4C20-B637-DAC6C6C59589}.Release|iPhoneSimulator.ActiveCfg = Release|iPhoneSimulator
		{AA364969-CDEC-4C20-B637-DAC6C6C59589}.Release|iPhoneSimulator.Build.0 = Release|iPhoneSimulator
	EndGlobalSection
	GlobalSection(SolutionProperties) = preSolution
		HideSolutionNode = FALSE
	EndGlobalSection
	GlobalSection(ExtensibilityGlobals) = postSolution
		SolutionGuid = {042070A0-6F2C-4F89-9BA1-C74C11C01257}
	EndGlobalSection
EndGlobal
